// !$*UTF8*$!
{
	archiveVersion = 1;
	classes = {
	};
	objectVersion = 46;
	objects = {

/* Begin PBXBuildFile section */
		5016B2A21724012A00A83CD8 /* libGoogleAnalytics.a in Frameworks */ = {isa = PBXBuildFile; fileRef = 5016B2A01724012A00A83CD8 /* libGoogleAnalytics.a */; };
		5016B2A7172461E400A83CD8 /* AssetsLibrary.framework in Frameworks */ = {isa = PBXBuildFile; fileRef = 5016B2A6172461E400A83CD8 /* AssetsLibrary.framework */; };
		5016B2A917246FB200A83CD8 /* QuartzCore.framework in Frameworks */ = {isa = PBXBuildFile; fileRef = 5016B2A817246FB200A83CD8 /* QuartzCore.framework */; };
		501B04531723A70D00F9A5AD /* UIKit.framework in Frameworks */ = {isa = PBXBuildFile; fileRef = 501B04521723A70D00F9A5AD /* UIKit.framework */; };
		501B04551723A70D00F9A5AD /* Foundation.framework in Frameworks */ = {isa = PBXBuildFile; fileRef = 501B04541723A70D00F9A5AD /* Foundation.framework */; };
		501B04571723A70D00F9A5AD /* CoreGraphics.framework in Frameworks */ = {isa = PBXBuildFile; fileRef = 501B04561723A70D00F9A5AD /* CoreGraphics.framework */; };
		501B045D1723A70D00F9A5AD /* InfoPlist.strings in Resources */ = {isa = PBXBuildFile; fileRef = 501B045B1723A70D00F9A5AD /* InfoPlist.strings */; };
		501B045F1723A70D00F9A5AD /* main.m in Sources */ = {isa = PBXBuildFile; fileRef = 501B045E1723A70D00F9A5AD /* main.m */; };
		501B04631723A70D00F9A5AD /* AppDelegate.m in Sources */ = {isa = PBXBuildFile; fileRef = 501B04621723A70D00F9A5AD /* AppDelegate.m */; };
		501B046C1723A70D00F9A5AD /* MainStoryboard.storyboard in Resources */ = {isa = PBXBuildFile; fileRef = 501B046A1723A70D00F9A5AD /* MainStoryboard.storyboard */; };
		509019481723ABB000902DEB /* DataBase.xcdatamodeld in Sources */ = {isa = PBXBuildFile; fileRef = 509019461723ABB000902DEB /* DataBase.xcdatamodeld */; };
		509019501723AD1500902DEB /* Egg.m in Sources */ = {isa = PBXBuildFile; fileRef = 5090194C1723AD1500902DEB /* Egg.m */; };
		509019511723AD1500902DEB /* _Egg.m in Sources */ = {isa = PBXBuildFile; fileRef = 5090194F1723AD1500902DEB /* _Egg.m */; };
		509019531723AD6700902DEB /* CoreData.framework in Frameworks */ = {isa = PBXBuildFile; fileRef = 509019521723AD6700902DEB /* CoreData.framework */; };
		509019571723AEE200902DEB /* SystemConfiguration.framework in Frameworks */ = {isa = PBXBuildFile; fileRef = 509019561723AEE200902DEB /* SystemConfiguration.framework */; };
		509019591723AEE800902DEB /* MobileCoreServices.framework in Frameworks */ = {isa = PBXBuildFile; fileRef = 509019581723AEE800902DEB /* MobileCoreServices.framework */; };
		5090195C1723AFC300902DEB /* HEggHomePageVC.m in Sources */ = {isa = PBXBuildFile; fileRef = 5090195B1723AFC300902DEB /* HEggHomePageVC.m */; };
		509019671723BA9400902DEB /* HEggCell.m in Sources */ = {isa = PBXBuildFile; fileRef = 509019661723BA9400902DEB /* HEggCell.m */; };
		509019691723C1A600902DEB /* CFNetwork.framework in Frameworks */ = {isa = PBXBuildFile; fileRef = 509019681723C1A600902DEB /* CFNetwork.framework */; };
		5090196B1723C1AD00902DEB /* CoreLocation.framework in Frameworks */ = {isa = PBXBuildFile; fileRef = 5090196A1723C1AC00902DEB /* CoreLocation.framework */; };
		5090196D1723C1BA00902DEB /* AudioToolbox.framework in Frameworks */ = {isa = PBXBuildFile; fileRef = 5090196C1723C1BA00902DEB /* AudioToolbox.framework */; };
		509019711723C2E200902DEB /* libBump.a in Frameworks */ = {isa = PBXBuildFile; fileRef = 509019701723C2E200902DEB /* libBump.a */; };
		5090198C1723C62000902DEB /* NSObject+SBJson.m in Sources */ = {isa = PBXBuildFile; fileRef = 509019741723C62000902DEB /* NSObject+SBJson.m */; settings = {COMPILER_FLAGS = "-fno-objc-arc"; }; };
		5090198D1723C62000902DEB /* SBJsonParser.m in Sources */ = {isa = PBXBuildFile; fileRef = 509019771723C62000902DEB /* SBJsonParser.m */; settings = {COMPILER_FLAGS = "-fno-objc-arc"; }; };
		5090198E1723C62000902DEB /* SBJsonStreamParser.m in Sources */ = {isa = PBXBuildFile; fileRef = 509019791723C62000902DEB /* SBJsonStreamParser.m */; settings = {COMPILER_FLAGS = "-fno-objc-arc"; }; };
		5090198F1723C62000902DEB /* SBJsonStreamParserAccumulator.m in Sources */ = {isa = PBXBuildFile; fileRef = 5090197B1723C62000902DEB /* SBJsonStreamParserAccumulator.m */; settings = {COMPILER_FLAGS = "-fno-objc-arc"; }; };
		509019901723C62000902DEB /* SBJsonStreamParserAdapter.m in Sources */ = {isa = PBXBuildFile; fileRef = 5090197D1723C62000902DEB /* SBJsonStreamParserAdapter.m */; settings = {COMPILER_FLAGS = "-fno-objc-arc"; }; };
		509019911723C62000902DEB /* SBJsonStreamParserState.m in Sources */ = {isa = PBXBuildFile; fileRef = 5090197F1723C62000902DEB /* SBJsonStreamParserState.m */; settings = {COMPILER_FLAGS = "-fno-objc-arc"; }; };
		509019921723C62000902DEB /* SBJsonStreamWriter.m in Sources */ = {isa = PBXBuildFile; fileRef = 509019811723C62000902DEB /* SBJsonStreamWriter.m */; settings = {COMPILER_FLAGS = "-fno-objc-arc"; }; };
		509019931723C62000902DEB /* SBJsonStreamWriterAccumulator.m in Sources */ = {isa = PBXBuildFile; fileRef = 509019831723C62000902DEB /* SBJsonStreamWriterAccumulator.m */; settings = {COMPILER_FLAGS = "-fno-objc-arc"; }; };
		509019941723C62000902DEB /* SBJsonStreamWriterState.m in Sources */ = {isa = PBXBuildFile; fileRef = 509019851723C62000902DEB /* SBJsonStreamWriterState.m */; settings = {COMPILER_FLAGS = "-fno-objc-arc"; }; };
		509019951723C62000902DEB /* SBJsonTokeniser.m in Sources */ = {isa = PBXBuildFile; fileRef = 509019871723C62000902DEB /* SBJsonTokeniser.m */; settings = {COMPILER_FLAGS = "-fno-objc-arc"; }; };
		509019961723C62000902DEB /* SBJsonUTF8Stream.m in Sources */ = {isa = PBXBuildFile; fileRef = 509019891723C62000902DEB /* SBJsonUTF8Stream.m */; settings = {COMPILER_FLAGS = "-fno-objc-arc"; }; };
		509019971723C62000902DEB /* SBJsonWriter.m in Sources */ = {isa = PBXBuildFile; fileRef = 5090198B1723C62000902DEB /* SBJsonWriter.m */; settings = {COMPILER_FLAGS = "-fno-objc-arc"; }; };
		50944F7017306AC40091E08E /* bottom_background.png in Resources */ = {isa = PBXBuildFile; fileRef = 50944F4817306AC40091E08E /* bottom_background.png */; };
		50944F7117306AC40091E08E /* bottom_background@2x.png in Resources */ = {isa = PBXBuildFile; fileRef = 50944F4917306AC40091E08E /* bottom_background@2x.png */; };
		50944F7217306AC40091E08E /* egg_iphone.png in Resources */ = {isa = PBXBuildFile; fileRef = 50944F4A17306AC40091E08E /* egg_iphone.png */; };
		50944F7317306AC40091E08E /* egg_iphone@2x.png in Resources */ = {isa = PBXBuildFile; fileRef = 50944F4B17306AC40091E08E /* egg_iphone@2x.png */; };
		50944F7417306AC40091E08E /* egg_iphone_5@2x.png in Resources */ = {isa = PBXBuildFile; fileRef = 50944F4C17306AC40091E08E /* egg_iphone_5@2x.png */; };
		50944F7517306AC40091E08E /* small_egg.png in Resources */ = {isa = PBXBuildFile; fileRef = 50944F4D17306AC40091E08E /* small_egg.png */; };
		50944F7617306AC40091E08E /* small_egg@2x.png in Resources */ = {isa = PBXBuildFile; fileRef = 50944F4E17306AC40091E08E /* small_egg@2x.png */; };
		50944F8717306AC40091E08E /* first_scratch.png in Resources */ = {isa = PBXBuildFile; fileRef = 50944F6317306AC40091E08E /* first_scratch.png */; };
		50944F8817306AC40091E08E /* first_scratch@2x.png in Resources */ = {isa = PBXBuildFile; fileRef = 50944F6417306AC40091E08E /* first_scratch@2x.png */; };
		50944F8917306AC40091E08E /* first_scratch_iphone_5@2x.png in Resources */ = {isa = PBXBuildFile; fileRef = 50944F6517306AC40091E08E /* first_scratch_iphone_5@2x.png */; };
		50944F8A17306AC40091E08E /* second_scratch.png in Resources */ = {isa = PBXBuildFile; fileRef = 50944F6617306AC40091E08E /* second_scratch.png */; };
		50944F8B17306AC40091E08E /* second_scratch@2x.png in Resources */ = {isa = PBXBuildFile; fileRef = 50944F6717306AC40091E08E /* second_scratch@2x.png */; };
		50944F8C17306AC40091E08E /* second_scratch_iphone_5@2x.png in Resources */ = {isa = PBXBuildFile; fileRef = 50944F6817306AC40091E08E /* second_scratch_iphone_5@2x.png */; };
		50944F8D17306AC40091E08E /* third_scratch.png in Resources */ = {isa = PBXBuildFile; fileRef = 50944F6917306AC40091E08E /* third_scratch.png */; };
		50944F8E17306AC40091E08E /* third_scratch@2x.png in Resources */ = {isa = PBXBuildFile; fileRef = 50944F6A17306AC40091E08E /* third_scratch@2x.png */; };
		50944F8F17306AC40091E08E /* third_scratch_iphone_5@2x.png in Resources */ = {isa = PBXBuildFile; fileRef = 50944F6B17306AC40091E08E /* third_scratch_iphone_5@2x.png */; };
		50944F9017306AC40091E08E /* Default.png in Resources */ = {isa = PBXBuildFile; fileRef = 50944F6D17306AC40091E08E /* Default.png */; };
		50944F9117306AC40091E08E /* Default@2x.png in Resources */ = {isa = PBXBuildFile; fileRef = 50944F6E17306AC40091E08E /* Default@2x.png */; };
		50944F9217306AC40091E08E /* Easter-Eggs1136x640.jpg in Resources */ = {isa = PBXBuildFile; fileRef = 50944F6F17306AC40091E08E /* Easter-Eggs1136x640.jpg */; };
		50944F9417306CD10091E08E /* icon.png in Resources */ = {isa = PBXBuildFile; fileRef = 50944F9317306CD10091E08E /* icon.png */; };
		50944F9617306CD70091E08E /* icon@2x.png in Resources */ = {isa = PBXBuildFile; fileRef = 50944F9517306CD70091E08E /* icon@2x.png */; };
		50944F9817306DD70091E08E /* Default-568h@2x.png in Resources */ = {isa = PBXBuildFile; fileRef = 50944F9717306DD70091E08E /* Default-568h@2x.png */; };
		50944FA1173082200091E08E /* 1.jpg in Resources */ = {isa = PBXBuildFile; fileRef = 50944F99173082200091E08E /* 1.jpg */; };
		50944FA2173082200091E08E /* 2.jpg in Resources */ = {isa = PBXBuildFile; fileRef = 50944F9A173082200091E08E /* 2.jpg */; };
		50944FA3173082200091E08E /* 3.jpg in Resources */ = {isa = PBXBuildFile; fileRef = 50944F9B173082200091E08E /* 3.jpg */; };
		50944FA4173082200091E08E /* 4.jpg in Resources */ = {isa = PBXBuildFile; fileRef = 50944F9C173082200091E08E /* 4.jpg */; };
		50944FA5173082200091E08E /* 5.jpg in Resources */ = {isa = PBXBuildFile; fileRef = 50944F9D173082200091E08E /* 5.jpg */; };
		50944FA6173082200091E08E /* 6.jpg in Resources */ = {isa = PBXBuildFile; fileRef = 50944F9E173082200091E08E /* 6.jpg */; };
		50944FA7173082200091E08E /* 7.jpg in Resources */ = {isa = PBXBuildFile; fileRef = 50944F9F173082200091E08E /* 7.jpg */; };
		50944FA8173082200091E08E /* 8.jpg in Resources */ = {isa = PBXBuildFile; fileRef = 50944FA0173082200091E08E /* 8.jpg */; };
		50944FAC173094530091E08E /* HEggLoginVC.m in Sources */ = {isa = PBXBuildFile; fileRef = 50944FAB173094530091E08E /* HEggLoginVC.m */; };
		50944FAE1730A0DE0091E08E /* splash_background_5@2x.png in Resources */ = {isa = PBXBuildFile; fileRef = 50944FAD1730A0DE0091E08E /* splash_background_5@2x.png */; };
		50ED8C96172FD75500F70A80 /* HEggHelperMethods.m in Sources */ = {isa = PBXBuildFile; fileRef = 50ED8C95172FD75500F70A80 /* HEggHelperMethods.m */; };
		50ED8C99172FD94500F70A80 /* LBChildBrowserViewController.m in Sources */ = {isa = PBXBuildFile; fileRef = 50ED8C98172FD94500F70A80 /* LBChildBrowserViewController.m */; };
		75F3CF02B979483AB4CF104A /* libPods.a in Frameworks */ = {isa = PBXBuildFile; fileRef = 377EB22FE51948FEA10C8E6A /* libPods.a */; };
/* End PBXBuildFile section */

/* Begin PBXFileReference section */
		377EB22FE51948FEA10C8E6A /* libPods.a */ = {isa = PBXFileReference; explicitFileType = archive.ar; includeInIndex = 0; path = libPods.a; sourceTree = BUILT_PRODUCTS_DIR; };
		4E2C87221EE34C45A3CA97EC /* Pods.xcconfig */ = {isa = PBXFileReference; includeInIndex = 1; lastKnownFileType = text.xcconfig; name = Pods.xcconfig; path = Pods/Pods.xcconfig; sourceTree = SOURCE_ROOT; };
		5016B29B1724012A00A83CD8 /* GAI.h */ = {isa = PBXFileReference; fileEncoding = 4; lastKnownFileType = sourcecode.c.h; path = GAI.h; sourceTree = "<group>"; };
		5016B29C1724012A00A83CD8 /* GAITrackedViewController.h */ = {isa = PBXFileReference; fileEncoding = 4; lastKnownFileType = sourcecode.c.h; path = GAITrackedViewController.h; sourceTree = "<group>"; };
		5016B29D1724012A00A83CD8 /* GAITracker.h */ = {isa = PBXFileReference; fileEncoding = 4; lastKnownFileType = sourcecode.c.h; path = GAITracker.h; sourceTree = "<group>"; };
		5016B29E1724012A00A83CD8 /* GAITransaction.h */ = {isa = PBXFileReference; fileEncoding = 4; lastKnownFileType = sourcecode.c.h; path = GAITransaction.h; sourceTree = "<group>"; };
		5016B29F1724012A00A83CD8 /* GAITransactionItem.h */ = {isa = PBXFileReference; fileEncoding = 4; lastKnownFileType = sourcecode.c.h; path = GAITransactionItem.h; sourceTree = "<group>"; };
		5016B2A01724012A00A83CD8 /* libGoogleAnalytics.a */ = {isa = PBXFileReference; lastKnownFileType = archive.ar; path = libGoogleAnalytics.a; sourceTree = "<group>"; };
		5016B2A6172461E400A83CD8 /* AssetsLibrary.framework */ = {isa = PBXFileReference; lastKnownFileType = wrapper.framework; name = AssetsLibrary.framework; path = System/Library/Frameworks/AssetsLibrary.framework; sourceTree = SDKROOT; };
		5016B2A817246FB200A83CD8 /* QuartzCore.framework */ = {isa = PBXFileReference; lastKnownFileType = wrapper.framework; name = QuartzCore.framework; path = System/Library/Frameworks/QuartzCore.framework; sourceTree = SDKROOT; };
		501B044F1723A70D00F9A5AD /* HappyEggs.app */ = {isa = PBXFileReference; explicitFileType = wrapper.application; includeInIndex = 0; path = HappyEggs.app; sourceTree = BUILT_PRODUCTS_DIR; };
		501B04521723A70D00F9A5AD /* UIKit.framework */ = {isa = PBXFileReference; lastKnownFileType = wrapper.framework; name = UIKit.framework; path = System/Library/Frameworks/UIKit.framework; sourceTree = SDKROOT; };
		501B04541723A70D00F9A5AD /* Foundation.framework */ = {isa = PBXFileReference; lastKnownFileType = wrapper.framework; name = Foundation.framework; path = System/Library/Frameworks/Foundation.framework; sourceTree = SDKROOT; };
		501B04561723A70D00F9A5AD /* CoreGraphics.framework */ = {isa = PBXFileReference; lastKnownFileType = wrapper.framework; name = CoreGraphics.framework; path = System/Library/Frameworks/CoreGraphics.framework; sourceTree = SDKROOT; };
		501B045A1723A70D00F9A5AD /* HappyEggs-Info.plist */ = {isa = PBXFileReference; lastKnownFileType = text.plist.xml; path = "HappyEggs-Info.plist"; sourceTree = "<group>"; };
		501B045C1723A70D00F9A5AD /* en */ = {isa = PBXFileReference; lastKnownFileType = text.plist.strings; name = en; path = en.lproj/InfoPlist.strings; sourceTree = "<group>"; };
		501B045E1723A70D00F9A5AD /* main.m */ = {isa = PBXFileReference; lastKnownFileType = sourcecode.c.objc; path = main.m; sourceTree = "<group>"; };
		501B04601723A70D00F9A5AD /* HappyEggs-Prefix.pch */ = {isa = PBXFileReference; lastKnownFileType = sourcecode.c.h; path = "HappyEggs-Prefix.pch"; sourceTree = "<group>"; };
		501B04611723A70D00F9A5AD /* AppDelegate.h */ = {isa = PBXFileReference; lastKnownFileType = sourcecode.c.h; path = AppDelegate.h; sourceTree = "<group>"; };
		501B04621723A70D00F9A5AD /* AppDelegate.m */ = {isa = PBXFileReference; lastKnownFileType = sourcecode.c.objc; path = AppDelegate.m; sourceTree = "<group>"; };
		501B04641723A70D00F9A5AD /* Default.png */ = {isa = PBXFileReference; lastKnownFileType = image.png; path = Default.png; sourceTree = "<group>"; };
		501B04661723A70D00F9A5AD /* Default@2x.png */ = {isa = PBXFileReference; lastKnownFileType = image.png; path = "Default@2x.png"; sourceTree = "<group>"; };
		501B04681723A70D00F9A5AD /* Default-568h@2x.png */ = {isa = PBXFileReference; lastKnownFileType = image.png; path = "Default-568h@2x.png"; sourceTree = "<group>"; };
		501B046B1723A70D00F9A5AD /* en */ = {isa = PBXFileReference; lastKnownFileType = file.storyboard; name = en; path = en.lproj/MainStoryboard.storyboard; sourceTree = "<group>"; };
		509019471723ABB000902DEB /* DataBase.xcdatamodel */ = {isa = PBXFileReference; lastKnownFileType = wrapper.xcdatamodel; path = DataBase.xcdatamodel; sourceTree = "<group>"; };
		5090194B1723AD1500902DEB /* Egg.h */ = {isa = PBXFileReference; fileEncoding = 4; lastKnownFileType = sourcecode.c.h; path = Egg.h; sourceTree = "<group>"; };
		5090194C1723AD1500902DEB /* Egg.m */ = {isa = PBXFileReference; fileEncoding = 4; lastKnownFileType = sourcecode.c.objc; path = Egg.m; sourceTree = "<group>"; };
		5090194E1723AD1500902DEB /* _Egg.h */ = {isa = PBXFileReference; fileEncoding = 4; lastKnownFileType = sourcecode.c.h; path = _Egg.h; sourceTree = "<group>"; };
		5090194F1723AD1500902DEB /* _Egg.m */ = {isa = PBXFileReference; fileEncoding = 4; lastKnownFileType = sourcecode.c.objc; path = _Egg.m; sourceTree = "<group>"; };
		509019521723AD6700902DEB /* CoreData.framework */ = {isa = PBXFileReference; lastKnownFileType = wrapper.framework; name = CoreData.framework; path = System/Library/Frameworks/CoreData.framework; sourceTree = SDKROOT; };
		509019541723AE5800902DEB /* HEggDefentitions.h */ = {isa = PBXFileReference; fileEncoding = 4; lastKnownFileType = sourcecode.c.h; name = HEggDefentitions.h; path = HappyEggs/Helpers/HEggDefentitions.h; sourceTree = "<group>"; };
		509019561723AEE200902DEB /* SystemConfiguration.framework */ = {isa = PBXFileReference; lastKnownFileType = wrapper.framework; name = SystemConfiguration.framework; path = System/Library/Frameworks/SystemConfiguration.framework; sourceTree = SDKROOT; };
		509019581723AEE800902DEB /* MobileCoreServices.framework */ = {isa = PBXFileReference; lastKnownFileType = wrapper.framework; name = MobileCoreServices.framework; path = System/Library/Frameworks/MobileCoreServices.framework; sourceTree = SDKROOT; };
		5090195A1723AFC300902DEB /* HEggHomePageVC.h */ = {isa = PBXFileReference; fileEncoding = 4; lastKnownFileType = sourcecode.c.h; name = HEggHomePageVC.h; path = HappyEggs/Controllers/HEggHomePageVC.h; sourceTree = "<group>"; };
		5090195B1723AFC300902DEB /* HEggHomePageVC.m */ = {isa = PBXFileReference; fileEncoding = 4; lastKnownFileType = sourcecode.c.objc; name = HEggHomePageVC.m; path = HappyEggs/Controllers/HEggHomePageVC.m; sourceTree = "<group>"; };
		509019651723BA9400902DEB /* HEggCell.h */ = {isa = PBXFileReference; fileEncoding = 4; lastKnownFileType = sourcecode.c.h; name = HEggCell.h; path = Views/HEggCell.h; sourceTree = "<group>"; };
		509019661723BA9400902DEB /* HEggCell.m */ = {isa = PBXFileReference; fileEncoding = 4; lastKnownFileType = sourcecode.c.objc; name = HEggCell.m; path = Views/HEggCell.m; sourceTree = "<group>"; };
		509019681723C1A600902DEB /* CFNetwork.framework */ = {isa = PBXFileReference; lastKnownFileType = wrapper.framework; name = CFNetwork.framework; path = System/Library/Frameworks/CFNetwork.framework; sourceTree = SDKROOT; };
		5090196A1723C1AC00902DEB /* CoreLocation.framework */ = {isa = PBXFileReference; lastKnownFileType = wrapper.framework; name = CoreLocation.framework; path = System/Library/Frameworks/CoreLocation.framework; sourceTree = SDKROOT; };
		5090196C1723C1BA00902DEB /* AudioToolbox.framework */ = {isa = PBXFileReference; lastKnownFileType = wrapper.framework; name = AudioToolbox.framework; path = System/Library/Frameworks/AudioToolbox.framework; sourceTree = SDKROOT; };
		5090196F1723C2E200902DEB /* BumpClient.h */ = {isa = PBXFileReference; fileEncoding = 4; lastKnownFileType = sourcecode.c.h; path = BumpClient.h; sourceTree = "<group>"; };
		509019701723C2E200902DEB /* libBump.a */ = {isa = PBXFileReference; lastKnownFileType = archive.ar; path = libBump.a; sourceTree = "<group>"; };
		509019731723C62000902DEB /* NSObject+SBJson.h */ = {isa = PBXFileReference; fileEncoding = 4; lastKnownFileType = sourcecode.c.h; path = "NSObject+SBJson.h"; sourceTree = "<group>"; };
		509019741723C62000902DEB /* NSObject+SBJson.m */ = {isa = PBXFileReference; fileEncoding = 4; lastKnownFileType = sourcecode.c.objc; path = "NSObject+SBJson.m"; sourceTree = "<group>"; };
		509019751723C62000902DEB /* SBJson.h */ = {isa = PBXFileReference; fileEncoding = 4; lastKnownFileType = sourcecode.c.h; path = SBJson.h; sourceTree = "<group>"; };
		509019761723C62000902DEB /* SBJsonParser.h */ = {isa = PBXFileReference; fileEncoding = 4; lastKnownFileType = sourcecode.c.h; path = SBJsonParser.h; sourceTree = "<group>"; };
		509019771723C62000902DEB /* SBJsonParser.m */ = {isa = PBXFileReference; fileEncoding = 4; lastKnownFileType = sourcecode.c.objc; path = SBJsonParser.m; sourceTree = "<group>"; };
		509019781723C62000902DEB /* SBJsonStreamParser.h */ = {isa = PBXFileReference; fileEncoding = 4; lastKnownFileType = sourcecode.c.h; path = SBJsonStreamParser.h; sourceTree = "<group>"; };
		509019791723C62000902DEB /* SBJsonStreamParser.m */ = {isa = PBXFileReference; fileEncoding = 4; lastKnownFileType = sourcecode.c.objc; path = SBJsonStreamParser.m; sourceTree = "<group>"; };
		5090197A1723C62000902DEB /* SBJsonStreamParserAccumulator.h */ = {isa = PBXFileReference; fileEncoding = 4; lastKnownFileType = sourcecode.c.h; path = SBJsonStreamParserAccumulator.h; sourceTree = "<group>"; };
		5090197B1723C62000902DEB /* SBJsonStreamParserAccumulator.m */ = {isa = PBXFileReference; fileEncoding = 4; lastKnownFileType = sourcecode.c.objc; path = SBJsonStreamParserAccumulator.m; sourceTree = "<group>"; };
		5090197C1723C62000902DEB /* SBJsonStreamParserAdapter.h */ = {isa = PBXFileReference; fileEncoding = 4; lastKnownFileType = sourcecode.c.h; path = SBJsonStreamParserAdapter.h; sourceTree = "<group>"; };
		5090197D1723C62000902DEB /* SBJsonStreamParserAdapter.m */ = {isa = PBXFileReference; fileEncoding = 4; lastKnownFileType = sourcecode.c.objc; path = SBJsonStreamParserAdapter.m; sourceTree = "<group>"; };
		5090197E1723C62000902DEB /* SBJsonStreamParserState.h */ = {isa = PBXFileReference; fileEncoding = 4; lastKnownFileType = sourcecode.c.h; path = SBJsonStreamParserState.h; sourceTree = "<group>"; };
		5090197F1723C62000902DEB /* SBJsonStreamParserState.m */ = {isa = PBXFileReference; fileEncoding = 4; lastKnownFileType = sourcecode.c.objc; path = SBJsonStreamParserState.m; sourceTree = "<group>"; };
		509019801723C62000902DEB /* SBJsonStreamWriter.h */ = {isa = PBXFileReference; fileEncoding = 4; lastKnownFileType = sourcecode.c.h; path = SBJsonStreamWriter.h; sourceTree = "<group>"; };
		509019811723C62000902DEB /* SBJsonStreamWriter.m */ = {isa = PBXFileReference; fileEncoding = 4; lastKnownFileType = sourcecode.c.objc; path = SBJsonStreamWriter.m; sourceTree = "<group>"; };
		509019821723C62000902DEB /* SBJsonStreamWriterAccumulator.h */ = {isa = PBXFileReference; fileEncoding = 4; lastKnownFileType = sourcecode.c.h; path = SBJsonStreamWriterAccumulator.h; sourceTree = "<group>"; };
		509019831723C62000902DEB /* SBJsonStreamWriterAccumulator.m */ = {isa = PBXFileReference; fileEncoding = 4; lastKnownFileType = sourcecode.c.objc; path = SBJsonStreamWriterAccumulator.m; sourceTree = "<group>"; };
		509019841723C62000902DEB /* SBJsonStreamWriterState.h */ = {isa = PBXFileReference; fileEncoding = 4; lastKnownFileType = sourcecode.c.h; path = SBJsonStreamWriterState.h; sourceTree = "<group>"; };
		509019851723C62000902DEB /* SBJsonStreamWriterState.m */ = {isa = PBXFileReference; fileEncoding = 4; lastKnownFileType = sourcecode.c.objc; path = SBJsonStreamWriterState.m; sourceTree = "<group>"; };
		509019861723C62000902DEB /* SBJsonTokeniser.h */ = {isa = PBXFileReference; fileEncoding = 4; lastKnownFileType = sourcecode.c.h; path = SBJsonTokeniser.h; sourceTree = "<group>"; };
		509019871723C62000902DEB /* SBJsonTokeniser.m */ = {isa = PBXFileReference; fileEncoding = 4; lastKnownFileType = sourcecode.c.objc; path = SBJsonTokeniser.m; sourceTree = "<group>"; };
		509019881723C62000902DEB /* SBJsonUTF8Stream.h */ = {isa = PBXFileReference; fileEncoding = 4; lastKnownFileType = sourcecode.c.h; path = SBJsonUTF8Stream.h; sourceTree = "<group>"; };
		509019891723C62000902DEB /* SBJsonUTF8Stream.m */ = {isa = PBXFileReference; fileEncoding = 4; lastKnownFileType = sourcecode.c.objc; path = SBJsonUTF8Stream.m; sourceTree = "<group>"; };
		5090198A1723C62000902DEB /* SBJsonWriter.h */ = {isa = PBXFileReference; fileEncoding = 4; lastKnownFileType = sourcecode.c.h; path = SBJsonWriter.h; sourceTree = "<group>"; };
		5090198B1723C62000902DEB /* SBJsonWriter.m */ = {isa = PBXFileReference; fileEncoding = 4; lastKnownFileType = sourcecode.c.objc; path = SBJsonWriter.m; sourceTree = "<group>"; };
		50944F4817306AC40091E08E /* bottom_background.png */ = {isa = PBXFileReference; lastKnownFileType = image.png; path = bottom_background.png; sourceTree = "<group>"; };
		50944F4917306AC40091E08E /* bottom_background@2x.png */ = {isa = PBXFileReference; lastKnownFileType = image.png; path = "bottom_background@2x.png"; sourceTree = "<group>"; };
		50944F4A17306AC40091E08E /* egg_iphone.png */ = {isa = PBXFileReference; lastKnownFileType = image.png; path = egg_iphone.png; sourceTree = "<group>"; };
		50944F4B17306AC40091E08E /* egg_iphone@2x.png */ = {isa = PBXFileReference; lastKnownFileType = image.png; path = "egg_iphone@2x.png"; sourceTree = "<group>"; };
		50944F4C17306AC40091E08E /* egg_iphone_5@2x.png */ = {isa = PBXFileReference; lastKnownFileType = image.png; path = "egg_iphone_5@2x.png"; sourceTree = "<group>"; };
		50944F4D17306AC40091E08E /* small_egg.png */ = {isa = PBXFileReference; lastKnownFileType = image.png; path = small_egg.png; sourceTree = "<group>"; };
		50944F4E17306AC40091E08E /* small_egg@2x.png */ = {isa = PBXFileReference; lastKnownFileType = image.png; path = "small_egg@2x.png"; sourceTree = "<group>"; };
		50944F6317306AC40091E08E /* first_scratch.png */ = {isa = PBXFileReference; lastKnownFileType = image.png; path = first_scratch.png; sourceTree = "<group>"; };
		50944F6417306AC40091E08E /* first_scratch@2x.png */ = {isa = PBXFileReference; lastKnownFileType = image.png; path = "first_scratch@2x.png"; sourceTree = "<group>"; };
		50944F6517306AC40091E08E /* first_scratch_iphone_5@2x.png */ = {isa = PBXFileReference; lastKnownFileType = image.png; path = "first_scratch_iphone_5@2x.png"; sourceTree = "<group>"; };
		50944F6617306AC40091E08E /* second_scratch.png */ = {isa = PBXFileReference; lastKnownFileType = image.png; path = second_scratch.png; sourceTree = "<group>"; };
		50944F6717306AC40091E08E /* second_scratch@2x.png */ = {isa = PBXFileReference; lastKnownFileType = image.png; path = "second_scratch@2x.png"; sourceTree = "<group>"; };
		50944F6817306AC40091E08E /* second_scratch_iphone_5@2x.png */ = {isa = PBXFileReference; lastKnownFileType = image.png; path = "second_scratch_iphone_5@2x.png"; sourceTree = "<group>"; };
		50944F6917306AC40091E08E /* third_scratch.png */ = {isa = PBXFileReference; lastKnownFileType = image.png; path = third_scratch.png; sourceTree = "<group>"; };
		50944F6A17306AC40091E08E /* third_scratch@2x.png */ = {isa = PBXFileReference; lastKnownFileType = image.png; path = "third_scratch@2x.png"; sourceTree = "<group>"; };
		50944F6B17306AC40091E08E /* third_scratch_iphone_5@2x.png */ = {isa = PBXFileReference; lastKnownFileType = image.png; path = "third_scratch_iphone_5@2x.png"; sourceTree = "<group>"; };
		50944F6D17306AC40091E08E /* Default.png */ = {isa = PBXFileReference; lastKnownFileType = image.png; path = Default.png; sourceTree = "<group>"; };
		50944F6E17306AC40091E08E /* Default@2x.png */ = {isa = PBXFileReference; lastKnownFileType = image.png; path = "Default@2x.png"; sourceTree = "<group>"; };
		50944F6F17306AC40091E08E /* Easter-Eggs1136x640.jpg */ = {isa = PBXFileReference; lastKnownFileType = image.jpeg; path = "Easter-Eggs1136x640.jpg"; sourceTree = "<group>"; };
		50944F9317306CD10091E08E /* icon.png */ = {isa = PBXFileReference; lastKnownFileType = image.png; path = icon.png; sourceTree = "<group>"; };
		50944F9517306CD70091E08E /* icon@2x.png */ = {isa = PBXFileReference; lastKnownFileType = image.png; path = "icon@2x.png"; sourceTree = "<group>"; };
		50944F9717306DD70091E08E /* Default-568h@2x.png */ = {isa = PBXFileReference; lastKnownFileType = image.png; path = "Default-568h@2x.png"; sourceTree = "<group>"; };
		50944F99173082200091E08E /* 1.jpg */ = {isa = PBXFileReference; lastKnownFileType = image.jpeg; path = 1.jpg; sourceTree = "<group>"; };
		50944F9A173082200091E08E /* 2.jpg */ = {isa = PBXFileReference; lastKnownFileType = image.jpeg; path = 2.jpg; sourceTree = "<group>"; };
		50944F9B173082200091E08E /* 3.jpg */ = {isa = PBXFileReference; lastKnownFileType = image.jpeg; path = 3.jpg; sourceTree = "<group>"; };
		50944F9C173082200091E08E /* 4.jpg */ = {isa = PBXFileReference; lastKnownFileType = image.jpeg; path = 4.jpg; sourceTree = "<group>"; };
		50944F9D173082200091E08E /* 5.jpg */ = {isa = PBXFileReference; lastKnownFileType = image.jpeg; path = 5.jpg; sourceTree = "<group>"; };
		50944F9E173082200091E08E /* 6.jpg */ = {isa = PBXFileReference; lastKnownFileType = image.jpeg; path = 6.jpg; sourceTree = "<group>"; };
		50944F9F173082200091E08E /* 7.jpg */ = {isa = PBXFileReference; lastKnownFileType = image.jpeg; path = 7.jpg; sourceTree = "<group>"; };
		50944FA0173082200091E08E /* 8.jpg */ = {isa = PBXFileReference; lastKnownFileType = image.jpeg; path = 8.jpg; sourceTree = "<group>"; };
		50944FAA173094530091E08E /* HEggLoginVC.h */ = {isa = PBXFileReference; fileEncoding = 4; lastKnownFileType = sourcecode.c.h; name = HEggLoginVC.h; path = HappyEggs/Controllers/HEggLoginVC.h; sourceTree = "<group>"; };
		50944FAB173094530091E08E /* HEggLoginVC.m */ = {isa = PBXFileReference; fileEncoding = 4; lastKnownFileType = sourcecode.c.objc; name = HEggLoginVC.m; path = HappyEggs/Controllers/HEggLoginVC.m; sourceTree = "<group>"; };
		50944FAD1730A0DE0091E08E /* splash_background_5@2x.png */ = {isa = PBXFileReference; lastKnownFileType = image.png; path = "splash_background_5@2x.png"; sourceTree = "<group>"; };
		50ED8C94172FD75500F70A80 /* HEggHelperMethods.h */ = {isa = PBXFileReference; fileEncoding = 4; lastKnownFileType = sourcecode.c.h; name = HEggHelperMethods.h; path = HappyEggs/Helpers/HEggHelperMethods.h; sourceTree = "<group>"; };
		50ED8C95172FD75500F70A80 /* HEggHelperMethods.m */ = {isa = PBXFileReference; fileEncoding = 4; lastKnownFileType = sourcecode.c.objc; name = HEggHelperMethods.m; path = HappyEggs/Helpers/HEggHelperMethods.m; sourceTree = "<group>"; };
		50ED8C97172FD94400F70A80 /* LBChildBrowserViewController.h */ = {isa = PBXFileReference; fileEncoding = 4; lastKnownFileType = sourcecode.c.h; name = LBChildBrowserViewController.h; path = HappyEggs/Controllers/LBChildBrowserViewController.h; sourceTree = "<group>"; };
		50ED8C98172FD94500F70A80 /* LBChildBrowserViewController.m */ = {isa = PBXFileReference; fileEncoding = 4; lastKnownFileType = sourcecode.c.objc; name = LBChildBrowserViewController.m; path = HappyEggs/Controllers/LBChildBrowserViewController.m; sourceTree = "<group>"; };
/* End PBXFileReference section */

/* Begin PBXFrameworksBuildPhase section */
		501B044C1723A70D00F9A5AD /* Frameworks */ = {
			isa = PBXFrameworksBuildPhase;
			buildActionMask = 2147483647;
			files = (
				5016B2A917246FB200A83CD8 /* QuartzCore.framework in Frameworks */,
				5016B2A7172461E400A83CD8 /* AssetsLibrary.framework in Frameworks */,
				5090196D1723C1BA00902DEB /* AudioToolbox.framework in Frameworks */,
				5090196B1723C1AD00902DEB /* CoreLocation.framework in Frameworks */,
				509019691723C1A600902DEB /* CFNetwork.framework in Frameworks */,
				509019591723AEE800902DEB /* MobileCoreServices.framework in Frameworks */,
				509019571723AEE200902DEB /* SystemConfiguration.framework in Frameworks */,
				509019531723AD6700902DEB /* CoreData.framework in Frameworks */,
				501B04531723A70D00F9A5AD /* UIKit.framework in Frameworks */,
				501B04551723A70D00F9A5AD /* Foundation.framework in Frameworks */,
				501B04571723A70D00F9A5AD /* CoreGraphics.framework in Frameworks */,
				75F3CF02B979483AB4CF104A /* libPods.a in Frameworks */,
				509019711723C2E200902DEB /* libBump.a in Frameworks */,
				5016B2A21724012A00A83CD8 /* libGoogleAnalytics.a in Frameworks */,
			);
			runOnlyForDeploymentPostprocessing = 0;
		};
/* End PBXFrameworksBuildPhase section */

/* Begin PBXGroup section */
		5016B29A1724012A00A83CD8 /* GA */ = {
			isa = PBXGroup;
			children = (
				5016B29B1724012A00A83CD8 /* GAI.h */,
				5016B29C1724012A00A83CD8 /* GAITrackedViewController.h */,
				5016B29D1724012A00A83CD8 /* GAITracker.h */,
				5016B29E1724012A00A83CD8 /* GAITransaction.h */,
				5016B29F1724012A00A83CD8 /* GAITransactionItem.h */,
				5016B2A01724012A00A83CD8 /* libGoogleAnalytics.a */,
			);
			path = GA;
			sourceTree = "<group>";
		};
		501B04461723A70D00F9A5AD = {
			isa = PBXGroup;
			children = (
				50944F9717306DD70091E08E /* Default-568h@2x.png */,
				50944F9517306CD70091E08E /* icon@2x.png */,
				50944F9317306CD10091E08E /* icon.png */,
				5016B29A1724012A00A83CD8 /* GA */,
				509019981723C64A00902DEB /* Controllers */,
				509019551723AE7A00902DEB /* Helpers */,
				5090196E1723C2E200902DEB /* libBump */,
				509019491723ABCD00902DEB /* CoreData */,
				509019641723BA3800902DEB /* Views */,
				501B04581723A70D00F9A5AD /* HappyEggs */,
				501B04511723A70D00F9A5AD /* Frameworks */,
				501B04501723A70D00F9A5AD /* Products */,
				4E2C87221EE34C45A3CA97EC /* Pods.xcconfig */,
			);
			sourceTree = "<group>";
		};
		501B04501723A70D00F9A5AD /* Products */ = {
			isa = PBXGroup;
			children = (
				501B044F1723A70D00F9A5AD /* HappyEggs.app */,
			);
			name = Products;
			sourceTree = "<group>";
		};
		501B04511723A70D00F9A5AD /* Frameworks */ = {
			isa = PBXGroup;
			children = (
				5016B2A817246FB200A83CD8 /* QuartzCore.framework */,
				5016B2A6172461E400A83CD8 /* AssetsLibrary.framework */,
				5090196C1723C1BA00902DEB /* AudioToolbox.framework */,
				5090196A1723C1AC00902DEB /* CoreLocation.framework */,
				509019681723C1A600902DEB /* CFNetwork.framework */,
				509019581723AEE800902DEB /* MobileCoreServices.framework */,
				509019561723AEE200902DEB /* SystemConfiguration.framework */,
				509019521723AD6700902DEB /* CoreData.framework */,
				501B04521723A70D00F9A5AD /* UIKit.framework */,
				501B04541723A70D00F9A5AD /* Foundation.framework */,
				501B04561723A70D00F9A5AD /* CoreGraphics.framework */,
				377EB22FE51948FEA10C8E6A /* libPods.a */,
			);
			name = Frameworks;
			sourceTree = "<group>";
		};
		501B04581723A70D00F9A5AD /* HappyEggs */ = {
			isa = PBXGroup;
			children = (
				501B04611723A70D00F9A5AD /* AppDelegate.h */,
				501B04621723A70D00F9A5AD /* AppDelegate.m */,
				501B046A1723A70D00F9A5AD /* MainStoryboard.storyboard */,
				501B04591723A70D00F9A5AD /* Supporting Files */,
			);
			path = HappyEggs;
			sourceTree = "<group>";
		};
		501B04591723A70D00F9A5AD /* Supporting Files */ = {
			isa = PBXGroup;
			children = (
				50944F4617306AC40091E08E /* images */,
				509019721723C62000902DEB /* JSONParser */,
				501B045A1723A70D00F9A5AD /* HappyEggs-Info.plist */,
				501B045B1723A70D00F9A5AD /* InfoPlist.strings */,
				501B045E1723A70D00F9A5AD /* main.m */,
				501B04601723A70D00F9A5AD /* HappyEggs-Prefix.pch */,
				501B04641723A70D00F9A5AD /* Default.png */,
				501B04661723A70D00F9A5AD /* Default@2x.png */,
				501B04681723A70D00F9A5AD /* Default-568h@2x.png */,
			);
			name = "Supporting Files";
			sourceTree = "<group>";
		};
		509019491723ABCD00902DEB /* CoreData */ = {
			isa = PBXGroup;
			children = (
				5090194A1723AD1500902DEB /* Human */,
				5090194D1723AD1500902DEB /* Machine */,
				509019461723ABB000902DEB /* DataBase.xcdatamodeld */,
			);
			name = CoreData;
			sourceTree = "<group>";
		};
		5090194A1723AD1500902DEB /* Human */ = {
			isa = PBXGroup;
			children = (
				5090194B1723AD1500902DEB /* Egg.h */,
				5090194C1723AD1500902DEB /* Egg.m */,
			);
			name = Human;
			path = CoreData/Human;
			sourceTree = "<group>";
		};
		5090194D1723AD1500902DEB /* Machine */ = {
			isa = PBXGroup;
			children = (
				5090194E1723AD1500902DEB /* _Egg.h */,
				5090194F1723AD1500902DEB /* _Egg.m */,
			);
			name = Machine;
			path = CoreData/Machine;
			sourceTree = "<group>";
		};
		509019551723AE7A00902DEB /* Helpers */ = {
			isa = PBXGroup;
			children = (
				509019541723AE5800902DEB /* HEggDefentitions.h */,
				50ED8C94172FD75500F70A80 /* HEggHelperMethods.h */,
				50ED8C95172FD75500F70A80 /* HEggHelperMethods.m */,
			);
			name = Helpers;
			sourceTree = "<group>";
		};
		509019641723BA3800902DEB /* Views */ = {
			isa = PBXGroup;
			children = (
				509019651723BA9400902DEB /* HEggCell.h */,
				509019661723BA9400902DEB /* HEggCell.m */,
			);
			name = Views;
			sourceTree = "<group>";
		};
		5090196E1723C2E200902DEB /* libBump */ = {
			isa = PBXGroup;
			children = (
				5090196F1723C2E200902DEB /* BumpClient.h */,
				509019701723C2E200902DEB /* libBump.a */,
			);
			path = libBump;
			sourceTree = "<group>";
		};
		509019721723C62000902DEB /* JSONParser */ = {
			isa = PBXGroup;
			children = (
				509019731723C62000902DEB /* NSObject+SBJson.h */,
				509019741723C62000902DEB /* NSObject+SBJson.m */,
				509019751723C62000902DEB /* SBJson.h */,
				509019761723C62000902DEB /* SBJsonParser.h */,
				509019771723C62000902DEB /* SBJsonParser.m */,
				509019781723C62000902DEB /* SBJsonStreamParser.h */,
				509019791723C62000902DEB /* SBJsonStreamParser.m */,
				5090197A1723C62000902DEB /* SBJsonStreamParserAccumulator.h */,
				5090197B1723C62000902DEB /* SBJsonStreamParserAccumulator.m */,
				5090197C1723C62000902DEB /* SBJsonStreamParserAdapter.h */,
				5090197D1723C62000902DEB /* SBJsonStreamParserAdapter.m */,
				5090197E1723C62000902DEB /* SBJsonStreamParserState.h */,
				5090197F1723C62000902DEB /* SBJsonStreamParserState.m */,
				509019801723C62000902DEB /* SBJsonStreamWriter.h */,
				509019811723C62000902DEB /* SBJsonStreamWriter.m */,
				509019821723C62000902DEB /* SBJsonStreamWriterAccumulator.h */,
				509019831723C62000902DEB /* SBJsonStreamWriterAccumulator.m */,
				509019841723C62000902DEB /* SBJsonStreamWriterState.h */,
				509019851723C62000902DEB /* SBJsonStreamWriterState.m */,
				509019861723C62000902DEB /* SBJsonTokeniser.h */,
				509019871723C62000902DEB /* SBJsonTokeniser.m */,
				509019881723C62000902DEB /* SBJsonUTF8Stream.h */,
				509019891723C62000902DEB /* SBJsonUTF8Stream.m */,
				5090198A1723C62000902DEB /* SBJsonWriter.h */,
				5090198B1723C62000902DEB /* SBJsonWriter.m */,
			);
			name = JSONParser;
			path = libBump/JSONParser;
			sourceTree = SOURCE_ROOT;
		};
		509019981723C64A00902DEB /* Controllers */ = {
			isa = PBXGroup;
			children = (
				50ED8C97172FD94400F70A80 /* LBChildBrowserViewController.h */,
				50ED8C98172FD94500F70A80 /* LBChildBrowserViewController.m */,
				5090195A1723AFC300902DEB /* HEggHomePageVC.h */,
				5090195B1723AFC300902DEB /* HEggHomePageVC.m */,
				50944FAA173094530091E08E /* HEggLoginVC.h */,
				50944FAB173094530091E08E /* HEggLoginVC.m */,
			);
			name = Controllers;
			sourceTree = "<group>";
		};
		50944F4617306AC40091E08E /* images */ = {
			isa = PBXGroup;
			children = (
				50944F4717306AC40091E08E /* backgrounds */,
				50944F4F17306AC40091E08E /* eggs */,
				50944F6217306AC40091E08E /* scratch */,
				50944F6C17306AC40091E08E /* splash */,
			);
			path = images;
			sourceTree = SOURCE_ROOT;
		};
		50944F4717306AC40091E08E /* backgrounds */ = {
			isa = PBXGroup;
			children = (
				50944F4817306AC40091E08E /* bottom_background.png */,
				50944F4917306AC40091E08E /* bottom_background@2x.png */,
				50944F4A17306AC40091E08E /* egg_iphone.png */,
				50944F4B17306AC40091E08E /* egg_iphone@2x.png */,
				50944F4C17306AC40091E08E /* egg_iphone_5@2x.png */,
				50944F4D17306AC40091E08E /* small_egg.png */,
				50944F4E17306AC40091E08E /* small_egg@2x.png */,
			);
			path = backgrounds;
			sourceTree = "<group>";
		};
		50944F4F17306AC40091E08E /* eggs */ = {
			isa = PBXGroup;
			children = (
				50944F99173082200091E08E /* 1.jpg */,
				50944F9A173082200091E08E /* 2.jpg */,
				50944F9B173082200091E08E /* 3.jpg */,
				50944F9C173082200091E08E /* 4.jpg */,
				50944F9D173082200091E08E /* 5.jpg */,
				50944F9E173082200091E08E /* 6.jpg */,
				50944F9F173082200091E08E /* 7.jpg */,
				50944FA0173082200091E08E /* 8.jpg */,
			);
			path = eggs;
			sourceTree = "<group>";
		};
		50944F6217306AC40091E08E /* scratch */ = {
			isa = PBXGroup;
			children = (
				50944F6317306AC40091E08E /* first_scratch.png */,
				50944F6417306AC40091E08E /* first_scratch@2x.png */,
				50944F6517306AC40091E08E /* first_scratch_iphone_5@2x.png */,
				50944F6617306AC40091E08E /* second_scratch.png */,
				50944F6717306AC40091E08E /* second_scratch@2x.png */,
				50944F6817306AC40091E08E /* second_scratch_iphone_5@2x.png */,
				50944F6917306AC40091E08E /* third_scratch.png */,
				50944F6A17306AC40091E08E /* third_scratch@2x.png */,
				50944F6B17306AC40091E08E /* third_scratch_iphone_5@2x.png */,
			);
			path = scratch;
			sourceTree = "<group>";
		};
		50944F6C17306AC40091E08E /* splash */ = {
			isa = PBXGroup;
			children = (
				50944FAD1730A0DE0091E08E /* splash_background_5@2x.png */,
				50944F6D17306AC40091E08E /* Default.png */,
				50944F6E17306AC40091E08E /* Default@2x.png */,
				50944F6F17306AC40091E08E /* Easter-Eggs1136x640.jpg */,
			);
			path = splash;
			sourceTree = "<group>";
		};
/* End PBXGroup section */

/* Begin PBXNativeTarget section */
		501B044E1723A70D00F9A5AD /* Happy Eggs */ = {
			isa = PBXNativeTarget;
			buildConfigurationList = 501B04721723A70D00F9A5AD /* Build configuration list for PBXNativeTarget "Happy Eggs" */;
			buildPhases = (
				501B044B1723A70D00F9A5AD /* Sources */,
				501B044C1723A70D00F9A5AD /* Frameworks */,
				501B044D1723A70D00F9A5AD /* Resources */,
				57AA3D9C27F4491BA6BB0DDE /* Copy Pods Resources */,
			);
			buildRules = (
			);
			dependencies = (
			);
			name = "Happy Eggs";
			productName = HappyEggs;
			productReference = 501B044F1723A70D00F9A5AD /* HappyEggs.app */;
			productType = "com.apple.product-type.application";
		};
/* End PBXNativeTarget section */

/* Begin PBXProject section */
		501B04471723A70D00F9A5AD /* Project object */ = {
			isa = PBXProject;
			attributes = {
				CLASSPREFIX = HEgg;
				LastUpgradeCheck = 0460;
				ORGANIZATIONNAME = "Max Tymchii";
			};
			buildConfigurationList = 501B044A1723A70D00F9A5AD /* Build configuration list for PBXProject "HappyEggs" */;
			compatibilityVersion = "Xcode 3.2";
			developmentRegion = English;
			hasScannedForEncodings = 0;
			knownRegions = (
				en,
			);
			mainGroup = 501B04461723A70D00F9A5AD;
			productRefGroup = 501B04501723A70D00F9A5AD /* Products */;
			projectDirPath = "";
			projectRoot = "";
			targets = (
				501B044E1723A70D00F9A5AD /* Happy Eggs */,
			);
		};
/* End PBXProject section */

/* Begin PBXResourcesBuildPhase section */
		501B044D1723A70D00F9A5AD /* Resources */ = {
			isa = PBXResourcesBuildPhase;
			buildActionMask = 2147483647;
			files = (
				501B045D1723A70D00F9A5AD /* InfoPlist.strings in Resources */,
				501B046C1723A70D00F9A5AD /* MainStoryboard.storyboard in Resources */,
				50944F7017306AC40091E08E /* bottom_background.png in Resources */,
				50944F7117306AC40091E08E /* bottom_background@2x.png in Resources */,
				50944F7217306AC40091E08E /* egg_iphone.png in Resources */,
				50944F7317306AC40091E08E /* egg_iphone@2x.png in Resources */,
				50944F7417306AC40091E08E /* egg_iphone_5@2x.png in Resources */,
				50944F7517306AC40091E08E /* small_egg.png in Resources */,
				50944F7617306AC40091E08E /* small_egg@2x.png in Resources */,
				50944F8717306AC40091E08E /* first_scratch.png in Resources */,
				50944F8817306AC40091E08E /* first_scratch@2x.png in Resources */,
				50944F8917306AC40091E08E /* first_scratch_iphone_5@2x.png in Resources */,
				50944F8A17306AC40091E08E /* second_scratch.png in Resources */,
				50944F8B17306AC40091E08E /* second_scratch@2x.png in Resources */,
				50944F8C17306AC40091E08E /* second_scratch_iphone_5@2x.png in Resources */,
				50944F8D17306AC40091E08E /* third_scratch.png in Resources */,
				50944F8E17306AC40091E08E /* third_scratch@2x.png in Resources */,
				50944F8F17306AC40091E08E /* third_scratch_iphone_5@2x.png in Resources */,
				50944F9017306AC40091E08E /* Default.png in Resources */,
				50944F9117306AC40091E08E /* Default@2x.png in Resources */,
				50944F9217306AC40091E08E /* Easter-Eggs1136x640.jpg in Resources */,
				50944F9417306CD10091E08E /* icon.png in Resources */,
				50944F9617306CD70091E08E /* icon@2x.png in Resources */,
				50944F9817306DD70091E08E /* Default-568h@2x.png in Resources */,
				50944FA1173082200091E08E /* 1.jpg in Resources */,
				50944FA2173082200091E08E /* 2.jpg in Resources */,
				50944FA3173082200091E08E /* 3.jpg in Resources */,
				50944FA4173082200091E08E /* 4.jpg in Resources */,
				50944FA5173082200091E08E /* 5.jpg in Resources */,
				50944FA6173082200091E08E /* 6.jpg in Resources */,
				50944FA7173082200091E08E /* 7.jpg in Resources */,
				50944FA8173082200091E08E /* 8.jpg in Resources */,
				50944FAE1730A0DE0091E08E /* splash_background_5@2x.png in Resources */,
			);
			runOnlyForDeploymentPostprocessing = 0;
		};
/* End PBXResourcesBuildPhase section */

/* Begin PBXShellScriptBuildPhase section */
		57AA3D9C27F4491BA6BB0DDE /* Copy Pods Resources */ = {
			isa = PBXShellScriptBuildPhase;
			buildActionMask = 2147483647;
			files = (
			);
			inputPaths = (
			);
			name = "Copy Pods Resources";
			outputPaths = (
			);
			runOnlyForDeploymentPostprocessing = 0;
			shellPath = /bin/sh;
			shellScript = "\"${SRCROOT}/Pods/Pods-resources.sh\"\n";
		};
/* End PBXShellScriptBuildPhase section */

/* Begin PBXSourcesBuildPhase section */
		501B044B1723A70D00F9A5AD /* Sources */ = {
			isa = PBXSourcesBuildPhase;
			buildActionMask = 2147483647;
			files = (
				501B045F1723A70D00F9A5AD /* main.m in Sources */,
				501B04631723A70D00F9A5AD /* AppDelegate.m in Sources */,
				509019481723ABB000902DEB /* DataBase.xcdatamodeld in Sources */,
				509019501723AD1500902DEB /* Egg.m in Sources */,
				509019511723AD1500902DEB /* _Egg.m in Sources */,
				5090195C1723AFC300902DEB /* HEggHomePageVC.m in Sources */,
				509019671723BA9400902DEB /* HEggCell.m in Sources */,
				5090198C1723C62000902DEB /* NSObject+SBJson.m in Sources */,
				5090198D1723C62000902DEB /* SBJsonParser.m in Sources */,
				5090198E1723C62000902DEB /* SBJsonStreamParser.m in Sources */,
				5090198F1723C62000902DEB /* SBJsonStreamParserAccumulator.m in Sources */,
				509019901723C62000902DEB /* SBJsonStreamParserAdapter.m in Sources */,
				509019911723C62000902DEB /* SBJsonStreamParserState.m in Sources */,
				509019921723C62000902DEB /* SBJsonStreamWriter.m in Sources */,
				509019931723C62000902DEB /* SBJsonStreamWriterAccumulator.m in Sources */,
				509019941723C62000902DEB /* SBJsonStreamWriterState.m in Sources */,
				509019951723C62000902DEB /* SBJsonTokeniser.m in Sources */,
				509019961723C62000902DEB /* SBJsonUTF8Stream.m in Sources */,
				509019971723C62000902DEB /* SBJsonWriter.m in Sources */,
				50ED8C96172FD75500F70A80 /* HEggHelperMethods.m in Sources */,
				50ED8C99172FD94500F70A80 /* LBChildBrowserViewController.m in Sources */,
				50944FAC173094530091E08E /* HEggLoginVC.m in Sources */,
			);
			runOnlyForDeploymentPostprocessing = 0;
		};
/* End PBXSourcesBuildPhase section */

/* Begin PBXVariantGroup section */
		501B045B1723A70D00F9A5AD /* InfoPlist.strings */ = {
			isa = PBXVariantGroup;
			children = (
				501B045C1723A70D00F9A5AD /* en */,
			);
			name = InfoPlist.strings;
			sourceTree = "<group>";
		};
		501B046A1723A70D00F9A5AD /* MainStoryboard.storyboard */ = {
			isa = PBXVariantGroup;
			children = (
				501B046B1723A70D00F9A5AD /* en */,
			);
			name = MainStoryboard.storyboard;
			sourceTree = "<group>";
		};
/* End PBXVariantGroup section */

/* Begin XCBuildConfiguration section */
		501B04701723A70D00F9A5AD /* Debug */ = {
			isa = XCBuildConfiguration;
			buildSettings = {
				ALWAYS_SEARCH_USER_PATHS = NO;
				CLANG_CXX_LANGUAGE_STANDARD = "gnu++0x";
				CLANG_CXX_LIBRARY = "libc++";
				CLANG_ENABLE_OBJC_ARC = YES;
				CLANG_WARN_CONSTANT_CONVERSION = YES;
				CLANG_WARN_EMPTY_BODY = YES;
				CLANG_WARN_ENUM_CONVERSION = YES;
				CLANG_WARN_INT_CONVERSION = YES;
				CLANG_WARN__DUPLICATE_METHOD_MATCH = YES;
				"CODE_SIGN_IDENTITY[sdk=iphoneos*]" = "iPhone Developer";
				COPY_PHASE_STRIP = NO;
				GCC_C_LANGUAGE_STANDARD = gnu99;
				GCC_DYNAMIC_NO_PIC = NO;
				GCC_OPTIMIZATION_LEVEL = 0;
				GCC_PREPROCESSOR_DEFINITIONS = (
					"DEBUG=1",
					"$(inherited)",
				);
				GCC_SYMBOLS_PRIVATE_EXTERN = NO;
				GCC_WARN_ABOUT_RETURN_TYPE = YES;
				GCC_WARN_UNINITIALIZED_AUTOS = YES;
				GCC_WARN_UNUSED_VARIABLE = YES;
				IPHONEOS_DEPLOYMENT_TARGET = 6.1;
				ONLY_ACTIVE_ARCH = YES;
				SDKROOT = iphoneos;
			};
			name = Debug;
		};
		501B04711723A70D00F9A5AD /* Release */ = {
			isa = XCBuildConfiguration;
			buildSettings = {
				ALWAYS_SEARCH_USER_PATHS = NO;
				CLANG_CXX_LANGUAGE_STANDARD = "gnu++0x";
				CLANG_CXX_LIBRARY = "libc++";
				CLANG_ENABLE_OBJC_ARC = YES;
				CLANG_WARN_CONSTANT_CONVERSION = YES;
				CLANG_WARN_EMPTY_BODY = YES;
				CLANG_WARN_ENUM_CONVERSION = YES;
				CLANG_WARN_INT_CONVERSION = YES;
				CLANG_WARN__DUPLICATE_METHOD_MATCH = YES;
				"CODE_SIGN_IDENTITY[sdk=iphoneos*]" = "iPhone Developer";
				COPY_PHASE_STRIP = YES;
				GCC_C_LANGUAGE_STANDARD = gnu99;
				GCC_WARN_ABOUT_RETURN_TYPE = YES;
				GCC_WARN_UNINITIALIZED_AUTOS = YES;
				GCC_WARN_UNUSED_VARIABLE = YES;
				IPHONEOS_DEPLOYMENT_TARGET = 6.1;
				OTHER_CFLAGS = "-DNS_BLOCK_ASSERTIONS=1";
				SDKROOT = iphoneos;
				VALIDATE_PRODUCT = YES;
			};
			name = Release;
		};
		501B04731723A70D00F9A5AD /* Debug */ = {
			isa = XCBuildConfiguration;
			baseConfigurationReference = 4E2C87221EE34C45A3CA97EC /* Pods.xcconfig */;
			buildSettings = {
				GCC_PRECOMPILE_PREFIX_HEADER = YES;
				GCC_PREFIX_HEADER = "HappyEggs/HappyEggs-Prefix.pch";
				INFOPLIST_FILE = "HappyEggs/HappyEggs-Info.plist";
				IPHONEOS_DEPLOYMENT_TARGET = 6.0;
				LIBRARY_SEARCH_PATHS = (
					"$(inherited)",
					"\"$(SRCROOT)/libBump\"",
					"\"$(SRCROOT)/GA\"",
				);
				PRODUCT_NAME = "$(TARGET_NAME)";
				WRAPPER_EXTENSION = app;
			};
			name = Debug;
		};
		501B04741723A70D00F9A5AD /* Release */ = {
			isa = XCBuildConfiguration;
			baseConfigurationReference = 4E2C87221EE34C45A3CA97EC /* Pods.xcconfig */;
			buildSettings = {
				GCC_PRECOMPILE_PREFIX_HEADER = YES;
				GCC_PREFIX_HEADER = "HappyEggs/HappyEggs-Prefix.pch";
				INFOPLIST_FILE = "HappyEggs/HappyEggs-Info.plist";
				IPHONEOS_DEPLOYMENT_TARGET = 6.0;
				LIBRARY_SEARCH_PATHS = (
					"$(inherited)",
					"\"$(SRCROOT)/libBump\"",
					"\"$(SRCROOT)/GA\"",
				);
				PRODUCT_NAME = "$(TARGET_NAME)";
				WRAPPER_EXTENSION = app;
			};
			name = Release;
		};
/* End XCBuildConfiguration section */

/* Begin XCConfigurationList section */
		501B044A1723A70D00F9A5AD /* Build configuration list for PBXProject "HappyEggs" */ = {
			isa = XCConfigurationList;
			buildConfigurations = (
				501B04701723A70D00F9A5AD /* Debug */,
				501B04711723A70D00F9A5AD /* Release */,
			);
			defaultConfigurationIsVisible = 0;
			defaultConfigurationName = Release;
		};
		501B04721723A70D00F9A5AD /* Build configuration list for PBXNativeTarget "Happy Eggs" */ = {
			isa = XCConfigurationList;
			buildConfigurations = (
				501B04731723A70D00F9A5AD /* Debug */,
				501B04741723A70D00F9A5AD /* Release */,
			);
			defaultConfigurationIsVisible = 0;
			defaultConfigurationName = Release;
		};
/* End XCConfigurationList section */

/* Begin XCVersionGroup section */
		509019461723ABB000902DEB /* DataBase.xcdatamodeld */ = {
			isa = XCVersionGroup;
			children = (
				509019471723ABB000902DEB /* DataBase.xcdatamodel */,
			);
			currentVersion = 509019471723ABB000902DEB /* DataBase.xcdatamodel */;
			name = DataBase.xcdatamodeld;
			path = CoreData/DataBase.xcdatamodeld;
			sourceTree = "<group>";
			versionGroupType = wrapper.xcdatamodel;
		};
/* End XCVersionGroup section */
	};
	rootObject = 501B04471723A70D00F9A5AD /* Project object */;
}
