<?xml version="1.0" encoding="UTF-8"?>
<!DOCTYPE plist PUBLIC "-//Apple//DTD PLIST 1.0//EN" "http://www.apple.com/DTDs/PropertyList-1.0.dtd">
<plist version="1.0">
<dict>
	<key>archiveVersion</key>
	<string>1</string>
	<key>classes</key>
	<dict/>
	<key>objectVersion</key>
	<string>46</string>
	<key>objects</key>
	<dict>
		<key>377EB22FE51948FEA10C8E6A</key>
		<dict>
			<key>explicitFileType</key>
			<string>archive.ar</string>
			<key>includeInIndex</key>
			<string>0</string>
			<key>isa</key>
			<string>PBXFileReference</string>
			<key>name</key>
			<string>libPods.a</string>
			<key>path</key>
			<string>libPods.a</string>
			<key>sourceTree</key>
			<string>BUILT_PRODUCTS_DIR</string>
		</dict>
		<key>4E2C87221EE34C45A3CA97EC</key>
		<dict>
			<key>includeInIndex</key>
			<string>1</string>
			<key>isa</key>
			<string>PBXFileReference</string>
			<key>lastKnownFileType</key>
			<string>text.xcconfig</string>
			<key>name</key>
			<string>Pods.xcconfig</string>
			<key>path</key>
			<string>Pods/Pods.xcconfig</string>
			<key>sourceTree</key>
			<string>SOURCE_ROOT</string>
		</dict>
		<key>501B04461723A70D00F9A5AD</key>
		<dict>
			<key>children</key>
			<array>
				<string>501B04581723A70D00F9A5AD</string>
				<string>501B04511723A70D00F9A5AD</string>
				<string>501B04501723A70D00F9A5AD</string>
				<string>4E2C87221EE34C45A3CA97EC</string>
			</array>
			<key>isa</key>
			<string>PBXGroup</string>
			<key>sourceTree</key>
			<string>&lt;group&gt;</string>
		</dict>
		<key>501B04471723A70D00F9A5AD</key>
		<dict>
			<key>attributes</key>
			<dict>
				<key>LastUpgradeCheck</key>
				<string>0460</string>
				<key>ORGANIZATIONNAME</key>
				<string>Max Tymchii</string>
			</dict>
			<key>buildConfigurationList</key>
			<string>501B044A1723A70D00F9A5AD</string>
			<key>compatibilityVersion</key>
			<string>Xcode 3.2</string>
			<key>developmentRegion</key>
			<string>English</string>
			<key>hasScannedForEncodings</key>
			<string>0</string>
			<key>isa</key>
			<string>PBXProject</string>
			<key>knownRegions</key>
			<array>
				<string>en</string>
			</array>
			<key>mainGroup</key>
			<string>501B04461723A70D00F9A5AD</string>
			<key>productRefGroup</key>
			<string>501B04501723A70D00F9A5AD</string>
			<key>projectDirPath</key>
			<string></string>
			<key>projectReferences</key>
			<array/>
			<key>projectRoot</key>
			<string></string>
			<key>targets</key>
			<array>
				<string>501B044E1723A70D00F9A5AD</string>
			</array>
		</dict>
		<key>501B044A1723A70D00F9A5AD</key>
		<dict>
			<key>buildConfigurations</key>
			<array>
				<string>501B04701723A70D00F9A5AD</string>
				<string>501B04711723A70D00F9A5AD</string>
			</array>
			<key>defaultConfigurationIsVisible</key>
			<string>0</string>
			<key>defaultConfigurationName</key>
			<string>Release</string>
			<key>isa</key>
			<string>XCConfigurationList</string>
		</dict>
		<key>501B044B1723A70D00F9A5AD</key>
		<dict>
			<key>buildActionMask</key>
			<string>2147483647</string>
			<key>files</key>
			<array>
				<string>501B045F1723A70D00F9A5AD</string>
				<string>501B04631723A70D00F9A5AD</string>
				<string>501B046F1723A70D00F9A5AD</string>
			</array>
			<key>isa</key>
			<string>PBXSourcesBuildPhase</string>
			<key>runOnlyForDeploymentPostprocessing</key>
			<string>0</string>
		</dict>
		<key>501B044C1723A70D00F9A5AD</key>
		<dict>
			<key>buildActionMask</key>
			<string>2147483647</string>
			<key>files</key>
			<array>
				<string>501B04531723A70D00F9A5AD</string>
				<string>501B04551723A70D00F9A5AD</string>
				<string>501B04571723A70D00F9A5AD</string>
				<string>75F3CF02B979483AB4CF104A</string>
			</array>
			<key>isa</key>
			<string>PBXFrameworksBuildPhase</string>
			<key>runOnlyForDeploymentPostprocessing</key>
			<string>0</string>
		</dict>
		<key>501B044D1723A70D00F9A5AD</key>
		<dict>
			<key>buildActionMask</key>
			<string>2147483647</string>
			<key>files</key>
			<array>
				<string>501B045D1723A70D00F9A5AD</string>
				<string>501B04651723A70D00F9A5AD</string>
				<string>501B04671723A70D00F9A5AD</string>
				<string>501B04691723A70D00F9A5AD</string>
				<string>501B046C1723A70D00F9A5AD</string>
			</array>
			<key>isa</key>
			<string>PBXResourcesBuildPhase</string>
			<key>runOnlyForDeploymentPostprocessing</key>
			<string>0</string>
		</dict>
		<key>501B044E1723A70D00F9A5AD</key>
		<dict>
			<key>buildConfigurationList</key>
			<string>501B04721723A70D00F9A5AD</string>
			<key>buildPhases</key>
			<array>
				<string>501B044B1723A70D00F9A5AD</string>
				<string>501B044C1723A70D00F9A5AD</string>
				<string>501B044D1723A70D00F9A5AD</string>
				<string>57AA3D9C27F4491BA6BB0DDE</string>
			</array>
			<key>buildRules</key>
			<array/>
			<key>dependencies</key>
			<array/>
			<key>isa</key>
			<string>PBXNativeTarget</string>
			<key>name</key>
			<string>HappyEggs</string>
			<key>productName</key>
			<string>HappyEggs</string>
			<key>productReference</key>
			<string>501B044F1723A70D00F9A5AD</string>
			<key>productType</key>
			<string>com.apple.product-type.application</string>
		</dict>
		<key>501B044F1723A70D00F9A5AD</key>
		<dict>
			<key>explicitFileType</key>
			<string>wrapper.application</string>
			<key>includeInIndex</key>
			<string>0</string>
			<key>isa</key>
			<string>PBXFileReference</string>
			<key>path</key>
			<string>HappyEggs.app</string>
			<key>sourceTree</key>
			<string>BUILT_PRODUCTS_DIR</string>
		</dict>
		<key>501B04501723A70D00F9A5AD</key>
		<dict>
			<key>children</key>
			<array>
				<string>501B044F1723A70D00F9A5AD</string>
			</array>
			<key>isa</key>
			<string>PBXGroup</string>
			<key>name</key>
			<string>Products</string>
			<key>sourceTree</key>
			<string>&lt;group&gt;</string>
		</dict>
		<key>501B04511723A70D00F9A5AD</key>
		<dict>
			<key>children</key>
			<array>
				<string>501B04521723A70D00F9A5AD</string>
				<string>501B04541723A70D00F9A5AD</string>
				<string>501B04561723A70D00F9A5AD</string>
				<string>377EB22FE51948FEA10C8E6A</string>
			</array>
			<key>isa</key>
			<string>PBXGroup</string>
			<key>name</key>
			<string>Frameworks</string>
			<key>sourceTree</key>
			<string>&lt;group&gt;</string>
		</dict>
		<key>501B04521723A70D00F9A5AD</key>
		<dict>
			<key>isa</key>
			<string>PBXFileReference</string>
			<key>lastKnownFileType</key>
			<string>wrapper.framework</string>
			<key>name</key>
			<string>UIKit.framework</string>
			<key>path</key>
			<string>System/Library/Frameworks/UIKit.framework</string>
			<key>sourceTree</key>
			<string>SDKROOT</string>
		</dict>
		<key>501B04531723A70D00F9A5AD</key>
		<dict>
			<key>fileRef</key>
			<string>501B04521723A70D00F9A5AD</string>
			<key>isa</key>
			<string>PBXBuildFile</string>
		</dict>
		<key>501B04541723A70D00F9A5AD</key>
		<dict>
			<key>isa</key>
			<string>PBXFileReference</string>
			<key>lastKnownFileType</key>
			<string>wrapper.framework</string>
			<key>name</key>
			<string>Foundation.framework</string>
			<key>path</key>
			<string>System/Library/Frameworks/Foundation.framework</string>
			<key>sourceTree</key>
			<string>SDKROOT</string>
		</dict>
		<key>501B04551723A70D00F9A5AD</key>
		<dict>
			<key>fileRef</key>
			<string>501B04541723A70D00F9A5AD</string>
			<key>isa</key>
			<string>PBXBuildFile</string>
		</dict>
		<key>501B04561723A70D00F9A5AD</key>
		<dict>
			<key>isa</key>
			<string>PBXFileReference</string>
			<key>lastKnownFileType</key>
			<string>wrapper.framework</string>
			<key>name</key>
			<string>CoreGraphics.framework</string>
			<key>path</key>
			<string>System/Library/Frameworks/CoreGraphics.framework</string>
			<key>sourceTree</key>
			<string>SDKROOT</string>
		</dict>
		<key>501B04571723A70D00F9A5AD</key>
		<dict>
			<key>fileRef</key>
			<string>501B04561723A70D00F9A5AD</string>
			<key>isa</key>
			<string>PBXBuildFile</string>
		</dict>
		<key>501B04581723A70D00F9A5AD</key>
		<dict>
			<key>children</key>
			<array>
				<string>501B04611723A70D00F9A5AD</string>
				<string>501B04621723A70D00F9A5AD</string>
				<string>501B046A1723A70D00F9A5AD</string>
				<string>501B046D1723A70D00F9A5AD</string>
				<string>501B046E1723A70D00F9A5AD</string>
				<string>501B04591723A70D00F9A5AD</string>
			</array>
			<key>isa</key>
			<string>PBXGroup</string>
			<key>path</key>
			<string>HappyEggs</string>
			<key>sourceTree</key>
			<string>&lt;group&gt;</string>
		</dict>
		<key>501B04591723A70D00F9A5AD</key>
		<dict>
			<key>children</key>
			<array>
				<string>501B045A1723A70D00F9A5AD</string>
				<string>501B045B1723A70D00F9A5AD</string>
				<string>501B045E1723A70D00F9A5AD</string>
				<string>501B04601723A70D00F9A5AD</string>
				<string>501B04641723A70D00F9A5AD</string>
				<string>501B04661723A70D00F9A5AD</string>
				<string>501B04681723A70D00F9A5AD</string>
			</array>
			<key>isa</key>
			<string>PBXGroup</string>
			<key>name</key>
			<string>Supporting Files</string>
			<key>sourceTree</key>
			<string>&lt;group&gt;</string>
		</dict>
		<key>501B045A1723A70D00F9A5AD</key>
		<dict>
			<key>isa</key>
			<string>PBXFileReference</string>
			<key>lastKnownFileType</key>
			<string>text.plist.xml</string>
			<key>path</key>
			<string>HappyEggs-Info.plist</string>
			<key>sourceTree</key>
			<string>&lt;group&gt;</string>
		</dict>
		<key>501B045B1723A70D00F9A5AD</key>
		<dict>
			<key>children</key>
			<array>
				<string>501B045C1723A70D00F9A5AD</string>
			</array>
			<key>isa</key>
			<string>PBXVariantGroup</string>
			<key>name</key>
			<string>InfoPlist.strings</string>
			<key>sourceTree</key>
			<string>&lt;group&gt;</string>
		</dict>
		<key>501B045C1723A70D00F9A5AD</key>
		<dict>
			<key>isa</key>
			<string>PBXFileReference</string>
			<key>lastKnownFileType</key>
			<string>text.plist.strings</string>
			<key>name</key>
			<string>en</string>
			<key>path</key>
			<string>en.lproj/InfoPlist.strings</string>
			<key>sourceTree</key>
			<string>&lt;group&gt;</string>
		</dict>
		<key>501B045D1723A70D00F9A5AD</key>
		<dict>
			<key>fileRef</key>
			<string>501B045B1723A70D00F9A5AD</string>
			<key>isa</key>
			<string>PBXBuildFile</string>
		</dict>
		<key>501B045E1723A70D00F9A5AD</key>
		<dict>
			<key>isa</key>
			<string>PBXFileReference</string>
			<key>lastKnownFileType</key>
			<string>sourcecode.c.objc</string>
			<key>path</key>
			<string>main.m</string>
			<key>sourceTree</key>
			<string>&lt;group&gt;</string>
		</dict>
		<key>501B045F1723A70D00F9A5AD</key>
		<dict>
			<key>fileRef</key>
			<string>501B045E1723A70D00F9A5AD</string>
			<key>isa</key>
			<string>PBXBuildFile</string>
		</dict>
		<key>501B04601723A70D00F9A5AD</key>
		<dict>
			<key>isa</key>
			<string>PBXFileReference</string>
			<key>lastKnownFileType</key>
			<string>sourcecode.c.h</string>
			<key>path</key>
			<string>HappyEggs-Prefix.pch</string>
			<key>sourceTree</key>
			<string>&lt;group&gt;</string>
		</dict>
		<key>501B04611723A70D00F9A5AD</key>
		<dict>
			<key>isa</key>
			<string>PBXFileReference</string>
			<key>lastKnownFileType</key>
			<string>sourcecode.c.h</string>
			<key>path</key>
			<string>AppDelegate.h</string>
			<key>sourceTree</key>
			<string>&lt;group&gt;</string>
		</dict>
		<key>501B04621723A70D00F9A5AD</key>
		<dict>
			<key>isa</key>
			<string>PBXFileReference</string>
			<key>lastKnownFileType</key>
			<string>sourcecode.c.objc</string>
			<key>path</key>
			<string>AppDelegate.m</string>
			<key>sourceTree</key>
			<string>&lt;group&gt;</string>
		</dict>
		<key>501B04631723A70D00F9A5AD</key>
		<dict>
			<key>fileRef</key>
			<string>501B04621723A70D00F9A5AD</string>
			<key>isa</key>
			<string>PBXBuildFile</string>
		</dict>
		<key>501B04641723A70D00F9A5AD</key>
		<dict>
			<key>isa</key>
			<string>PBXFileReference</string>
			<key>lastKnownFileType</key>
			<string>image.png</string>
			<key>path</key>
			<string>Default.png</string>
			<key>sourceTree</key>
			<string>&lt;group&gt;</string>
		</dict>
		<key>501B04651723A70D00F9A5AD</key>
		<dict>
			<key>fileRef</key>
			<string>501B04641723A70D00F9A5AD</string>
			<key>isa</key>
			<string>PBXBuildFile</string>
		</dict>
		<key>501B04661723A70D00F9A5AD</key>
		<dict>
			<key>isa</key>
			<string>PBXFileReference</string>
			<key>lastKnownFileType</key>
			<string>image.png</string>
			<key>path</key>
			<string>Default@2x.png</string>
			<key>sourceTree</key>
			<string>&lt;group&gt;</string>
		</dict>
		<key>501B04671723A70D00F9A5AD</key>
		<dict>
			<key>fileRef</key>
			<string>501B04661723A70D00F9A5AD</string>
			<key>isa</key>
			<string>PBXBuildFile</string>
		</dict>
		<key>501B04681723A70D00F9A5AD</key>
		<dict>
			<key>isa</key>
			<string>PBXFileReference</string>
			<key>lastKnownFileType</key>
			<string>image.png</string>
			<key>path</key>
			<string>Default-568h@2x.png</string>
			<key>sourceTree</key>
			<string>&lt;group&gt;</string>
		</dict>
		<key>501B04691723A70D00F9A5AD</key>
		<dict>
			<key>fileRef</key>
			<string>501B04681723A70D00F9A5AD</string>
			<key>isa</key>
			<string>PBXBuildFile</string>
		</dict>
		<key>501B046A1723A70D00F9A5AD</key>
		<dict>
			<key>children</key>
			<array>
				<string>501B046B1723A70D00F9A5AD</string>
			</array>
			<key>isa</key>
			<string>PBXVariantGroup</string>
			<key>name</key>
			<string>MainStoryboard.storyboard</string>
			<key>sourceTree</key>
			<string>&lt;group&gt;</string>
		</dict>
		<key>501B046B1723A70D00F9A5AD</key>
		<dict>
			<key>isa</key>
			<string>PBXFileReference</string>
			<key>lastKnownFileType</key>
			<string>file.storyboard</string>
			<key>name</key>
			<string>en</string>
			<key>path</key>
			<string>en.lproj/MainStoryboard.storyboard</string>
			<key>sourceTree</key>
			<string>&lt;group&gt;</string>
		</dict>
		<key>501B046C1723A70D00F9A5AD</key>
		<dict>
			<key>fileRef</key>
			<string>501B046A1723A70D00F9A5AD</string>
			<key>isa</key>
			<string>PBXBuildFile</string>
		</dict>
		<key>501B046D1723A70D00F9A5AD</key>
		<dict>
			<key>isa</key>
			<string>PBXFileReference</string>
			<key>lastKnownFileType</key>
			<string>sourcecode.c.h</string>
			<key>path</key>
			<string>ViewController.h</string>
			<key>sourceTree</key>
			<string>&lt;group&gt;</string>
		</dict>
		<key>501B046E1723A70D00F9A5AD</key>
		<dict>
			<key>isa</key>
			<string>PBXFileReference</string>
			<key>lastKnownFileType</key>
			<string>sourcecode.c.objc</string>
			<key>path</key>
			<string>ViewController.m</string>
			<key>sourceTree</key>
			<string>&lt;group&gt;</string>
		</dict>
		<key>501B046F1723A70D00F9A5AD</key>
		<dict>
			<key>fileRef</key>
			<string>501B046E1723A70D00F9A5AD</string>
			<key>isa</key>
			<string>PBXBuildFile</string>
		</dict>
		<key>501B04701723A70D00F9A5AD</key>
		<dict>
			<key>buildSettings</key>
			<dict>
				<key>ALWAYS_SEARCH_USER_PATHS</key>
				<string>NO</string>
				<key>CLANG_CXX_LANGUAGE_STANDARD</key>
				<string>gnu++0x</string>
				<key>CLANG_CXX_LIBRARY</key>
				<string>libc++</string>
				<key>CLANG_ENABLE_OBJC_ARC</key>
				<string>YES</string>
				<key>CLANG_WARN_CONSTANT_CONVERSION</key>
				<string>YES</string>
				<key>CLANG_WARN_EMPTY_BODY</key>
				<string>YES</string>
				<key>CLANG_WARN_ENUM_CONVERSION</key>
				<string>YES</string>
				<key>CLANG_WARN_INT_CONVERSION</key>
				<string>YES</string>
				<key>CLANG_WARN__DUPLICATE_METHOD_MATCH</key>
				<string>YES</string>
				<key>CODE_SIGN_IDENTITY[sdk=iphoneos*]</key>
				<string>iPhone Developer</string>
				<key>COPY_PHASE_STRIP</key>
				<string>NO</string>
				<key>GCC_C_LANGUAGE_STANDARD</key>
				<string>gnu99</string>
				<key>GCC_DYNAMIC_NO_PIC</key>
				<string>NO</string>
				<key>GCC_OPTIMIZATION_LEVEL</key>
				<string>0</string>
				<key>GCC_PREPROCESSOR_DEFINITIONS</key>
				<array>
					<string>DEBUG=1</string>
					<string>$(inherited)</string>
				</array>
				<key>GCC_SYMBOLS_PRIVATE_EXTERN</key>
				<string>NO</string>
				<key>GCC_WARN_ABOUT_RETURN_TYPE</key>
				<string>YES</string>
				<key>GCC_WARN_UNINITIALIZED_AUTOS</key>
				<string>YES</string>
				<key>GCC_WARN_UNUSED_VARIABLE</key>
				<string>YES</string>
				<key>IPHONEOS_DEPLOYMENT_TARGET</key>
				<string>6.1</string>
				<key>ONLY_ACTIVE_ARCH</key>
				<string>YES</string>
				<key>SDKROOT</key>
				<string>iphoneos</string>
			</dict>
			<key>isa</key>
			<string>XCBuildConfiguration</string>
			<key>name</key>
			<string>Debug</string>
		</dict>
		<key>501B04711723A70D00F9A5AD</key>
		<dict>
			<key>buildSettings</key>
			<dict>
				<key>ALWAYS_SEARCH_USER_PATHS</key>
				<string>NO</string>
				<key>CLANG_CXX_LANGUAGE_STANDARD</key>
				<string>gnu++0x</string>
				<key>CLANG_CXX_LIBRARY</key>
				<string>libc++</string>
				<key>CLANG_ENABLE_OBJC_ARC</key>
				<string>YES</string>
				<key>CLANG_WARN_CONSTANT_CONVERSION</key>
				<string>YES</string>
				<key>CLANG_WARN_EMPTY_BODY</key>
				<string>YES</string>
				<key>CLANG_WARN_ENUM_CONVERSION</key>
				<string>YES</string>
				<key>CLANG_WARN_INT_CONVERSION</key>
				<string>YES</string>
				<key>CLANG_WARN__DUPLICATE_METHOD_MATCH</key>
				<string>YES</string>
				<key>CODE_SIGN_IDENTITY[sdk=iphoneos*]</key>
				<string>iPhone Developer</string>
				<key>COPY_PHASE_STRIP</key>
				<string>YES</string>
				<key>GCC_C_LANGUAGE_STANDARD</key>
				<string>gnu99</string>
				<key>GCC_WARN_ABOUT_RETURN_TYPE</key>
				<string>YES</string>
				<key>GCC_WARN_UNINITIALIZED_AUTOS</key>
				<string>YES</string>
				<key>GCC_WARN_UNUSED_VARIABLE</key>
				<string>YES</string>
				<key>IPHONEOS_DEPLOYMENT_TARGET</key>
				<string>6.1</string>
				<key>OTHER_CFLAGS</key>
				<string>-DNS_BLOCK_ASSERTIONS=1</string>
				<key>SDKROOT</key>
				<string>iphoneos</string>
				<key>VALIDATE_PRODUCT</key>
				<string>YES</string>
			</dict>
			<key>isa</key>
			<string>XCBuildConfiguration</string>
			<key>name</key>
			<string>Release</string>
		</dict>
		<key>501B04721723A70D00F9A5AD</key>
		<dict>
			<key>buildConfigurations</key>
			<array>
				<string>501B04731723A70D00F9A5AD</string>
				<string>501B04741723A70D00F9A5AD</string>
			</array>
			<key>defaultConfigurationIsVisible</key>
			<string>0</string>
			<key>isa</key>
			<string>XCConfigurationList</string>
		</dict>
		<key>501B04731723A70D00F9A5AD</key>
		<dict>
			<key>baseConfigurationReference</key>
			<string>4E2C87221EE34C45A3CA97EC</string>
			<key>buildSettings</key>
			<dict>
				<key>GCC_PRECOMPILE_PREFIX_HEADER</key>
				<string>YES</string>
				<key>GCC_PREFIX_HEADER</key>
				<string>HappyEggs/HappyEggs-Prefix.pch</string>
				<key>INFOPLIST_FILE</key>
				<string>HappyEggs/HappyEggs-Info.plist</string>
				<key>IPHONEOS_DEPLOYMENT_TARGET</key>
				<string>6.0</string>
				<key>PRODUCT_NAME</key>
				<string>$(TARGET_NAME)</string>
				<key>WRAPPER_EXTENSION</key>
				<string>app</string>
			</dict>
			<key>isa</key>
			<string>XCBuildConfiguration</string>
			<key>name</key>
			<string>Debug</string>
		</dict>
		<key>501B04741723A70D00F9A5AD</key>
		<dict>
			<key>baseConfigurationReference</key>
			<string>4E2C87221EE34C45A3CA97EC</string>
			<key>buildSettings</key>
			<dict>
				<key>GCC_PRECOMPILE_PREFIX_HEADER</key>
				<string>YES</string>
				<key>GCC_PREFIX_HEADER</key>
				<string>HappyEggs/HappyEggs-Prefix.pch</string>
				<key>INFOPLIST_FILE</key>
				<string>HappyEggs/HappyEggs-Info.plist</string>
				<key>IPHONEOS_DEPLOYMENT_TARGET</key>
				<string>6.0</string>
				<key>PRODUCT_NAME</key>
				<string>$(TARGET_NAME)</string>
				<key>WRAPPER_EXTENSION</key>
				<string>app</string>
			</dict>
			<key>isa</key>
			<string>XCBuildConfiguration</string>
			<key>name</key>
			<string>Release</string>
		</dict>
		<key>57AA3D9C27F4491BA6BB0DDE</key>
		<dict>
			<key>buildActionMask</key>
			<string>2147483647</string>
			<key>files</key>
			<array/>
			<key>inputPaths</key>
			<array/>
			<key>isa</key>
			<string>PBXShellScriptBuildPhase</string>
			<key>name</key>
			<string>Copy Pods Resources</string>
			<key>outputPaths</key>
			<array/>
			<key>runOnlyForDeploymentPostprocessing</key>
			<string>0</string>
			<key>shellPath</key>
			<string>/bin/sh</string>
			<key>shellScript</key>
			<string>"${SRCROOT}/Pods/Pods-resources.sh"
</string>
			<key>showEnvVarsInLog</key>
			<string>1</string>
		</dict>
		<key>75F3CF02B979483AB4CF104A</key>
		<dict>
			<key>fileRef</key>
			<string>377EB22FE51948FEA10C8E6A</string>
			<key>isa</key>
			<string>PBXBuildFile</string>
			<key>settings</key>
			<dict/>
		</dict>
	</dict>
	<key>rootObject</key>
	<string>501B04471723A70D00F9A5AD</string>
</dict>
</plist>
