// !$*UTF8*$!
{
	archiveVersion = 1;
	classes = {
	};
	objectVersion = 46;
	objects = {

/* Begin PBXBuildFile section */
		5016B2A21724012A00A83CD8 /* libGoogleAnalytics.a in Frameworks */ = {isa = PBXBuildFile; fileRef = 5016B2A01724012A00A83CD8 /* libGoogleAnalytics.a */; };
		5016B2A7172461E400A83CD8 /* AssetsLibrary.framework in Frameworks */ = {isa = PBXBuildFile; fileRef = 5016B2A6172461E400A83CD8 /* AssetsLibrary.framework */; };
		5016B2A917246FB200A83CD8 /* QuartzCore.framework in Frameworks */ = {isa = PBXBuildFile; fileRef = 5016B2A817246FB200A83CD8 /* QuartzCore.framework */; };
		501B04531723A70D00F9A5AD /* UIKit.framework in Frameworks */ = {isa = PBXBuildFile; fileRef = 501B04521723A70D00F9A5AD /* UIKit.framework */; };
		501B04551723A70D00F9A5AD /* Foundation.framework in Frameworks */ = {isa = PBXBuildFile; fileRef = 501B04541723A70D00F9A5AD /* Foundation.framework */; };
		501B04571723A70D00F9A5AD /* CoreGraphics.framework in Frameworks */ = {isa = PBXBuildFile; fileRef = 501B04561723A70D00F9A5AD /* CoreGraphics.framework */; };
		501B045D1723A70D00F9A5AD /* InfoPlist.strings in Resources */ = {isa = PBXBuildFile; fileRef = 501B045B1723A70D00F9A5AD /* InfoPlist.strings */; };
		501B045F1723A70D00F9A5AD /* main.m in Sources */ = {isa = PBXBuildFile; fileRef = 501B045E1723A70D00F9A5AD /* main.m */; };
		501B04631723A70D00F9A5AD /* AppDelegate.m in Sources */ = {isa = PBXBuildFile; fileRef = 501B04621723A70D00F9A5AD /* AppDelegate.m */; };
		501B046C1723A70D00F9A5AD /* MainStoryboard.storyboard in Resources */ = {isa = PBXBuildFile; fileRef = 501B046A1723A70D00F9A5AD /* MainStoryboard.storyboard */; };
		509019481723ABB000902DEB /* DataBase.xcdatamodeld in Sources */ = {isa = PBXBuildFile; fileRef = 509019461723ABB000902DEB /* DataBase.xcdatamodeld */; };
		509019501723AD1500902DEB /* Egg.m in Sources */ = {isa = PBXBuildFile; fileRef = 5090194C1723AD1500902DEB /* Egg.m */; };
		509019511723AD1500902DEB /* _Egg.m in Sources */ = {isa = PBXBuildFile; fileRef = 5090194F1723AD1500902DEB /* _Egg.m */; };
		509019531723AD6700902DEB /* CoreData.framework in Frameworks */ = {isa = PBXBuildFile; fileRef = 509019521723AD6700902DEB /* CoreData.framework */; };
		509019571723AEE200902DEB /* SystemConfiguration.framework in Frameworks */ = {isa = PBXBuildFile; fileRef = 509019561723AEE200902DEB /* SystemConfiguration.framework */; };
		509019591723AEE800902DEB /* MobileCoreServices.framework in Frameworks */ = {isa = PBXBuildFile; fileRef = 509019581723AEE800902DEB /* MobileCoreServices.framework */; };
		5090195C1723AFC300902DEB /* HEggHomePageVC.m in Sources */ = {isa = PBXBuildFile; fileRef = 5090195B1723AFC300902DEB /* HEggHomePageVC.m */; };
		509019671723BA9400902DEB /* HEggCell.m in Sources */ = {isa = PBXBuildFile; fileRef = 509019661723BA9400902DEB /* HEggCell.m */; };
		509019691723C1A600902DEB /* CFNetwork.framework in Frameworks */ = {isa = PBXBuildFile; fileRef = 509019681723C1A600902DEB /* CFNetwork.framework */; };
		5090196B1723C1AD00902DEB /* CoreLocation.framework in Frameworks */ = {isa = PBXBuildFile; fileRef = 5090196A1723C1AC00902DEB /* CoreLocation.framework */; };
		5090196D1723C1BA00902DEB /* AudioToolbox.framework in Frameworks */ = {isa = PBXBuildFile; fileRef = 5090196C1723C1BA00902DEB /* AudioToolbox.framework */; };
		509019711723C2E200902DEB /* libBump.a in Frameworks */ = {isa = PBXBuildFile; fileRef = 509019701723C2E200902DEB /* libBump.a */; };
		5090198C1723C62000902DEB /* NSObject+SBJson.m in Sources */ = {isa = PBXBuildFile; fileRef = 509019741723C62000902DEB /* NSObject+SBJson.m */; settings = {COMPILER_FLAGS = "-fno-objc-arc"; }; };
		5090198D1723C62000902DEB /* SBJsonParser.m in Sources */ = {isa = PBXBuildFile; fileRef = 509019771723C62000902DEB /* SBJsonParser.m */; settings = {COMPILER_FLAGS = "-fno-objc-arc"; }; };
		5090198E1723C62000902DEB /* SBJsonStreamParser.m in Sources */ = {isa = PBXBuildFile; fileRef = 509019791723C62000902DEB /* SBJsonStreamParser.m */; settings = {COMPILER_FLAGS = "-fno-objc-arc"; }; };
		5090198F1723C62000902DEB /* SBJsonStreamParserAccumulator.m in Sources */ = {isa = PBXBuildFile; fileRef = 5090197B1723C62000902DEB /* SBJsonStreamParserAccumulator.m */; settings = {COMPILER_FLAGS = "-fno-objc-arc"; }; };
		509019901723C62000902DEB /* SBJsonStreamParserAdapter.m in Sources */ = {isa = PBXBuildFile; fileRef = 5090197D1723C62000902DEB /* SBJsonStreamParserAdapter.m */; settings = {COMPILER_FLAGS = "-fno-objc-arc"; }; };
		509019911723C62000902DEB /* SBJsonStreamParserState.m in Sources */ = {isa = PBXBuildFile; fileRef = 5090197F1723C62000902DEB /* SBJsonStreamParserState.m */; settings = {COMPILER_FLAGS = "-fno-objc-arc"; }; };
		509019921723C62000902DEB /* SBJsonStreamWriter.m in Sources */ = {isa = PBXBuildFile; fileRef = 509019811723C62000902DEB /* SBJsonStreamWriter.m */; settings = {COMPILER_FLAGS = "-fno-objc-arc"; }; };
		509019931723C62000902DEB /* SBJsonStreamWriterAccumulator.m in Sources */ = {isa = PBXBuildFile; fileRef = 509019831723C62000902DEB /* SBJsonStreamWriterAccumulator.m */; settings = {COMPILER_FLAGS = "-fno-objc-arc"; }; };
		509019941723C62000902DEB /* SBJsonStreamWriterState.m in Sources */ = {isa = PBXBuildFile; fileRef = 509019851723C62000902DEB /* SBJsonStreamWriterState.m */; settings = {COMPILER_FLAGS = "-fno-objc-arc"; }; };
		509019951723C62000902DEB /* SBJsonTokeniser.m in Sources */ = {isa = PBXBuildFile; fileRef = 509019871723C62000902DEB /* SBJsonTokeniser.m */; settings = {COMPILER_FLAGS = "-fno-objc-arc"; }; };
		509019961723C62000902DEB /* SBJsonUTF8Stream.m in Sources */ = {isa = PBXBuildFile; fileRef = 509019891723C62000902DEB /* SBJsonUTF8Stream.m */; settings = {COMPILER_FLAGS = "-fno-objc-arc"; }; };
		509019971723C62000902DEB /* SBJsonWriter.m in Sources */ = {isa = PBXBuildFile; fileRef = 5090198B1723C62000902DEB /* SBJsonWriter.m */; settings = {COMPILER_FLAGS = "-fno-objc-arc"; }; };
		50944F7017306AC40091E08E /* bottom_background.png in Resources */ = {isa = PBXBuildFile; fileRef = 50944F4817306AC40091E08E /* bottom_background.png */; };
		50944F7117306AC40091E08E /* bottom_background@2x.png in Resources */ = {isa = PBXBuildFile; fileRef = 50944F4917306AC40091E08E /* bottom_background@2x.png */; };
		50944F7217306AC40091E08E /* egg_iphone.png in Resources */ = {isa = PBXBuildFile; fileRef = 50944F4A17306AC40091E08E /* egg_iphone.png */; };
		50944F7317306AC40091E08E /* egg_iphone@2x.png in Resources */ = {isa = PBXBuildFile; fileRef = 50944F4B17306AC40091E08E /* egg_iphone@2x.png */; };
		50944F7417306AC40091E08E /* egg_iphone_5@2x.png in Resources */ = {isa = PBXBuildFile; fileRef = 50944F4C17306AC40091E08E /* egg_iphone_5@2x.png */; };
		50944F7517306AC40091E08E /* small_egg.png in Resources */ = {isa = PBXBuildFile; fileRef = 50944F4D17306AC40091E08E /* small_egg.png */; };
		50944F7617306AC40091E08E /* small_egg@2x.png in Resources */ = {isa = PBXBuildFile; fileRef = 50944F4E17306AC40091E08E /* small_egg@2x.png */; };
		50944F8717306AC40091E08E /* first_scratch.png in Resources */ = {isa = PBXBuildFile; fileRef = 50944F6317306AC40091E08E /* first_scratch.png */; };
		50944F8817306AC40091E08E /* first_scratch@2x.png in Resources */ = {isa = PBXBuildFile; fileRef = 50944F6417306AC40091E08E /* first_scratch@2x.png */; };
		50944F8917306AC40091E08E /* first_scratch_iphone_5@2x.png in Resources */ = {isa = PBXBuildFile; fileRef = 50944F6517306AC40091E08E /* first_scratch_iphone_5@2x.png */; };
		50944F8A17306AC40091E08E /* second_scratch.png in Resources */ = {isa = PBXBuildFile; fileRef = 50944F6617306AC40091E08E /* second_scratch.png */; };
		50944F8B17306AC40091E08E /* second_scratch@2x.png in Resources */ = {isa = PBXBuildFile; fileRef = 50944F6717306AC40091E08E /* second_scratch@2x.png */; };
		50944F8C17306AC40091E08E /* second_scratch_iphone_5@2x.png in Resources */ = {isa = PBXBuildFile; fileRef = 50944F6817306AC40091E08E /* second_scratch_iphone_5@2x.png */; };
		50944F8D17306AC40091E08E /* third_scratch.png in Resources */ = {isa = PBXBuildFile; fileRef = 50944F6917306AC40091E08E /* third_scratch.png */; };
		50944F8E17306AC40091E08E /* third_scratch@2x.png in Resources */ = {isa = PBXBuildFile; fileRef = 50944F6A17306AC40091E08E /* third_scratch@2x.png */; };
		50944F8F17306AC40091E08E /* third_scratch_iphone_5@2x.png in Resources */ = {isa = PBXBuildFile; fileRef = 50944F6B17306AC40091E08E /* third_scratch_iphone_5@2x.png */; };
		50944F9017306AC40091E08E /* Default.png in Resources */ = {isa = PBXBuildFile; fileRef = 50944F6D17306AC40091E08E /* Default.png */; };
		50944F9117306AC40091E08E /* Default@2x.png in Resources */ = {isa = PBXBuildFile; fileRef = 50944F6E17306AC40091E08E /* Default@2x.png */; };
		50944F9217306AC40091E08E /* Easter-Eggs1136x640.jpg in Resources */ = {isa = PBXBuildFile; fileRef = 50944F6F17306AC40091E08E /* Easter-Eggs1136x640.jpg */; };
		50944F9417306CD10091E08E /* icon.png in Resources */ = {isa = PBXBuildFile; fileRef = 50944F9317306CD10091E08E /* icon.png */; };
		50944F9617306CD70091E08E /* icon@2x.png in Resources */ = {isa = PBXBuildFile; fileRef = 50944F9517306CD70091E08E /* icon@2x.png */; };
		50944F9817306DD70091E08E /* Default-568h@2x.png in Resources */ = {isa = PBXBuildFile; fileRef = 50944F9717306DD70091E08E /* Default-568h@2x.png */; };
		50944FA1173082200091E08E /* 1.jpg in Resources */ = {isa = PBXBuildFile; fileRef = 50944F99173082200091E08E /* 1.jpg */; };
		50944FA2173082200091E08E /* 2.jpg in Resources */ = {isa = PBXBuildFile; fileRef = 50944F9A173082200091E08E /* 2.jpg */; };
		50944FA3173082200091E08E /* 3.jpg in Resources */ = {isa = PBXBuildFile; fileRef = 50944F9B173082200091E08E /* 3.jpg */; };
		50944FA4173082200091E08E /* 4.jpg in Resources */ = {isa = PBXBuildFile; fileRef = 50944F9C173082200091E08E /* 4.jpg */; };
		50944FA5173082200091E08E /* 5.jpg in Resources */ = {isa = PBXBuildFile; fileRef = 50944F9D173082200091E08E /* 5.jpg */; };
		50944FA6173082200091E08E /* 6.jpg in Resources */ = {isa = PBXBuildFile; fileRef = 50944F9E173082200091E08E /* 6.jpg */; };
		50944FA7173082200091E08E /* 7.jpg in Resources */ = {isa = PBXBuildFile; fileRef = 50944F9F173082200091E08E /* 7.jpg */; };
		50944FA8173082200091E08E /* 8.jpg in Resources */ = {isa = PBXBuildFile; fileRef = 50944FA0173082200091E08E /* 8.jpg */; };
		50944FAC173094530091E08E /* HEggLoginVC.m in Sources */ = {isa = PBXBuildFile; fileRef = 50944FAB173094530091E08E /* HEggLoginVC.m */; };
		50944FAE1730A0DE0091E08E /* splash_background_5@2x.png in Resources */ = {isa = PBXBuildFile; fileRef = 50944FAD1730A0DE0091E08E /* splash_background_5@2x.png */; };
		50E946BE1745E1AB00E0E519 /* Changelog.txt in Resources */ = {isa = PBXBuildFile; fileRef = 50E946621745E1AA00E0E519 /* Changelog.txt */; };
		50E946BF1745E1AB00E0E519 /* GAI.html in Resources */ = {isa = PBXBuildFile; fileRef = 50E946661745E1AA00E0E519 /* GAI.html */; };
		50E946C01745E1AB00E0E519 /* GAITrackedViewController.html in Resources */ = {isa = PBXBuildFile; fileRef = 50E946671745E1AA00E0E519 /* GAITrackedViewController.html */; };
		50E946C11745E1AB00E0E519 /* GAITransaction.html in Resources */ = {isa = PBXBuildFile; fileRef = 50E946681745E1AA00E0E519 /* GAITransaction.html */; };
		50E946C21745E1AB00E0E519 /* GAITransactionItem.html in Resources */ = {isa = PBXBuildFile; fileRef = 50E946691745E1AA00E0E519 /* GAITransactionItem.html */; };
		50E946C31745E1AB00E0E519 /* styles.css in Resources */ = {isa = PBXBuildFile; fileRef = 50E9466B1745E1AA00E0E519 /* styles.css */; };
		50E946C41745E1AB00E0E519 /* stylesPrint.css in Resources */ = {isa = PBXBuildFile; fileRef = 50E9466C1745E1AA00E0E519 /* stylesPrint.css */; };
		50E946C51745E1AB00E0E519 /* hierarchy.html in Resources */ = {isa = PBXBuildFile; fileRef = 50E9466D1745E1AA00E0E519 /* hierarchy.html */; };
		50E946C61745E1AB00E0E519 /* button_bar_background.png in Resources */ = {isa = PBXBuildFile; fileRef = 50E9466F1745E1AA00E0E519 /* button_bar_background.png */; };
		50E946C71745E1AB00E0E519 /* disclosure.png in Resources */ = {isa = PBXBuildFile; fileRef = 50E946701745E1AA00E0E519 /* disclosure.png */; };
		50E946C81745E1AB00E0E519 /* disclosure_open.png in Resources */ = {isa = PBXBuildFile; fileRef = 50E946711745E1AA00E0E519 /* disclosure_open.png */; };
		50E946C91745E1AB00E0E519 /* library_background.png in Resources */ = {isa = PBXBuildFile; fileRef = 50E946721745E1AA00E0E519 /* library_background.png */; };
		50E946CA1745E1AB00E0E519 /* title_background.png in Resources */ = {isa = PBXBuildFile; fileRef = 50E946731745E1AA00E0E519 /* title_background.png */; };
		50E946CB1745E1AB00E0E519 /* index.html in Resources */ = {isa = PBXBuildFile; fileRef = 50E946741745E1AA00E0E519 /* index.html */; };
		50E946CC1745E1AB00E0E519 /* GAITracker.html in Resources */ = {isa = PBXBuildFile; fileRef = 50E946761745E1AA00E0E519 /* GAITracker.html */; };
		50E946CD1745E1AB00E0E519 /* AppDelegate.m in Sources */ = {isa = PBXBuildFile; fileRef = 50E9467A1745E1AA00E0E519 /* AppDelegate.m */; };
		50E946CE1745E1AB00E0E519 /* CategoryViewController.m in Sources */ = {isa = PBXBuildFile; fileRef = 50E9467C1745E1AA00E0E519 /* CategoryViewController.m */; };
		50E946CF1745E1AB00E0E519 /* CategoryViewController_iPad.xib in Resources */ = {isa = PBXBuildFile; fileRef = 50E9467D1745E1AA00E0E519 /* CategoryViewController_iPad.xib */; };
		50E946D01745E1AB00E0E519 /* CategoryViewController_iPhone.xib in Resources */ = {isa = PBXBuildFile; fileRef = 50E9467E1745E1AA00E0E519 /* CategoryViewController_iPhone.xib */; };
		50E946D11745E1AB00E0E519 /* CuteAnimals-Info.plist in Resources */ = {isa = PBXBuildFile; fileRef = 50E9467F1745E1AA00E0E519 /* CuteAnimals-Info.plist */; };
		50E946D21745E1AB00E0E519 /* Bunny-1.jpg in Resources */ = {isa = PBXBuildFile; fileRef = 50E946851745E1AA00E0E519 /* Bunny-1.jpg */; };
		50E946D31745E1AB00E0E519 /* Bunny-2.jpg in Resources */ = {isa = PBXBuildFile; fileRef = 50E946861745E1AA00E0E519 /* Bunny-2.jpg */; };
		50E946D41745E1AB00E0E519 /* Bunny-3.jpg in Resources */ = {isa = PBXBuildFile; fileRef = 50E946871745E1AA00E0E519 /* Bunny-3.jpg */; };
		50E946D51745E1AB00E0E519 /* Cat-1.jpg in Resources */ = {isa = PBXBuildFile; fileRef = 50E946881745E1AA00E0E519 /* Cat-1.jpg */; };
		50E946D61745E1AB00E0E519 /* Cat-2.jpg in Resources */ = {isa = PBXBuildFile; fileRef = 50E946891745E1AA00E0E519 /* Cat-2.jpg */; };
		50E946D71745E1AB00E0E519 /* Cat-3.jpg in Resources */ = {isa = PBXBuildFile; fileRef = 50E9468A1745E1AA00E0E519 /* Cat-3.jpg */; };
		50E946D81745E1AB00E0E519 /* Cat-4.jpg in Resources */ = {isa = PBXBuildFile; fileRef = 50E9468B1745E1AA00E0E519 /* Cat-4.jpg */; };
		50E946D91745E1AB00E0E519 /* Lion-1.jpg in Resources */ = {isa = PBXBuildFile; fileRef = 50E9468C1745E1AA00E0E519 /* Lion-1.jpg */; };
		50E946DA1745E1AB00E0E519 /* Lion-2.jpg in Resources */ = {isa = PBXBuildFile; fileRef = 50E9468D1745E1AA00E0E519 /* Lion-2.jpg */; };
		50E946DB1745E1AB00E0E519 /* Lion-3.jpg in Resources */ = {isa = PBXBuildFile; fileRef = 50E9468E1745E1AA00E0E519 /* Lion-3.jpg */; };
		50E946DC1745E1AB00E0E519 /* Lion-4.jpg in Resources */ = {isa = PBXBuildFile; fileRef = 50E9468F1745E1AA00E0E519 /* Lion-4.jpg */; };
		50E946DD1745E1AB00E0E519 /* Monkey-1.jpg in Resources */ = {isa = PBXBuildFile; fileRef = 50E946901745E1AA00E0E519 /* Monkey-1.jpg */; };
		50E946DE1745E1AB00E0E519 /* Monkey-2.jpg in Resources */ = {isa = PBXBuildFile; fileRef = 50E946911745E1AA00E0E519 /* Monkey-2.jpg */; };
		50E946DF1745E1AB00E0E519 /* Monkey-3.jpg in Resources */ = {isa = PBXBuildFile; fileRef = 50E946921745E1AA00E0E519 /* Monkey-3.jpg */; };
		50E946E01745E1AB00E0E519 /* Monkey-4.jpg in Resources */ = {isa = PBXBuildFile; fileRef = 50E946931745E1AA00E0E519 /* Monkey-4.jpg */; };
		50E946E11745E1AB00E0E519 /* Monkey-5.jpg in Resources */ = {isa = PBXBuildFile; fileRef = 50E946941745E1AA00E0E519 /* Monkey-5.jpg */; };
		50E946E21745E1AB00E0E519 /* Tiger-1.jpg in Resources */ = {isa = PBXBuildFile; fileRef = 50E946951745E1AA00E0E519 /* Tiger-1.jpg */; };
		50E946E31745E1AB00E0E519 /* Tiger-2.jpg in Resources */ = {isa = PBXBuildFile; fileRef = 50E946961745E1AA00E0E519 /* Tiger-2.jpg */; };
		50E946E41745E1AB00E0E519 /* ImageViewController.m in Sources */ = {isa = PBXBuildFile; fileRef = 50E946981745E1AA00E0E519 /* ImageViewController.m */; };
		50E946E51745E1AB00E0E519 /* main.m in Sources */ = {isa = PBXBuildFile; fileRef = 50E946991745E1AA00E0E519 /* main.m */; };
		50E946E61745E1AB00E0E519 /* NavController.m in Sources */ = {isa = PBXBuildFile; fileRef = 50E9469B1745E1AA00E0E519 /* NavController.m */; };
		50E946E71745E1AB00E0E519 /* Readme.txt in Resources */ = {isa = PBXBuildFile; fileRef = 50E9469C1745E1AA00E0E519 /* Readme.txt */; };
		50E946E81745E1AB00E0E519 /* RootViewController.m in Sources */ = {isa = PBXBuildFile; fileRef = 50E9469E1745E1AA00E0E519 /* RootViewController.m */; };
		50E946E91745E1AB00E0E519 /* RootViewController.xib in Resources */ = {isa = PBXBuildFile; fileRef = 50E9469F1745E1AA00E0E519 /* RootViewController.xib */; };
		50E946EA1745E1AB00E0E519 /* libGoogleAnalytics.a in Frameworks */ = {isa = PBXBuildFile; fileRef = 50E946A61745E1AB00E0E519 /* libGoogleAnalytics.a */; };
		50E946EB1745E1AB00E0E519 /* libGoogleAnalytics_debug.a in Frameworks */ = {isa = PBXBuildFile; fileRef = 50E946A71745E1AB00E0E519 /* libGoogleAnalytics_debug.a */; };
		50E946EC1745E1AB00E0E519 /* Readme.txt in Resources */ = {isa = PBXBuildFile; fileRef = 50E946A81745E1AB00E0E519 /* Readme.txt */; };
		50E946ED1745E1AB00E0E519 /* libGoogleAdMobAds.a in Frameworks */ = {isa = PBXBuildFile; fileRef = 50E946BC1745E1AB00E0E519 /* libGoogleAdMobAds.a */; };
		50E946EE1745E1AB00E0E519 /* README.txt in Resources */ = {isa = PBXBuildFile; fileRef = 50E946BD1745E1AB00E0E519 /* README.txt */; };
		50ED8C96172FD75500F70A80 /* HEggHelperMethods.m in Sources */ = {isa = PBXBuildFile; fileRef = 50ED8C95172FD75500F70A80 /* HEggHelperMethods.m */; };
		50ED8C99172FD94500F70A80 /* LBChildBrowserViewController.m in Sources */ = {isa = PBXBuildFile; fileRef = 50ED8C98172FD94500F70A80 /* LBChildBrowserViewController.m */; };
		75F3CF02B979483AB4CF104A /* libPods.a in Frameworks */ = {isa = PBXBuildFile; fileRef = 377EB22FE51948FEA10C8E6A /* libPods.a */; };
/* End PBXBuildFile section */

/* Begin PBXContainerItemProxy section */
		50E946F01745E1AB00E0E519 /* PBXContainerItemProxy */ = {
			isa = PBXContainerItemProxy;
			containerPortal = 50E946811745E1AA00E0E519 /* CuteAnimals.xcodeproj */;
			proxyType = 2;
			remoteGlobalIDString = 113B6EE3153E1F0B003CAC38;
			remoteInfo = CuteAnimals;
		};
/* End PBXContainerItemProxy section */

/* Begin PBXFileReference section */
		377EB22FE51948FEA10C8E6A /* libPods.a */ = {isa = PBXFileReference; explicitFileType = archive.ar; includeInIndex = 0; path = libPods.a; sourceTree = BUILT_PRODUCTS_DIR; };
		4E2C87221EE34C45A3CA97EC /* Pods.xcconfig */ = {isa = PBXFileReference; includeInIndex = 1; lastKnownFileType = text.xcconfig; name = Pods.xcconfig; path = Pods/Pods.xcconfig; sourceTree = SOURCE_ROOT; };
		5016B29B1724012A00A83CD8 /* GAI.h */ = {isa = PBXFileReference; fileEncoding = 4; lastKnownFileType = sourcecode.c.h; path = GAI.h; sourceTree = "<group>"; };
		5016B29C1724012A00A83CD8 /* GAITrackedViewController.h */ = {isa = PBXFileReference; fileEncoding = 4; lastKnownFileType = sourcecode.c.h; path = GAITrackedViewController.h; sourceTree = "<group>"; };
		5016B29D1724012A00A83CD8 /* GAITracker.h */ = {isa = PBXFileReference; fileEncoding = 4; lastKnownFileType = sourcecode.c.h; path = GAITracker.h; sourceTree = "<group>"; };
		5016B29E1724012A00A83CD8 /* GAITransaction.h */ = {isa = PBXFileReference; fileEncoding = 4; lastKnownFileType = sourcecode.c.h; path = GAITransaction.h; sourceTree = "<group>"; };
		5016B29F1724012A00A83CD8 /* GAITransactionItem.h */ = {isa = PBXFileReference; fileEncoding = 4; lastKnownFileType = sourcecode.c.h; path = GAITransactionItem.h; sourceTree = "<group>"; };
		5016B2A01724012A00A83CD8 /* libGoogleAnalytics.a */ = {isa = PBXFileReference; lastKnownFileType = archive.ar; path = libGoogleAnalytics.a; sourceTree = "<group>"; };
		5016B2A6172461E400A83CD8 /* AssetsLibrary.framework */ = {isa = PBXFileReference; lastKnownFileType = wrapper.framework; name = AssetsLibrary.framework; path = System/Library/Frameworks/AssetsLibrary.framework; sourceTree = SDKROOT; };
		5016B2A817246FB200A83CD8 /* QuartzCore.framework */ = {isa = PBXFileReference; lastKnownFileType = wrapper.framework; name = QuartzCore.framework; path = System/Library/Frameworks/QuartzCore.framework; sourceTree = SDKROOT; };
		501B044F1723A70D00F9A5AD /* Happy Eggs.app */ = {isa = PBXFileReference; explicitFileType = wrapper.application; includeInIndex = 0; path = "Happy Eggs.app"; sourceTree = BUILT_PRODUCTS_DIR; };
		501B04521723A70D00F9A5AD /* UIKit.framework */ = {isa = PBXFileReference; lastKnownFileType = wrapper.framework; name = UIKit.framework; path = System/Library/Frameworks/UIKit.framework; sourceTree = SDKROOT; };
		501B04541723A70D00F9A5AD /* Foundation.framework */ = {isa = PBXFileReference; lastKnownFileType = wrapper.framework; name = Foundation.framework; path = System/Library/Frameworks/Foundation.framework; sourceTree = SDKROOT; };
		501B04561723A70D00F9A5AD /* CoreGraphics.framework */ = {isa = PBXFileReference; lastKnownFileType = wrapper.framework; name = CoreGraphics.framework; path = System/Library/Frameworks/CoreGraphics.framework; sourceTree = SDKROOT; };
		501B045A1723A70D00F9A5AD /* HappyEggs-Info.plist */ = {isa = PBXFileReference; lastKnownFileType = text.plist.xml; path = "HappyEggs-Info.plist"; sourceTree = "<group>"; };
		501B045C1723A70D00F9A5AD /* en */ = {isa = PBXFileReference; lastKnownFileType = text.plist.strings; name = en; path = en.lproj/InfoPlist.strings; sourceTree = "<group>"; };
		501B045E1723A70D00F9A5AD /* main.m */ = {isa = PBXFileReference; lastKnownFileType = sourcecode.c.objc; path = main.m; sourceTree = "<group>"; };
		501B04601723A70D00F9A5AD /* HappyEggs-Prefix.pch */ = {isa = PBXFileReference; lastKnownFileType = sourcecode.c.h; path = "HappyEggs-Prefix.pch"; sourceTree = "<group>"; };
		501B04611723A70D00F9A5AD /* AppDelegate.h */ = {isa = PBXFileReference; lastKnownFileType = sourcecode.c.h; path = AppDelegate.h; sourceTree = "<group>"; };
		501B04621723A70D00F9A5AD /* AppDelegate.m */ = {isa = PBXFileReference; lastKnownFileType = sourcecode.c.objc; path = AppDelegate.m; sourceTree = "<group>"; };
		501B04641723A70D00F9A5AD /* Default.png */ = {isa = PBXFileReference; lastKnownFileType = image.png; path = Default.png; sourceTree = "<group>"; };
		501B04661723A70D00F9A5AD /* Default@2x.png */ = {isa = PBXFileReference; lastKnownFileType = image.png; path = "Default@2x.png"; sourceTree = "<group>"; };
		501B04681723A70D00F9A5AD /* Default-568h@2x.png */ = {isa = PBXFileReference; lastKnownFileType = image.png; path = "Default-568h@2x.png"; sourceTree = "<group>"; };
		501B046B1723A70D00F9A5AD /* en */ = {isa = PBXFileReference; lastKnownFileType = file.storyboard; name = en; path = en.lproj/MainStoryboard.storyboard; sourceTree = "<group>"; };
		509019471723ABB000902DEB /* DataBase.xcdatamodel */ = {isa = PBXFileReference; lastKnownFileType = wrapper.xcdatamodel; path = DataBase.xcdatamodel; sourceTree = "<group>"; };
		5090194B1723AD1500902DEB /* Egg.h */ = {isa = PBXFileReference; fileEncoding = 4; lastKnownFileType = sourcecode.c.h; path = Egg.h; sourceTree = "<group>"; };
		5090194C1723AD1500902DEB /* Egg.m */ = {isa = PBXFileReference; fileEncoding = 4; lastKnownFileType = sourcecode.c.objc; path = Egg.m; sourceTree = "<group>"; };
		5090194E1723AD1500902DEB /* _Egg.h */ = {isa = PBXFileReference; fileEncoding = 4; lastKnownFileType = sourcecode.c.h; path = _Egg.h; sourceTree = "<group>"; };
		5090194F1723AD1500902DEB /* _Egg.m */ = {isa = PBXFileReference; fileEncoding = 4; lastKnownFileType = sourcecode.c.objc; path = _Egg.m; sourceTree = "<group>"; };
		509019521723AD6700902DEB /* CoreData.framework */ = {isa = PBXFileReference; lastKnownFileType = wrapper.framework; name = CoreData.framework; path = System/Library/Frameworks/CoreData.framework; sourceTree = SDKROOT; };
		509019541723AE5800902DEB /* HEggDefentitions.h */ = {isa = PBXFileReference; fileEncoding = 4; lastKnownFileType = sourcecode.c.h; name = HEggDefentitions.h; path = HappyEggs/Helpers/HEggDefentitions.h; sourceTree = "<group>"; };
		509019561723AEE200902DEB /* SystemConfiguration.framework */ = {isa = PBXFileReference; lastKnownFileType = wrapper.framework; name = SystemConfiguration.framework; path = System/Library/Frameworks/SystemConfiguration.framework; sourceTree = SDKROOT; };
		509019581723AEE800902DEB /* MobileCoreServices.framework */ = {isa = PBXFileReference; lastKnownFileType = wrapper.framework; name = MobileCoreServices.framework; path = System/Library/Frameworks/MobileCoreServices.framework; sourceTree = SDKROOT; };
		5090195A1723AFC300902DEB /* HEggHomePageVC.h */ = {isa = PBXFileReference; fileEncoding = 4; lastKnownFileType = sourcecode.c.h; name = HEggHomePageVC.h; path = HappyEggs/Controllers/HEggHomePageVC.h; sourceTree = "<group>"; };
		5090195B1723AFC300902DEB /* HEggHomePageVC.m */ = {isa = PBXFileReference; fileEncoding = 4; lastKnownFileType = sourcecode.c.objc; name = HEggHomePageVC.m; path = HappyEggs/Controllers/HEggHomePageVC.m; sourceTree = "<group>"; };
		509019651723BA9400902DEB /* HEggCell.h */ = {isa = PBXFileReference; fileEncoding = 4; lastKnownFileType = sourcecode.c.h; name = HEggCell.h; path = Views/HEggCell.h; sourceTree = "<group>"; };
		509019661723BA9400902DEB /* HEggCell.m */ = {isa = PBXFileReference; fileEncoding = 4; lastKnownFileType = sourcecode.c.objc; name = HEggCell.m; path = Views/HEggCell.m; sourceTree = "<group>"; };
		509019681723C1A600902DEB /* CFNetwork.framework */ = {isa = PBXFileReference; lastKnownFileType = wrapper.framework; name = CFNetwork.framework; path = System/Library/Frameworks/CFNetwork.framework; sourceTree = SDKROOT; };
		5090196A1723C1AC00902DEB /* CoreLocation.framework */ = {isa = PBXFileReference; lastKnownFileType = wrapper.framework; name = CoreLocation.framework; path = System/Library/Frameworks/CoreLocation.framework; sourceTree = SDKROOT; };
		5090196C1723C1BA00902DEB /* AudioToolbox.framework */ = {isa = PBXFileReference; lastKnownFileType = wrapper.framework; name = AudioToolbox.framework; path = System/Library/Frameworks/AudioToolbox.framework; sourceTree = SDKROOT; };
		5090196F1723C2E200902DEB /* BumpClient.h */ = {isa = PBXFileReference; fileEncoding = 4; lastKnownFileType = sourcecode.c.h; path = BumpClient.h; sourceTree = "<group>"; };
		509019701723C2E200902DEB /* libBump.a */ = {isa = PBXFileReference; lastKnownFileType = archive.ar; path = libBump.a; sourceTree = "<group>"; };
		509019731723C62000902DEB /* NSObject+SBJson.h */ = {isa = PBXFileReference; fileEncoding = 4; lastKnownFileType = sourcecode.c.h; path = "NSObject+SBJson.h"; sourceTree = "<group>"; };
		509019741723C62000902DEB /* NSObject+SBJson.m */ = {isa = PBXFileReference; fileEncoding = 4; lastKnownFileType = sourcecode.c.objc; path = "NSObject+SBJson.m"; sourceTree = "<group>"; };
		509019751723C62000902DEB /* SBJson.h */ = {isa = PBXFileReference; fileEncoding = 4; lastKnownFileType = sourcecode.c.h; path = SBJson.h; sourceTree = "<group>"; };
		509019761723C62000902DEB /* SBJsonParser.h */ = {isa = PBXFileReference; fileEncoding = 4; lastKnownFileType = sourcecode.c.h; path = SBJsonParser.h; sourceTree = "<group>"; };
		509019771723C62000902DEB /* SBJsonParser.m */ = {isa = PBXFileReference; fileEncoding = 4; lastKnownFileType = sourcecode.c.objc; path = SBJsonParser.m; sourceTree = "<group>"; };
		509019781723C62000902DEB /* SBJsonStreamParser.h */ = {isa = PBXFileReference; fileEncoding = 4; lastKnownFileType = sourcecode.c.h; path = SBJsonStreamParser.h; sourceTree = "<group>"; };
		509019791723C62000902DEB /* SBJsonStreamParser.m */ = {isa = PBXFileReference; fileEncoding = 4; lastKnownFileType = sourcecode.c.objc; path = SBJsonStreamParser.m; sourceTree = "<group>"; };
		5090197A1723C62000902DEB /* SBJsonStreamParserAccumulator.h */ = {isa = PBXFileReference; fileEncoding = 4; lastKnownFileType = sourcecode.c.h; path = SBJsonStreamParserAccumulator.h; sourceTree = "<group>"; };
		5090197B1723C62000902DEB /* SBJsonStreamParserAccumulator.m */ = {isa = PBXFileReference; fileEncoding = 4; lastKnownFileType = sourcecode.c.objc; path = SBJsonStreamParserAccumulator.m; sourceTree = "<group>"; };
		5090197C1723C62000902DEB /* SBJsonStreamParserAdapter.h */ = {isa = PBXFileReference; fileEncoding = 4; lastKnownFileType = sourcecode.c.h; path = SBJsonStreamParserAdapter.h; sourceTree = "<group>"; };
		5090197D1723C62000902DEB /* SBJsonStreamParserAdapter.m */ = {isa = PBXFileReference; fileEncoding = 4; lastKnownFileType = sourcecode.c.objc; path = SBJsonStreamParserAdapter.m; sourceTree = "<group>"; };
		5090197E1723C62000902DEB /* SBJsonStreamParserState.h */ = {isa = PBXFileReference; fileEncoding = 4; lastKnownFileType = sourcecode.c.h; path = SBJsonStreamParserState.h; sourceTree = "<group>"; };
		5090197F1723C62000902DEB /* SBJsonStreamParserState.m */ = {isa = PBXFileReference; fileEncoding = 4; lastKnownFileType = sourcecode.c.objc; path = SBJsonStreamParserState.m; sourceTree = "<group>"; };
		509019801723C62000902DEB /* SBJsonStreamWriter.h */ = {isa = PBXFileReference; fileEncoding = 4; lastKnownFileType = sourcecode.c.h; path = SBJsonStreamWriter.h; sourceTree = "<group>"; };
		509019811723C62000902DEB /* SBJsonStreamWriter.m */ = {isa = PBXFileReference; fileEncoding = 4; lastKnownFileType = sourcecode.c.objc; path = SBJsonStreamWriter.m; sourceTree = "<group>"; };
		509019821723C62000902DEB /* SBJsonStreamWriterAccumulator.h */ = {isa = PBXFileReference; fileEncoding = 4; lastKnownFileType = sourcecode.c.h; path = SBJsonStreamWriterAccumulator.h; sourceTree = "<group>"; };
		509019831723C62000902DEB /* SBJsonStreamWriterAccumulator.m */ = {isa = PBXFileReference; fileEncoding = 4; lastKnownFileType = sourcecode.c.objc; path = SBJsonStreamWriterAccumulator.m; sourceTree = "<group>"; };
		509019841723C62000902DEB /* SBJsonStreamWriterState.h */ = {isa = PBXFileReference; fileEncoding = 4; lastKnownFileType = sourcecode.c.h; path = SBJsonStreamWriterState.h; sourceTree = "<group>"; };
		509019851723C62000902DEB /* SBJsonStreamWriterState.m */ = {isa = PBXFileReference; fileEncoding = 4; lastKnownFileType = sourcecode.c.objc; path = SBJsonStreamWriterState.m; sourceTree = "<group>"; };
		509019861723C62000902DEB /* SBJsonTokeniser.h */ = {isa = PBXFileReference; fileEncoding = 4; lastKnownFileType = sourcecode.c.h; path = SBJsonTokeniser.h; sourceTree = "<group>"; };
		509019871723C62000902DEB /* SBJsonTokeniser.m */ = {isa = PBXFileReference; fileEncoding = 4; lastKnownFileType = sourcecode.c.objc; path = SBJsonTokeniser.m; sourceTree = "<group>"; };
		509019881723C62000902DEB /* SBJsonUTF8Stream.h */ = {isa = PBXFileReference; fileEncoding = 4; lastKnownFileType = sourcecode.c.h; path = SBJsonUTF8Stream.h; sourceTree = "<group>"; };
		509019891723C62000902DEB /* SBJsonUTF8Stream.m */ = {isa = PBXFileReference; fileEncoding = 4; lastKnownFileType = sourcecode.c.objc; path = SBJsonUTF8Stream.m; sourceTree = "<group>"; };
		5090198A1723C62000902DEB /* SBJsonWriter.h */ = {isa = PBXFileReference; fileEncoding = 4; lastKnownFileType = sourcecode.c.h; path = SBJsonWriter.h; sourceTree = "<group>"; };
		5090198B1723C62000902DEB /* SBJsonWriter.m */ = {isa = PBXFileReference; fileEncoding = 4; lastKnownFileType = sourcecode.c.objc; path = SBJsonWriter.m; sourceTree = "<group>"; };
		50944F4817306AC40091E08E /* bottom_background.png */ = {isa = PBXFileReference; lastKnownFileType = image.png; path = bottom_background.png; sourceTree = "<group>"; };
		50944F4917306AC40091E08E /* bottom_background@2x.png */ = {isa = PBXFileReference; lastKnownFileType = image.png; path = "bottom_background@2x.png"; sourceTree = "<group>"; };
		50944F4A17306AC40091E08E /* egg_iphone.png */ = {isa = PBXFileReference; lastKnownFileType = image.png; path = egg_iphone.png; sourceTree = "<group>"; };
		50944F4B17306AC40091E08E /* egg_iphone@2x.png */ = {isa = PBXFileReference; lastKnownFileType = image.png; path = "egg_iphone@2x.png"; sourceTree = "<group>"; };
		50944F4C17306AC40091E08E /* egg_iphone_5@2x.png */ = {isa = PBXFileReference; lastKnownFileType = image.png; path = "egg_iphone_5@2x.png"; sourceTree = "<group>"; };
		50944F4D17306AC40091E08E /* small_egg.png */ = {isa = PBXFileReference; lastKnownFileType = image.png; path = small_egg.png; sourceTree = "<group>"; };
		50944F4E17306AC40091E08E /* small_egg@2x.png */ = {isa = PBXFileReference; lastKnownFileType = image.png; path = "small_egg@2x.png"; sourceTree = "<group>"; };
		50944F6317306AC40091E08E /* first_scratch.png */ = {isa = PBXFileReference; lastKnownFileType = image.png; path = first_scratch.png; sourceTree = "<group>"; };
		50944F6417306AC40091E08E /* first_scratch@2x.png */ = {isa = PBXFileReference; lastKnownFileType = image.png; path = "first_scratch@2x.png"; sourceTree = "<group>"; };
		50944F6517306AC40091E08E /* first_scratch_iphone_5@2x.png */ = {isa = PBXFileReference; lastKnownFileType = image.png; path = "first_scratch_iphone_5@2x.png"; sourceTree = "<group>"; };
		50944F6617306AC40091E08E /* second_scratch.png */ = {isa = PBXFileReference; lastKnownFileType = image.png; path = second_scratch.png; sourceTree = "<group>"; };
		50944F6717306AC40091E08E /* second_scratch@2x.png */ = {isa = PBXFileReference; lastKnownFileType = image.png; path = "second_scratch@2x.png"; sourceTree = "<group>"; };
		50944F6817306AC40091E08E /* second_scratch_iphone_5@2x.png */ = {isa = PBXFileReference; lastKnownFileType = image.png; path = "second_scratch_iphone_5@2x.png"; sourceTree = "<group>"; };
		50944F6917306AC40091E08E /* third_scratch.png */ = {isa = PBXFileReference; lastKnownFileType = image.png; path = third_scratch.png; sourceTree = "<group>"; };
		50944F6A17306AC40091E08E /* third_scratch@2x.png */ = {isa = PBXFileReference; lastKnownFileType = image.png; path = "third_scratch@2x.png"; sourceTree = "<group>"; };
		50944F6B17306AC40091E08E /* third_scratch_iphone_5@2x.png */ = {isa = PBXFileReference; lastKnownFileType = image.png; path = "third_scratch_iphone_5@2x.png"; sourceTree = "<group>"; };
		50944F6D17306AC40091E08E /* Default.png */ = {isa = PBXFileReference; lastKnownFileType = image.png; path = Default.png; sourceTree = "<group>"; };
		50944F6E17306AC40091E08E /* Default@2x.png */ = {isa = PBXFileReference; lastKnownFileType = image.png; path = "Default@2x.png"; sourceTree = "<group>"; };
		50944F6F17306AC40091E08E /* Easter-Eggs1136x640.jpg */ = {isa = PBXFileReference; lastKnownFileType = image.jpeg; path = "Easter-Eggs1136x640.jpg"; sourceTree = "<group>"; };
		50944F9317306CD10091E08E /* icon.png */ = {isa = PBXFileReference; lastKnownFileType = image.png; path = icon.png; sourceTree = "<group>"; };
		50944F9517306CD70091E08E /* icon@2x.png */ = {isa = PBXFileReference; lastKnownFileType = image.png; path = "icon@2x.png"; sourceTree = "<group>"; };
		50944F9717306DD70091E08E /* Default-568h@2x.png */ = {isa = PBXFileReference; lastKnownFileType = image.png; path = "Default-568h@2x.png"; sourceTree = "<group>"; };
		50944F99173082200091E08E /* 1.jpg */ = {isa = PBXFileReference; lastKnownFileType = image.jpeg; path = 1.jpg; sourceTree = "<group>"; };
		50944F9A173082200091E08E /* 2.jpg */ = {isa = PBXFileReference; lastKnownFileType = image.jpeg; path = 2.jpg; sourceTree = "<group>"; };
		50944F9B173082200091E08E /* 3.jpg */ = {isa = PBXFileReference; lastKnownFileType = image.jpeg; path = 3.jpg; sourceTree = "<group>"; };
		50944F9C173082200091E08E /* 4.jpg */ = {isa = PBXFileReference; lastKnownFileType = image.jpeg; path = 4.jpg; sourceTree = "<group>"; };
		50944F9D173082200091E08E /* 5.jpg */ = {isa = PBXFileReference; lastKnownFileType = image.jpeg; path = 5.jpg; sourceTree = "<group>"; };
		50944F9E173082200091E08E /* 6.jpg */ = {isa = PBXFileReference; lastKnownFileType = image.jpeg; path = 6.jpg; sourceTree = "<group>"; };
		50944F9F173082200091E08E /* 7.jpg */ = {isa = PBXFileReference; lastKnownFileType = image.jpeg; path = 7.jpg; sourceTree = "<group>"; };
		50944FA0173082200091E08E /* 8.jpg */ = {isa = PBXFileReference; lastKnownFileType = image.jpeg; path = 8.jpg; sourceTree = "<group>"; };
		50944FAA173094530091E08E /* HEggLoginVC.h */ = {isa = PBXFileReference; fileEncoding = 4; lastKnownFileType = sourcecode.c.h; name = HEggLoginVC.h; path = HappyEggs/Controllers/HEggLoginVC.h; sourceTree = "<group>"; };
		50944FAB173094530091E08E /* HEggLoginVC.m */ = {isa = PBXFileReference; fileEncoding = 4; lastKnownFileType = sourcecode.c.objc; name = HEggLoginVC.m; path = HappyEggs/Controllers/HEggLoginVC.m; sourceTree = "<group>"; };
		50944FAD1730A0DE0091E08E /* splash_background_5@2x.png */ = {isa = PBXFileReference; lastKnownFileType = image.png; path = "splash_background_5@2x.png"; sourceTree = "<group>"; };
		50E9465A1745E1AA00E0E519 /* DFPBannerView.h */ = {isa = PBXFileReference; fileEncoding = 4; lastKnownFileType = sourcecode.c.h; path = DFPBannerView.h; sourceTree = "<group>"; };
		50E9465B1745E1AA00E0E519 /* DFPExtras.h */ = {isa = PBXFileReference; fileEncoding = 4; lastKnownFileType = sourcecode.c.h; path = DFPExtras.h; sourceTree = "<group>"; };
		50E9465C1745E1AA00E0E519 /* DFPInterstitial.h */ = {isa = PBXFileReference; fileEncoding = 4; lastKnownFileType = sourcecode.c.h; path = DFPInterstitial.h; sourceTree = "<group>"; };
		50E9465D1745E1AA00E0E519 /* DFPSwipeableBannerView.h */ = {isa = PBXFileReference; fileEncoding = 4; lastKnownFileType = sourcecode.c.h; path = DFPSwipeableBannerView.h; sourceTree = "<group>"; };
		50E9465E1745E1AA00E0E519 /* GADAdSizeDelegate.h */ = {isa = PBXFileReference; fileEncoding = 4; lastKnownFileType = sourcecode.c.h; path = GADAdSizeDelegate.h; sourceTree = "<group>"; };
		50E9465F1745E1AA00E0E519 /* GADAppEventDelegate.h */ = {isa = PBXFileReference; fileEncoding = 4; lastKnownFileType = sourcecode.c.h; path = GADAppEventDelegate.h; sourceTree = "<group>"; };
		50E946601745E1AA00E0E519 /* GADSwipeableBannerViewDelegate.h */ = {isa = PBXFileReference; fileEncoding = 4; lastKnownFileType = sourcecode.c.h; path = GADSwipeableBannerViewDelegate.h; sourceTree = "<group>"; };
		50E946621745E1AA00E0E519 /* Changelog.txt */ = {isa = PBXFileReference; fileEncoding = 4; lastKnownFileType = text; path = Changelog.txt; sourceTree = "<group>"; };
		50E946661745E1AA00E0E519 /* GAI.html */ = {isa = PBXFileReference; fileEncoding = 4; lastKnownFileType = text.html.documentation; path = GAI.html; sourceTree = "<group>"; };
		50E946671745E1AA00E0E519 /* GAITrackedViewController.html */ = {isa = PBXFileReference; fileEncoding = 4; lastKnownFileType = text.html.documentation; path = GAITrackedViewController.html; sourceTree = "<group>"; };
		50E946681745E1AA00E0E519 /* GAITransaction.html */ = {isa = PBXFileReference; fileEncoding = 4; lastKnownFileType = text.html.documentation; path = GAITransaction.html; sourceTree = "<group>"; };
		50E946691745E1AA00E0E519 /* GAITransactionItem.html */ = {isa = PBXFileReference; fileEncoding = 4; lastKnownFileType = text.html.documentation; path = GAITransactionItem.html; sourceTree = "<group>"; };
		50E9466B1745E1AA00E0E519 /* styles.css */ = {isa = PBXFileReference; fileEncoding = 4; lastKnownFileType = text.css; path = styles.css; sourceTree = "<group>"; };
		50E9466C1745E1AA00E0E519 /* stylesPrint.css */ = {isa = PBXFileReference; fileEncoding = 4; lastKnownFileType = text.css; path = stylesPrint.css; sourceTree = "<group>"; };
		50E9466D1745E1AA00E0E519 /* hierarchy.html */ = {isa = PBXFileReference; fileEncoding = 4; lastKnownFileType = text.html.documentation; path = hierarchy.html; sourceTree = "<group>"; };
		50E9466F1745E1AA00E0E519 /* button_bar_background.png */ = {isa = PBXFileReference; lastKnownFileType = image.png; path = button_bar_background.png; sourceTree = "<group>"; };
		50E946701745E1AA00E0E519 /* disclosure.png */ = {isa = PBXFileReference; lastKnownFileType = image.png; path = disclosure.png; sourceTree = "<group>"; };
		50E946711745E1AA00E0E519 /* disclosure_open.png */ = {isa = PBXFileReference; lastKnownFileType = image.png; path = disclosure_open.png; sourceTree = "<group>"; };
		50E946721745E1AA00E0E519 /* library_background.png */ = {isa = PBXFileReference; lastKnownFileType = image.png; path = library_background.png; sourceTree = "<group>"; };
		50E946731745E1AA00E0E519 /* title_background.png */ = {isa = PBXFileReference; lastKnownFileType = image.png; path = title_background.png; sourceTree = "<group>"; };
		50E946741745E1AA00E0E519 /* index.html */ = {isa = PBXFileReference; fileEncoding = 4; lastKnownFileType = text.html.documentation; path = index.html; sourceTree = "<group>"; };
		50E946761745E1AA00E0E519 /* GAITracker.html */ = {isa = PBXFileReference; fileEncoding = 4; lastKnownFileType = text.html.documentation; path = GAITracker.html; sourceTree = "<group>"; };
		50E946791745E1AA00E0E519 /* AppDelegate.h */ = {isa = PBXFileReference; fileEncoding = 4; lastKnownFileType = sourcecode.c.h; path = AppDelegate.h; sourceTree = "<group>"; };
		50E9467A1745E1AA00E0E519 /* AppDelegate.m */ = {isa = PBXFileReference; fileEncoding = 4; lastKnownFileType = sourcecode.c.objc; path = AppDelegate.m; sourceTree = "<group>"; };
		50E9467B1745E1AA00E0E519 /* CategoryViewController.h */ = {isa = PBXFileReference; fileEncoding = 4; lastKnownFileType = sourcecode.c.h; path = CategoryViewController.h; sourceTree = "<group>"; };
		50E9467C1745E1AA00E0E519 /* CategoryViewController.m */ = {isa = PBXFileReference; fileEncoding = 4; lastKnownFileType = sourcecode.c.objc; path = CategoryViewController.m; sourceTree = "<group>"; };
		50E9467D1745E1AA00E0E519 /* CategoryViewController_iPad.xib */ = {isa = PBXFileReference; fileEncoding = 4; lastKnownFileType = file.xib; path = CategoryViewController_iPad.xib; sourceTree = "<group>"; };
		50E9467E1745E1AA00E0E519 /* CategoryViewController_iPhone.xib */ = {isa = PBXFileReference; fileEncoding = 4; lastKnownFileType = file.xib; path = CategoryViewController_iPhone.xib; sourceTree = "<group>"; };
		50E9467F1745E1AA00E0E519 /* CuteAnimals-Info.plist */ = {isa = PBXFileReference; fileEncoding = 4; lastKnownFileType = text.plist.xml; path = "CuteAnimals-Info.plist"; sourceTree = "<group>"; };
		50E946801745E1AA00E0E519 /* CuteAnimals-Prefix.pch */ = {isa = PBXFileReference; fileEncoding = 4; lastKnownFileType = sourcecode.c.h; path = "CuteAnimals-Prefix.pch"; sourceTree = "<group>"; };
		50E946811745E1AA00E0E519 /* CuteAnimals.xcodeproj */ = {isa = PBXFileReference; lastKnownFileType = "wrapper.pb-project"; path = CuteAnimals.xcodeproj; sourceTree = "<group>"; };
		50E946851745E1AA00E0E519 /* Bunny-1.jpg */ = {isa = PBXFileReference; lastKnownFileType = image.jpeg; path = "Bunny-1.jpg"; sourceTree = "<group>"; };
		50E946861745E1AA00E0E519 /* Bunny-2.jpg */ = {isa = PBXFileReference; lastKnownFileType = image.jpeg; path = "Bunny-2.jpg"; sourceTree = "<group>"; };
		50E946871745E1AA00E0E519 /* Bunny-3.jpg */ = {isa = PBXFileReference; lastKnownFileType = image.jpeg; path = "Bunny-3.jpg"; sourceTree = "<group>"; };
		50E946881745E1AA00E0E519 /* Cat-1.jpg */ = {isa = PBXFileReference; lastKnownFileType = image.jpeg; path = "Cat-1.jpg"; sourceTree = "<group>"; };
		50E946891745E1AA00E0E519 /* Cat-2.jpg */ = {isa = PBXFileReference; lastKnownFileType = image.jpeg; path = "Cat-2.jpg"; sourceTree = "<group>"; };
		50E9468A1745E1AA00E0E519 /* Cat-3.jpg */ = {isa = PBXFileReference; lastKnownFileType = image.jpeg; path = "Cat-3.jpg"; sourceTree = "<group>"; };
		50E9468B1745E1AA00E0E519 /* Cat-4.jpg */ = {isa = PBXFileReference; lastKnownFileType = image.jpeg; path = "Cat-4.jpg"; sourceTree = "<group>"; };
		50E9468C1745E1AA00E0E519 /* Lion-1.jpg */ = {isa = PBXFileReference; lastKnownFileType = image.jpeg; path = "Lion-1.jpg"; sourceTree = "<group>"; };
		50E9468D1745E1AA00E0E519 /* Lion-2.jpg */ = {isa = PBXFileReference; lastKnownFileType = image.jpeg; path = "Lion-2.jpg"; sourceTree = "<group>"; };
		50E9468E1745E1AA00E0E519 /* Lion-3.jpg */ = {isa = PBXFileReference; lastKnownFileType = image.jpeg; path = "Lion-3.jpg"; sourceTree = "<group>"; };
		50E9468F1745E1AA00E0E519 /* Lion-4.jpg */ = {isa = PBXFileReference; lastKnownFileType = image.jpeg; path = "Lion-4.jpg"; sourceTree = "<group>"; };
		50E946901745E1AA00E0E519 /* Monkey-1.jpg */ = {isa = PBXFileReference; lastKnownFileType = image.jpeg; path = "Monkey-1.jpg"; sourceTree = "<group>"; };
		50E946911745E1AA00E0E519 /* Monkey-2.jpg */ = {isa = PBXFileReference; lastKnownFileType = image.jpeg; path = "Monkey-2.jpg"; sourceTree = "<group>"; };
		50E946921745E1AA00E0E519 /* Monkey-3.jpg */ = {isa = PBXFileReference; lastKnownFileType = image.jpeg; path = "Monkey-3.jpg"; sourceTree = "<group>"; };
		50E946931745E1AA00E0E519 /* Monkey-4.jpg */ = {isa = PBXFileReference; lastKnownFileType = image.jpeg; path = "Monkey-4.jpg"; sourceTree = "<group>"; };
		50E946941745E1AA00E0E519 /* Monkey-5.jpg */ = {isa = PBXFileReference; lastKnownFileType = image.jpeg; path = "Monkey-5.jpg"; sourceTree = "<group>"; };
		50E946951745E1AA00E0E519 /* Tiger-1.jpg */ = {isa = PBXFileReference; lastKnownFileType = image.jpeg; path = "Tiger-1.jpg"; sourceTree = "<group>"; };
		50E946961745E1AA00E0E519 /* Tiger-2.jpg */ = {isa = PBXFileReference; lastKnownFileType = image.jpeg; path = "Tiger-2.jpg"; sourceTree = "<group>"; };
		50E946971745E1AA00E0E519 /* ImageViewController.h */ = {isa = PBXFileReference; fileEncoding = 4; lastKnownFileType = sourcecode.c.h; path = ImageViewController.h; sourceTree = "<group>"; };
		50E946981745E1AA00E0E519 /* ImageViewController.m */ = {isa = PBXFileReference; fileEncoding = 4; lastKnownFileType = sourcecode.c.objc; path = ImageViewController.m; sourceTree = "<group>"; };
		50E946991745E1AA00E0E519 /* main.m */ = {isa = PBXFileReference; fileEncoding = 4; lastKnownFileType = sourcecode.c.objc; path = main.m; sourceTree = "<group>"; };
		50E9469A1745E1AA00E0E519 /* NavController.h */ = {isa = PBXFileReference; fileEncoding = 4; lastKnownFileType = sourcecode.c.h; path = NavController.h; sourceTree = "<group>"; };
		50E9469B1745E1AA00E0E519 /* NavController.m */ = {isa = PBXFileReference; fileEncoding = 4; lastKnownFileType = sourcecode.c.objc; path = NavController.m; sourceTree = "<group>"; };
		50E9469C1745E1AA00E0E519 /* Readme.txt */ = {isa = PBXFileReference; fileEncoding = 4; lastKnownFileType = text; path = Readme.txt; sourceTree = "<group>"; };
		50E9469D1745E1AA00E0E519 /* RootViewController.h */ = {isa = PBXFileReference; fileEncoding = 4; lastKnownFileType = sourcecode.c.h; path = RootViewController.h; sourceTree = "<group>"; };
		50E9469E1745E1AA00E0E519 /* RootViewController.m */ = {isa = PBXFileReference; fileEncoding = 4; lastKnownFileType = sourcecode.c.objc; path = RootViewController.m; sourceTree = "<group>"; };
		50E9469F1745E1AA00E0E519 /* RootViewController.xib */ = {isa = PBXFileReference; fileEncoding = 4; lastKnownFileType = file.xib; path = RootViewController.xib; sourceTree = "<group>"; };
		50E946A11745E1AA00E0E519 /* GAI.h */ = {isa = PBXFileReference; fileEncoding = 4; lastKnownFileType = sourcecode.c.h; path = GAI.h; sourceTree = "<group>"; };
		50E946A21745E1AA00E0E519 /* GAITrackedViewController.h */ = {isa = PBXFileReference; fileEncoding = 4; lastKnownFileType = sourcecode.c.h; path = GAITrackedViewController.h; sourceTree = "<group>"; };
		50E946A31745E1AB00E0E519 /* GAITracker.h */ = {isa = PBXFileReference; fileEncoding = 4; lastKnownFileType = sourcecode.c.h; path = GAITracker.h; sourceTree = "<group>"; };
		50E946A41745E1AB00E0E519 /* GAITransaction.h */ = {isa = PBXFileReference; fileEncoding = 4; lastKnownFileType = sourcecode.c.h; path = GAITransaction.h; sourceTree = "<group>"; };
		50E946A51745E1AB00E0E519 /* GAITransactionItem.h */ = {isa = PBXFileReference; fileEncoding = 4; lastKnownFileType = sourcecode.c.h; path = GAITransactionItem.h; sourceTree = "<group>"; };
		50E946A61745E1AB00E0E519 /* libGoogleAnalytics.a */ = {isa = PBXFileReference; lastKnownFileType = archive.ar; path = libGoogleAnalytics.a; sourceTree = "<group>"; };
		50E946A71745E1AB00E0E519 /* libGoogleAnalytics_debug.a */ = {isa = PBXFileReference; lastKnownFileType = archive.ar; path = libGoogleAnalytics_debug.a; sourceTree = "<group>"; };
		50E946A81745E1AB00E0E519 /* Readme.txt */ = {isa = PBXFileReference; fileEncoding = 4; lastKnownFileType = text; path = Readme.txt; sourceTree = "<group>"; };
		50E946AA1745E1AB00E0E519 /* GADCustomEventBanner.h */ = {isa = PBXFileReference; fileEncoding = 4; lastKnownFileType = sourcecode.c.h; path = GADCustomEventBanner.h; sourceTree = "<group>"; };
		50E946AB1745E1AB00E0E519 /* GADCustomEventBannerDelegate.h */ = {isa = PBXFileReference; fileEncoding = 4; lastKnownFileType = sourcecode.c.h; path = GADCustomEventBannerDelegate.h; sourceTree = "<group>"; };
		50E946AC1745E1AB00E0E519 /* GADCustomEventExtras.h */ = {isa = PBXFileReference; fileEncoding = 4; lastKnownFileType = sourcecode.c.h; path = GADCustomEventExtras.h; sourceTree = "<group>"; };
		50E946AD1745E1AB00E0E519 /* GADCustomEventInterstitial.h */ = {isa = PBXFileReference; fileEncoding = 4; lastKnownFileType = sourcecode.c.h; path = GADCustomEventInterstitial.h; sourceTree = "<group>"; };
		50E946AE1745E1AB00E0E519 /* GADCustomEventInterstitialDelegate.h */ = {isa = PBXFileReference; fileEncoding = 4; lastKnownFileType = sourcecode.c.h; path = GADCustomEventInterstitialDelegate.h; sourceTree = "<group>"; };
		50E946AF1745E1AB00E0E519 /* GADCustomEventRequest.h */ = {isa = PBXFileReference; fileEncoding = 4; lastKnownFileType = sourcecode.c.h; path = GADCustomEventRequest.h; sourceTree = "<group>"; };
		50E946B11745E1AB00E0E519 /* GADSearchBannerView.h */ = {isa = PBXFileReference; fileEncoding = 4; lastKnownFileType = sourcecode.c.h; path = GADSearchBannerView.h; sourceTree = "<group>"; };
		50E946B21745E1AB00E0E519 /* GADSearchRequest.h */ = {isa = PBXFileReference; fileEncoding = 4; lastKnownFileType = sourcecode.c.h; path = GADSearchRequest.h; sourceTree = "<group>"; };
		50E946B31745E1AB00E0E519 /* GADAdMobExtras.h */ = {isa = PBXFileReference; fileEncoding = 4; lastKnownFileType = sourcecode.c.h; path = GADAdMobExtras.h; sourceTree = "<group>"; };
		50E946B41745E1AB00E0E519 /* GADAdNetworkExtras.h */ = {isa = PBXFileReference; fileEncoding = 4; lastKnownFileType = sourcecode.c.h; path = GADAdNetworkExtras.h; sourceTree = "<group>"; };
		50E946B51745E1AB00E0E519 /* GADAdSize.h */ = {isa = PBXFileReference; fileEncoding = 4; lastKnownFileType = sourcecode.c.h; path = GADAdSize.h; sourceTree = "<group>"; };
		50E946B61745E1AB00E0E519 /* GADBannerView.h */ = {isa = PBXFileReference; fileEncoding = 4; lastKnownFileType = sourcecode.c.h; path = GADBannerView.h; sourceTree = "<group>"; };
		50E946B71745E1AB00E0E519 /* GADBannerViewDelegate.h */ = {isa = PBXFileReference; fileEncoding = 4; lastKnownFileType = sourcecode.c.h; path = GADBannerViewDelegate.h; sourceTree = "<group>"; };
		50E946B81745E1AB00E0E519 /* GADInterstitial.h */ = {isa = PBXFileReference; fileEncoding = 4; lastKnownFileType = sourcecode.c.h; path = GADInterstitial.h; sourceTree = "<group>"; };
		50E946B91745E1AB00E0E519 /* GADInterstitialDelegate.h */ = {isa = PBXFileReference; fileEncoding = 4; lastKnownFileType = sourcecode.c.h; path = GADInterstitialDelegate.h; sourceTree = "<group>"; };
		50E946BA1745E1AB00E0E519 /* GADRequest.h */ = {isa = PBXFileReference; fileEncoding = 4; lastKnownFileType = sourcecode.c.h; path = GADRequest.h; sourceTree = "<group>"; };
		50E946BB1745E1AB00E0E519 /* GADRequestError.h */ = {isa = PBXFileReference; fileEncoding = 4; lastKnownFileType = sourcecode.c.h; path = GADRequestError.h; sourceTree = "<group>"; };
		50E946BC1745E1AB00E0E519 /* libGoogleAdMobAds.a */ = {isa = PBXFileReference; lastKnownFileType = archive.ar; path = libGoogleAdMobAds.a; sourceTree = "<group>"; };
		50E946BD1745E1AB00E0E519 /* README.txt */ = {isa = PBXFileReference; fileEncoding = 4; lastKnownFileType = text; path = README.txt; sourceTree = "<group>"; };
		50ED8C94172FD75500F70A80 /* HEggHelperMethods.h */ = {isa = PBXFileReference; fileEncoding = 4; lastKnownFileType = sourcecode.c.h; name = HEggHelperMethods.h; path = HappyEggs/Helpers/HEggHelperMethods.h; sourceTree = "<group>"; };
		50ED8C95172FD75500F70A80 /* HEggHelperMethods.m */ = {isa = PBXFileReference; fileEncoding = 4; lastKnownFileType = sourcecode.c.objc; name = HEggHelperMethods.m; path = HappyEggs/Helpers/HEggHelperMethods.m; sourceTree = "<group>"; };
		50ED8C97172FD94400F70A80 /* LBChildBrowserViewController.h */ = {isa = PBXFileReference; fileEncoding = 4; lastKnownFileType = sourcecode.c.h; name = LBChildBrowserViewController.h; path = HappyEggs/Controllers/LBChildBrowserViewController.h; sourceTree = "<group>"; };
		50ED8C98172FD94500F70A80 /* LBChildBrowserViewController.m */ = {isa = PBXFileReference; fileEncoding = 4; lastKnownFileType = sourcecode.c.objc; name = LBChildBrowserViewController.m; path = HappyEggs/Controllers/LBChildBrowserViewController.m; sourceTree = "<group>"; };
/* End PBXFileReference section */

/* Begin PBXFrameworksBuildPhase section */
		501B044C1723A70D00F9A5AD /* Frameworks */ = {
			isa = PBXFrameworksBuildPhase;
			buildActionMask = 2147483647;
			files = (
				5016B2A917246FB200A83CD8 /* QuartzCore.framework in Frameworks */,
				5016B2A7172461E400A83CD8 /* AssetsLibrary.framework in Frameworks */,
				5090196D1723C1BA00902DEB /* AudioToolbox.framework in Frameworks */,
				5090196B1723C1AD00902DEB /* CoreLocation.framework in Frameworks */,
				509019691723C1A600902DEB /* CFNetwork.framework in Frameworks */,
				509019591723AEE800902DEB /* MobileCoreServices.framework in Frameworks */,
				509019571723AEE200902DEB /* SystemConfiguration.framework in Frameworks */,
				509019531723AD6700902DEB /* CoreData.framework in Frameworks */,
				501B04531723A70D00F9A5AD /* UIKit.framework in Frameworks */,
				501B04551723A70D00F9A5AD /* Foundation.framework in Frameworks */,
				501B04571723A70D00F9A5AD /* CoreGraphics.framework in Frameworks */,
				75F3CF02B979483AB4CF104A /* libPods.a in Frameworks */,
				509019711723C2E200902DEB /* libBump.a in Frameworks */,
				5016B2A21724012A00A83CD8 /* libGoogleAnalytics.a in Frameworks */,
				50E946EA1745E1AB00E0E519 /* libGoogleAnalytics.a in Frameworks */,
				50E946EB1745E1AB00E0E519 /* libGoogleAnalytics_debug.a in Frameworks */,
				50E946ED1745E1AB00E0E519 /* libGoogleAdMobAds.a in Frameworks */,
			);
			runOnlyForDeploymentPostprocessing = 0;
		};
/* End PBXFrameworksBuildPhase section */

/* Begin PBXGroup section */
		5016B29A1724012A00A83CD8 /* GA */ = {
			isa = PBXGroup;
			children = (
				5016B29B1724012A00A83CD8 /* GAI.h */,
				5016B29C1724012A00A83CD8 /* GAITrackedViewController.h */,
				5016B29D1724012A00A83CD8 /* GAITracker.h */,
				5016B29E1724012A00A83CD8 /* GAITransaction.h */,
				5016B29F1724012A00A83CD8 /* GAITransactionItem.h */,
				5016B2A01724012A00A83CD8 /* libGoogleAnalytics.a */,
			);
			path = GA;
			sourceTree = "<group>";
		};
		501B04461723A70D00F9A5AD = {
			isa = PBXGroup;
			children = (
				50944F9717306DD70091E08E /* Default-568h@2x.png */,
				50944F9517306CD70091E08E /* icon@2x.png */,
				50944F9317306CD10091E08E /* icon.png */,
				50E946571745E1AA00E0E519 /* GoogleAd */,
				5016B29A1724012A00A83CD8 /* GA */,
				509019981723C64A00902DEB /* Controllers */,
				509019551723AE7A00902DEB /* Helpers */,
				5090196E1723C2E200902DEB /* libBump */,
				509019491723ABCD00902DEB /* CoreData */,
				509019641723BA3800902DEB /* Views */,
				501B04581723A70D00F9A5AD /* HappyEggs */,
				501B04511723A70D00F9A5AD /* Frameworks */,
				501B04501723A70D00F9A5AD /* Products */,
				4E2C87221EE34C45A3CA97EC /* Pods.xcconfig */,
			);
			sourceTree = "<group>";
		};
		501B04501723A70D00F9A5AD /* Products */ = {
			isa = PBXGroup;
			children = (
				501B044F1723A70D00F9A5AD /* Happy Eggs.app */,
			);
			name = Products;
			sourceTree = "<group>";
		};
		501B04511723A70D00F9A5AD /* Frameworks */ = {
			isa = PBXGroup;
			children = (
				5016B2A817246FB200A83CD8 /* QuartzCore.framework */,
				5016B2A6172461E400A83CD8 /* AssetsLibrary.framework */,
				5090196C1723C1BA00902DEB /* AudioToolbox.framework */,
				5090196A1723C1AC00902DEB /* CoreLocation.framework */,
				509019681723C1A600902DEB /* CFNetwork.framework */,
				509019581723AEE800902DEB /* MobileCoreServices.framework */,
				509019561723AEE200902DEB /* SystemConfiguration.framework */,
				509019521723AD6700902DEB /* CoreData.framework */,
				501B04521723A70D00F9A5AD /* UIKit.framework */,
				501B04541723A70D00F9A5AD /* Foundation.framework */,
				501B04561723A70D00F9A5AD /* CoreGraphics.framework */,
				377EB22FE51948FEA10C8E6A /* libPods.a */,
			);
			name = Frameworks;
			sourceTree = "<group>";
		};
		501B04581723A70D00F9A5AD /* HappyEggs */ = {
			isa = PBXGroup;
			children = (
				501B04611723A70D00F9A5AD /* AppDelegate.h */,
				501B04621723A70D00F9A5AD /* AppDelegate.m */,
				501B046A1723A70D00F9A5AD /* MainStoryboard.storyboard */,
				501B04591723A70D00F9A5AD /* Supporting Files */,
			);
			path = HappyEggs;
			sourceTree = "<group>";
		};
		501B04591723A70D00F9A5AD /* Supporting Files */ = {
			isa = PBXGroup;
			children = (
				50944F4617306AC40091E08E /* images */,
				509019721723C62000902DEB /* JSONParser */,
				501B045A1723A70D00F9A5AD /* HappyEggs-Info.plist */,
				501B045B1723A70D00F9A5AD /* InfoPlist.strings */,
				501B045E1723A70D00F9A5AD /* main.m */,
				501B04601723A70D00F9A5AD /* HappyEggs-Prefix.pch */,
				501B04641723A70D00F9A5AD /* Default.png */,
				501B04661723A70D00F9A5AD /* Default@2x.png */,
				501B04681723A70D00F9A5AD /* Default-568h@2x.png */,
			);
			name = "Supporting Files";
			sourceTree = "<group>";
		};
		509019491723ABCD00902DEB /* CoreData */ = {
			isa = PBXGroup;
			children = (
				5090194A1723AD1500902DEB /* Human */,
				5090194D1723AD1500902DEB /* Machine */,
				509019461723ABB000902DEB /* DataBase.xcdatamodeld */,
			);
			name = CoreData;
			sourceTree = "<group>";
		};
		5090194A1723AD1500902DEB /* Human */ = {
			isa = PBXGroup;
			children = (
				5090194B1723AD1500902DEB /* Egg.h */,
				5090194C1723AD1500902DEB /* Egg.m */,
			);
			name = Human;
			path = CoreData/Human;
			sourceTree = "<group>";
		};
		5090194D1723AD1500902DEB /* Machine */ = {
			isa = PBXGroup;
			children = (
				5090194E1723AD1500902DEB /* _Egg.h */,
				5090194F1723AD1500902DEB /* _Egg.m */,
			);
			name = Machine;
			path = CoreData/Machine;
			sourceTree = "<group>";
		};
		509019551723AE7A00902DEB /* Helpers */ = {
			isa = PBXGroup;
			children = (
				509019541723AE5800902DEB /* HEggDefentitions.h */,
				50ED8C94172FD75500F70A80 /* HEggHelperMethods.h */,
				50ED8C95172FD75500F70A80 /* HEggHelperMethods.m */,
			);
			name = Helpers;
			sourceTree = "<group>";
		};
		509019641723BA3800902DEB /* Views */ = {
			isa = PBXGroup;
			children = (
				509019651723BA9400902DEB /* HEggCell.h */,
				509019661723BA9400902DEB /* HEggCell.m */,
			);
			name = Views;
			sourceTree = "<group>";
		};
		5090196E1723C2E200902DEB /* libBump */ = {
			isa = PBXGroup;
			children = (
				5090196F1723C2E200902DEB /* BumpClient.h */,
				509019701723C2E200902DEB /* libBump.a */,
			);
			path = libBump;
			sourceTree = "<group>";
		};
		509019721723C62000902DEB /* JSONParser */ = {
			isa = PBXGroup;
			children = (
				509019731723C62000902DEB /* NSObject+SBJson.h */,
				509019741723C62000902DEB /* NSObject+SBJson.m */,
				509019751723C62000902DEB /* SBJson.h */,
				509019761723C62000902DEB /* SBJsonParser.h */,
				509019771723C62000902DEB /* SBJsonParser.m */,
				509019781723C62000902DEB /* SBJsonStreamParser.h */,
				509019791723C62000902DEB /* SBJsonStreamParser.m */,
				5090197A1723C62000902DEB /* SBJsonStreamParserAccumulator.h */,
				5090197B1723C62000902DEB /* SBJsonStreamParserAccumulator.m */,
				5090197C1723C62000902DEB /* SBJsonStreamParserAdapter.h */,
				5090197D1723C62000902DEB /* SBJsonStreamParserAdapter.m */,
				5090197E1723C62000902DEB /* SBJsonStreamParserState.h */,
				5090197F1723C62000902DEB /* SBJsonStreamParserState.m */,
				509019801723C62000902DEB /* SBJsonStreamWriter.h */,
				509019811723C62000902DEB /* SBJsonStreamWriter.m */,
				509019821723C62000902DEB /* SBJsonStreamWriterAccumulator.h */,
				509019831723C62000902DEB /* SBJsonStreamWriterAccumulator.m */,
				509019841723C62000902DEB /* SBJsonStreamWriterState.h */,
				509019851723C62000902DEB /* SBJsonStreamWriterState.m */,
				509019861723C62000902DEB /* SBJsonTokeniser.h */,
				509019871723C62000902DEB /* SBJsonTokeniser.m */,
				509019881723C62000902DEB /* SBJsonUTF8Stream.h */,
				509019891723C62000902DEB /* SBJsonUTF8Stream.m */,
				5090198A1723C62000902DEB /* SBJsonWriter.h */,
				5090198B1723C62000902DEB /* SBJsonWriter.m */,
			);
			name = JSONParser;
			path = libBump/JSONParser;
			sourceTree = SOURCE_ROOT;
		};
		509019981723C64A00902DEB /* Controllers */ = {
			isa = PBXGroup;
			children = (
				50ED8C97172FD94400F70A80 /* LBChildBrowserViewController.h */,
				50ED8C98172FD94500F70A80 /* LBChildBrowserViewController.m */,
				5090195A1723AFC300902DEB /* HEggHomePageVC.h */,
				5090195B1723AFC300902DEB /* HEggHomePageVC.m */,
				50944FAA173094530091E08E /* HEggLoginVC.h */,
				50944FAB173094530091E08E /* HEggLoginVC.m */,
			);
			name = Controllers;
			sourceTree = "<group>";
		};
		50944F4617306AC40091E08E /* images */ = {
			isa = PBXGroup;
			children = (
				50944F4717306AC40091E08E /* backgrounds */,
				50944F4F17306AC40091E08E /* eggs */,
				50944F6217306AC40091E08E /* scratch */,
				50944F6C17306AC40091E08E /* splash */,
			);
			path = images;
			sourceTree = SOURCE_ROOT;
		};
		50944F4717306AC40091E08E /* backgrounds */ = {
			isa = PBXGroup;
			children = (
				50944F4817306AC40091E08E /* bottom_background.png */,
				50944F4917306AC40091E08E /* bottom_background@2x.png */,
				50944F4A17306AC40091E08E /* egg_iphone.png */,
				50944F4B17306AC40091E08E /* egg_iphone@2x.png */,
				50944F4C17306AC40091E08E /* egg_iphone_5@2x.png */,
				50944F4D17306AC40091E08E /* small_egg.png */,
				50944F4E17306AC40091E08E /* small_egg@2x.png */,
			);
			path = backgrounds;
			sourceTree = "<group>";
		};
		50944F4F17306AC40091E08E /* eggs */ = {
			isa = PBXGroup;
			children = (
				50944F99173082200091E08E /* 1.jpg */,
				50944F9A173082200091E08E /* 2.jpg */,
				50944F9B173082200091E08E /* 3.jpg */,
				50944F9C173082200091E08E /* 4.jpg */,
				50944F9D173082200091E08E /* 5.jpg */,
				50944F9E173082200091E08E /* 6.jpg */,
				50944F9F173082200091E08E /* 7.jpg */,
				50944FA0173082200091E08E /* 8.jpg */,
			);
			path = eggs;
			sourceTree = "<group>";
		};
		50944F6217306AC40091E08E /* scratch */ = {
			isa = PBXGroup;
			children = (
				50944F6317306AC40091E08E /* first_scratch.png */,
				50944F6417306AC40091E08E /* first_scratch@2x.png */,
				50944F6517306AC40091E08E /* first_scratch_iphone_5@2x.png */,
				50944F6617306AC40091E08E /* second_scratch.png */,
				50944F6717306AC40091E08E /* second_scratch@2x.png */,
				50944F6817306AC40091E08E /* second_scratch_iphone_5@2x.png */,
				50944F6917306AC40091E08E /* third_scratch.png */,
				50944F6A17306AC40091E08E /* third_scratch@2x.png */,
				50944F6B17306AC40091E08E /* third_scratch_iphone_5@2x.png */,
			);
			path = scratch;
			sourceTree = "<group>";
		};
		50944F6C17306AC40091E08E /* splash */ = {
			isa = PBXGroup;
			children = (
				50944FAD1730A0DE0091E08E /* splash_background_5@2x.png */,
				50944F6D17306AC40091E08E /* Default.png */,
				50944F6E17306AC40091E08E /* Default@2x.png */,
				50944F6F17306AC40091E08E /* Easter-Eggs1136x640.jpg */,
			);
			path = splash;
			sourceTree = "<group>";
		};
		50E946571745E1AA00E0E519 /* GoogleAd */ = {
			isa = PBXGroup;
			children = (
				50E946581745E1AA00E0E519 /* Add-ons */,
				50E946B31745E1AB00E0E519 /* GADAdMobExtras.h */,
				50E946B41745E1AB00E0E519 /* GADAdNetworkExtras.h */,
				50E946B51745E1AB00E0E519 /* GADAdSize.h */,
				50E946B61745E1AB00E0E519 /* GADBannerView.h */,
				50E946B71745E1AB00E0E519 /* GADBannerViewDelegate.h */,
				50E946B81745E1AB00E0E519 /* GADInterstitial.h */,
				50E946B91745E1AB00E0E519 /* GADInterstitialDelegate.h */,
				50E946BA1745E1AB00E0E519 /* GADRequest.h */,
				50E946BB1745E1AB00E0E519 /* GADRequestError.h */,
				50E946BC1745E1AB00E0E519 /* libGoogleAdMobAds.a */,
				50E946BD1745E1AB00E0E519 /* README.txt */,
			);
			path = GoogleAd;
			sourceTree = "<group>";
		};
		50E946581745E1AA00E0E519 /* Add-ons */ = {
			isa = PBXGroup;
			children = (
				50E946591745E1AA00E0E519 /* DoubleClick */,
				50E946611745E1AA00E0E519 /* GoogleAnalyticsiOS_2.0beta4 */,
				50E946A91745E1AB00E0E519 /* Mediation */,
				50E946B01745E1AB00E0E519 /* Search */,
			);
			path = "Add-ons";
			sourceTree = "<group>";
		};
		50E946591745E1AA00E0E519 /* DoubleClick */ = {
			isa = PBXGroup;
			children = (
				50E9465A1745E1AA00E0E519 /* DFPBannerView.h */,
				50E9465B1745E1AA00E0E519 /* DFPExtras.h */,
				50E9465C1745E1AA00E0E519 /* DFPInterstitial.h */,
				50E9465D1745E1AA00E0E519 /* DFPSwipeableBannerView.h */,
				50E9465E1745E1AA00E0E519 /* GADAdSizeDelegate.h */,
				50E9465F1745E1AA00E0E519 /* GADAppEventDelegate.h */,
				50E946601745E1AA00E0E519 /* GADSwipeableBannerViewDelegate.h */,
			);
			path = DoubleClick;
			sourceTree = "<group>";
		};
		50E946611745E1AA00E0E519 /* GoogleAnalyticsiOS_2.0beta4 */ = {
			isa = PBXGroup;
			children = (
				50E946621745E1AA00E0E519 /* Changelog.txt */,
				50E946631745E1AA00E0E519 /* Documentation */,
				50E946771745E1AA00E0E519 /* Examples */,
				50E946A01745E1AA00E0E519 /* Library */,
				50E946A81745E1AB00E0E519 /* Readme.txt */,
			);
			path = GoogleAnalyticsiOS_2.0beta4;
			sourceTree = "<group>";
		};
		50E946631745E1AA00E0E519 /* Documentation */ = {
			isa = PBXGroup;
			children = (
				50E946641745E1AA00E0E519 /* html */,
			);
			path = Documentation;
			sourceTree = "<group>";
		};
		50E946641745E1AA00E0E519 /* html */ = {
			isa = PBXGroup;
			children = (
				50E946651745E1AA00E0E519 /* Classes */,
				50E9466A1745E1AA00E0E519 /* css */,
				50E9466D1745E1AA00E0E519 /* hierarchy.html */,
				50E9466E1745E1AA00E0E519 /* img */,
				50E946741745E1AA00E0E519 /* index.html */,
				50E946751745E1AA00E0E519 /* Protocols */,
			);
			path = html;
			sourceTree = "<group>";
		};
		50E946651745E1AA00E0E519 /* Classes */ = {
			isa = PBXGroup;
			children = (
				50E946661745E1AA00E0E519 /* GAI.html */,
				50E946671745E1AA00E0E519 /* GAITrackedViewController.html */,
				50E946681745E1AA00E0E519 /* GAITransaction.html */,
				50E946691745E1AA00E0E519 /* GAITransactionItem.html */,
			);
			path = Classes;
			sourceTree = "<group>";
		};
		50E9466A1745E1AA00E0E519 /* css */ = {
			isa = PBXGroup;
			children = (
				50E9466B1745E1AA00E0E519 /* styles.css */,
				50E9466C1745E1AA00E0E519 /* stylesPrint.css */,
			);
			path = css;
			sourceTree = "<group>";
		};
		50E9466E1745E1AA00E0E519 /* img */ = {
			isa = PBXGroup;
			children = (
				50E9466F1745E1AA00E0E519 /* button_bar_background.png */,
				50E946701745E1AA00E0E519 /* disclosure.png */,
				50E946711745E1AA00E0E519 /* disclosure_open.png */,
				50E946721745E1AA00E0E519 /* library_background.png */,
				50E946731745E1AA00E0E519 /* title_background.png */,
			);
			path = img;
			sourceTree = "<group>";
		};
		50E946751745E1AA00E0E519 /* Protocols */ = {
			isa = PBXGroup;
			children = (
				50E946761745E1AA00E0E519 /* GAITracker.html */,
			);
			path = Protocols;
			sourceTree = "<group>";
		};
		50E946771745E1AA00E0E519 /* Examples */ = {
			isa = PBXGroup;
			children = (
				50E946781745E1AA00E0E519 /* CuteAnimals */,
			);
			path = Examples;
			sourceTree = "<group>";
		};
		50E946781745E1AA00E0E519 /* CuteAnimals */ = {
			isa = PBXGroup;
			children = (
				50E946791745E1AA00E0E519 /* AppDelegate.h */,
				50E9467A1745E1AA00E0E519 /* AppDelegate.m */,
				50E9467B1745E1AA00E0E519 /* CategoryViewController.h */,
				50E9467C1745E1AA00E0E519 /* CategoryViewController.m */,
				50E9467D1745E1AA00E0E519 /* CategoryViewController_iPad.xib */,
				50E9467E1745E1AA00E0E519 /* CategoryViewController_iPhone.xib */,
				50E9467F1745E1AA00E0E519 /* CuteAnimals-Info.plist */,
				50E946801745E1AA00E0E519 /* CuteAnimals-Prefix.pch */,
				50E946811745E1AA00E0E519 /* CuteAnimals.xcodeproj */,
				50E946841745E1AA00E0E519 /* Images */,
				50E946971745E1AA00E0E519 /* ImageViewController.h */,
				50E946981745E1AA00E0E519 /* ImageViewController.m */,
				50E946991745E1AA00E0E519 /* main.m */,
				50E9469A1745E1AA00E0E519 /* NavController.h */,
				50E9469B1745E1AA00E0E519 /* NavController.m */,
				50E9469C1745E1AA00E0E519 /* Readme.txt */,
				50E9469D1745E1AA00E0E519 /* RootViewController.h */,
				50E9469E1745E1AA00E0E519 /* RootViewController.m */,
				50E9469F1745E1AA00E0E519 /* RootViewController.xib */,
			);
			path = CuteAnimals;
			sourceTree = "<group>";
		};
		50E946821745E1AA00E0E519 /* Products */ = {
			isa = PBXGroup;
			children = (
				50E946F11745E1AB00E0E519 /* CuteAnimals.app */,
			);
			name = Products;
			sourceTree = "<group>";
		};
		50E946841745E1AA00E0E519 /* Images */ = {
			isa = PBXGroup;
			children = (
				50E946851745E1AA00E0E519 /* Bunny-1.jpg */,
				50E946861745E1AA00E0E519 /* Bunny-2.jpg */,
				50E946871745E1AA00E0E519 /* Bunny-3.jpg */,
				50E946881745E1AA00E0E519 /* Cat-1.jpg */,
				50E946891745E1AA00E0E519 /* Cat-2.jpg */,
				50E9468A1745E1AA00E0E519 /* Cat-3.jpg */,
				50E9468B1745E1AA00E0E519 /* Cat-4.jpg */,
				50E9468C1745E1AA00E0E519 /* Lion-1.jpg */,
				50E9468D1745E1AA00E0E519 /* Lion-2.jpg */,
				50E9468E1745E1AA00E0E519 /* Lion-3.jpg */,
				50E9468F1745E1AA00E0E519 /* Lion-4.jpg */,
				50E946901745E1AA00E0E519 /* Monkey-1.jpg */,
				50E946911745E1AA00E0E519 /* Monkey-2.jpg */,
				50E946921745E1AA00E0E519 /* Monkey-3.jpg */,
				50E946931745E1AA00E0E519 /* Monkey-4.jpg */,
				50E946941745E1AA00E0E519 /* Monkey-5.jpg */,
				50E946951745E1AA00E0E519 /* Tiger-1.jpg */,
				50E946961745E1AA00E0E519 /* Tiger-2.jpg */,
			);
			path = Images;
			sourceTree = "<group>";
		};
		50E946A01745E1AA00E0E519 /* Library */ = {
			isa = PBXGroup;
			children = (
				50E946A11745E1AA00E0E519 /* GAI.h */,
				50E946A21745E1AA00E0E519 /* GAITrackedViewController.h */,
				50E946A31745E1AB00E0E519 /* GAITracker.h */,
				50E946A41745E1AB00E0E519 /* GAITransaction.h */,
				50E946A51745E1AB00E0E519 /* GAITransactionItem.h */,
				50E946A61745E1AB00E0E519 /* libGoogleAnalytics.a */,
				50E946A71745E1AB00E0E519 /* libGoogleAnalytics_debug.a */,
			);
			path = Library;
			sourceTree = "<group>";
		};
		50E946A91745E1AB00E0E519 /* Mediation */ = {
			isa = PBXGroup;
			children = (
				50E946AA1745E1AB00E0E519 /* GADCustomEventBanner.h */,
				50E946AB1745E1AB00E0E519 /* GADCustomEventBannerDelegate.h */,
				50E946AC1745E1AB00E0E519 /* GADCustomEventExtras.h */,
				50E946AD1745E1AB00E0E519 /* GADCustomEventInterstitial.h */,
				50E946AE1745E1AB00E0E519 /* GADCustomEventInterstitialDelegate.h */,
				50E946AF1745E1AB00E0E519 /* GADCustomEventRequest.h */,
			);
			path = Mediation;
			sourceTree = "<group>";
		};
		50E946B01745E1AB00E0E519 /* Search */ = {
			isa = PBXGroup;
			children = (
				50E946B11745E1AB00E0E519 /* GADSearchBannerView.h */,
				50E946B21745E1AB00E0E519 /* GADSearchRequest.h */,
			);
			path = Search;
			sourceTree = "<group>";
		};
/* End PBXGroup section */

/* Begin PBXNativeTarget section */
		501B044E1723A70D00F9A5AD /* Happy Eggs */ = {
			isa = PBXNativeTarget;
			buildConfigurationList = 501B04721723A70D00F9A5AD /* Build configuration list for PBXNativeTarget "Happy Eggs" */;
			buildPhases = (
				501B044B1723A70D00F9A5AD /* Sources */,
				501B044C1723A70D00F9A5AD /* Frameworks */,
				501B044D1723A70D00F9A5AD /* Resources */,
				57AA3D9C27F4491BA6BB0DDE /* Copy Pods Resources */,
			);
			buildRules = (
			);
			dependencies = (
			);
			name = "Happy Eggs";
			productName = HappyEggs;
			productReference = 501B044F1723A70D00F9A5AD /* Happy Eggs.app */;
			productType = "com.apple.product-type.application";
		};
/* End PBXNativeTarget section */

/* Begin PBXProject section */
		501B04471723A70D00F9A5AD /* Project object */ = {
			isa = PBXProject;
			attributes = {
				CLASSPREFIX = HEgg;
				LastUpgradeCheck = 0460;
				ORGANIZATIONNAME = "Max Tymchii";
			};
			buildConfigurationList = 501B044A1723A70D00F9A5AD /* Build configuration list for PBXProject "HappyEggs" */;
			compatibilityVersion = "Xcode 3.2";
			developmentRegion = English;
			hasScannedForEncodings = 0;
			knownRegions = (
				en,
			);
			mainGroup = 501B04461723A70D00F9A5AD;
			productRefGroup = 501B04501723A70D00F9A5AD /* Products */;
			projectDirPath = "";
			projectReferences = (
				{
					ProductGroup = 50E946821745E1AA00E0E519 /* Products */;
					ProjectRef = 50E946811745E1AA00E0E519 /* CuteAnimals.xcodeproj */;
				},
			);
			projectRoot = "";
			targets = (
				501B044E1723A70D00F9A5AD /* Happy Eggs */,
			);
		};
/* End PBXProject section */

/* Begin PBXReferenceProxy section */
		50E946F11745E1AB00E0E519 /* CuteAnimals.app */ = {
			isa = PBXReferenceProxy;
			fileType = wrapper.application;
			path = CuteAnimals.app;
			remoteRef = 50E946F01745E1AB00E0E519 /* PBXContainerItemProxy */;
			sourceTree = BUILT_PRODUCTS_DIR;
		};
/* End PBXReferenceProxy section */

/* Begin PBXResourcesBuildPhase section */
		501B044D1723A70D00F9A5AD /* Resources */ = {
			isa = PBXResourcesBuildPhase;
			buildActionMask = 2147483647;
			files = (
				501B045D1723A70D00F9A5AD /* InfoPlist.strings in Resources */,
				501B046C1723A70D00F9A5AD /* MainStoryboard.storyboard in Resources */,
				50944F7017306AC40091E08E /* bottom_background.png in Resources */,
				50944F7117306AC40091E08E /* bottom_background@2x.png in Resources */,
				50944F7217306AC40091E08E /* egg_iphone.png in Resources */,
				50944F7317306AC40091E08E /* egg_iphone@2x.png in Resources */,
				50944F7417306AC40091E08E /* egg_iphone_5@2x.png in Resources */,
				50944F7517306AC40091E08E /* small_egg.png in Resources */,
				50944F7617306AC40091E08E /* small_egg@2x.png in Resources */,
				50944F8717306AC40091E08E /* first_scratch.png in Resources */,
				50944F8817306AC40091E08E /* first_scratch@2x.png in Resources */,
				50944F8917306AC40091E08E /* first_scratch_iphone_5@2x.png in Resources */,
				50944F8A17306AC40091E08E /* second_scratch.png in Resources */,
				50944F8B17306AC40091E08E /* second_scratch@2x.png in Resources */,
				50944F8C17306AC40091E08E /* second_scratch_iphone_5@2x.png in Resources */,
				50944F8D17306AC40091E08E /* third_scratch.png in Resources */,
				50944F8E17306AC40091E08E /* third_scratch@2x.png in Resources */,
				50944F8F17306AC40091E08E /* third_scratch_iphone_5@2x.png in Resources */,
				50944F9017306AC40091E08E /* Default.png in Resources */,
				50944F9117306AC40091E08E /* Default@2x.png in Resources */,
				50944F9217306AC40091E08E /* Easter-Eggs1136x640.jpg in Resources */,
				50944F9417306CD10091E08E /* icon.png in Resources */,
				50944F9617306CD70091E08E /* icon@2x.png in Resources */,
				50944F9817306DD70091E08E /* Default-568h@2x.png in Resources */,
				50944FA1173082200091E08E /* 1.jpg in Resources */,
				50944FA2173082200091E08E /* 2.jpg in Resources */,
				50944FA3173082200091E08E /* 3.jpg in Resources */,
				50944FA4173082200091E08E /* 4.jpg in Resources */,
				50944FA5173082200091E08E /* 5.jpg in Resources */,
				50944FA6173082200091E08E /* 6.jpg in Resources */,
				50944FA7173082200091E08E /* 7.jpg in Resources */,
				50944FA8173082200091E08E /* 8.jpg in Resources */,
				50944FAE1730A0DE0091E08E /* splash_background_5@2x.png in Resources */,
				50E946BE1745E1AB00E0E519 /* Changelog.txt in Resources */,
				50E946BF1745E1AB00E0E519 /* GAI.html in Resources */,
				50E946C01745E1AB00E0E519 /* GAITrackedViewController.html in Resources */,
				50E946C11745E1AB00E0E519 /* GAITransaction.html in Resources */,
				50E946C21745E1AB00E0E519 /* GAITransactionItem.html in Resources */,
				50E946C31745E1AB00E0E519 /* styles.css in Resources */,
				50E946C41745E1AB00E0E519 /* stylesPrint.css in Resources */,
				50E946C51745E1AB00E0E519 /* hierarchy.html in Resources */,
				50E946C61745E1AB00E0E519 /* button_bar_background.png in Resources */,
				50E946C71745E1AB00E0E519 /* disclosure.png in Resources */,
				50E946C81745E1AB00E0E519 /* disclosure_open.png in Resources */,
				50E946C91745E1AB00E0E519 /* library_background.png in Resources */,
				50E946CA1745E1AB00E0E519 /* title_background.png in Resources */,
				50E946CB1745E1AB00E0E519 /* index.html in Resources */,
				50E946CC1745E1AB00E0E519 /* GAITracker.html in Resources */,
				50E946CF1745E1AB00E0E519 /* CategoryViewController_iPad.xib in Resources */,
				50E946D01745E1AB00E0E519 /* CategoryViewController_iPhone.xib in Resources */,
				50E946D11745E1AB00E0E519 /* CuteAnimals-Info.plist in Resources */,
				50E946D21745E1AB00E0E519 /* Bunny-1.jpg in Resources */,
				50E946D31745E1AB00E0E519 /* Bunny-2.jpg in Resources */,
				50E946D41745E1AB00E0E519 /* Bunny-3.jpg in Resources */,
				50E946D51745E1AB00E0E519 /* Cat-1.jpg in Resources */,
				50E946D61745E1AB00E0E519 /* Cat-2.jpg in Resources */,
				50E946D71745E1AB00E0E519 /* Cat-3.jpg in Resources */,
				50E946D81745E1AB00E0E519 /* Cat-4.jpg in Resources */,
				50E946D91745E1AB00E0E519 /* Lion-1.jpg in Resources */,
				50E946DA1745E1AB00E0E519 /* Lion-2.jpg in Resources */,
				50E946DB1745E1AB00E0E519 /* Lion-3.jpg in Resources */,
				50E946DC1745E1AB00E0E519 /* Lion-4.jpg in Resources */,
				50E946DD1745E1AB00E0E519 /* Monkey-1.jpg in Resources */,
				50E946DE1745E1AB00E0E519 /* Monkey-2.jpg in Resources */,
				50E946DF1745E1AB00E0E519 /* Monkey-3.jpg in Resources */,
				50E946E01745E1AB00E0E519 /* Monkey-4.jpg in Resources */,
				50E946E11745E1AB00E0E519 /* Monkey-5.jpg in Resources */,
				50E946E21745E1AB00E0E519 /* Tiger-1.jpg in Resources */,
				50E946E31745E1AB00E0E519 /* Tiger-2.jpg in Resources */,
				50E946E71745E1AB00E0E519 /* Readme.txt in Resources */,
				50E946E91745E1AB00E0E519 /* RootViewController.xib in Resources */,
				50E946EC1745E1AB00E0E519 /* Readme.txt in Resources */,
				50E946EE1745E1AB00E0E519 /* README.txt in Resources */,
			);
			runOnlyForDeploymentPostprocessing = 0;
		};
/* End PBXResourcesBuildPhase section */

/* Begin PBXShellScriptBuildPhase section */
		57AA3D9C27F4491BA6BB0DDE /* Copy Pods Resources */ = {
			isa = PBXShellScriptBuildPhase;
			buildActionMask = 2147483647;
			files = (
			);
			inputPaths = (
			);
			name = "Copy Pods Resources";
			outputPaths = (
			);
			runOnlyForDeploymentPostprocessing = 0;
			shellPath = /bin/sh;
			shellScript = "\"${SRCROOT}/Pods/Pods-resources.sh\"\n";
		};
/* End PBXShellScriptBuildPhase section */

/* Begin PBXSourcesBuildPhase section */
		501B044B1723A70D00F9A5AD /* Sources */ = {
			isa = PBXSourcesBuildPhase;
			buildActionMask = 2147483647;
			files = (
				501B045F1723A70D00F9A5AD /* main.m in Sources */,
				501B04631723A70D00F9A5AD /* AppDelegate.m in Sources */,
				509019481723ABB000902DEB /* DataBase.xcdatamodeld in Sources */,
				509019501723AD1500902DEB /* Egg.m in Sources */,
				509019511723AD1500902DEB /* _Egg.m in Sources */,
				5090195C1723AFC300902DEB /* HEggHomePageVC.m in Sources */,
				509019671723BA9400902DEB /* HEggCell.m in Sources */,
				5090198C1723C62000902DEB /* NSObject+SBJson.m in Sources */,
				5090198D1723C62000902DEB /* SBJsonParser.m in Sources */,
				5090198E1723C62000902DEB /* SBJsonStreamParser.m in Sources */,
				5090198F1723C62000902DEB /* SBJsonStreamParserAccumulator.m in Sources */,
				509019901723C62000902DEB /* SBJsonStreamParserAdapter.m in Sources */,
				509019911723C62000902DEB /* SBJsonStreamParserState.m in Sources */,
				509019921723C62000902DEB /* SBJsonStreamWriter.m in Sources */,
				509019931723C62000902DEB /* SBJsonStreamWriterAccumulator.m in Sources */,
				509019941723C62000902DEB /* SBJsonStreamWriterState.m in Sources */,
				509019951723C62000902DEB /* SBJsonTokeniser.m in Sources */,
				509019961723C62000902DEB /* SBJsonUTF8Stream.m in Sources */,
				509019971723C62000902DEB /* SBJsonWriter.m in Sources */,
				50ED8C96172FD75500F70A80 /* HEggHelperMethods.m in Sources */,
				50ED8C99172FD94500F70A80 /* LBChildBrowserViewController.m in Sources */,
				50944FAC173094530091E08E /* HEggLoginVC.m in Sources */,
				50E946CD1745E1AB00E0E519 /* AppDelegate.m in Sources */,
				50E946CE1745E1AB00E0E519 /* CategoryViewController.m in Sources */,
				50E946E41745E1AB00E0E519 /* ImageViewController.m in Sources */,
				50E946E51745E1AB00E0E519 /* main.m in Sources */,
				50E946E61745E1AB00E0E519 /* NavController.m in Sources */,
				50E946E81745E1AB00E0E519 /* RootViewController.m in Sources */,
			);
			runOnlyForDeploymentPostprocessing = 0;
		};
/* End PBXSourcesBuildPhase section */

/* Begin PBXVariantGroup section */
		501B045B1723A70D00F9A5AD /* InfoPlist.strings */ = {
			isa = PBXVariantGroup;
			children = (
				501B045C1723A70D00F9A5AD /* en */,
			);
			name = InfoPlist.strings;
			sourceTree = "<group>";
		};
		501B046A1723A70D00F9A5AD /* MainStoryboard.storyboard */ = {
			isa = PBXVariantGroup;
			children = (
				501B046B1723A70D00F9A5AD /* en */,
			);
			name = MainStoryboard.storyboard;
			sourceTree = "<group>";
		};
/* End PBXVariantGroup section */

/* Begin XCBuildConfiguration section */
		501B04701723A70D00F9A5AD /* Debug */ = {
			isa = XCBuildConfiguration;
			buildSettings = {
				ALWAYS_SEARCH_USER_PATHS = NO;
				CLANG_CXX_LANGUAGE_STANDARD = "gnu++0x";
				CLANG_CXX_LIBRARY = "libc++";
				CLANG_ENABLE_OBJC_ARC = YES;
				CLANG_WARN_CONSTANT_CONVERSION = YES;
				CLANG_WARN_EMPTY_BODY = YES;
				CLANG_WARN_ENUM_CONVERSION = YES;
				CLANG_WARN_INT_CONVERSION = YES;
				CLANG_WARN__DUPLICATE_METHOD_MATCH = YES;
				"CODE_SIGN_IDENTITY[sdk=iphoneos*]" = "iPhone Developer";
				COPY_PHASE_STRIP = NO;
				GCC_C_LANGUAGE_STANDARD = gnu99;
				GCC_DYNAMIC_NO_PIC = NO;
				GCC_OPTIMIZATION_LEVEL = 0;
				GCC_PREPROCESSOR_DEFINITIONS = (
					"DEBUG=1",
					"$(inherited)",
				);
				GCC_SYMBOLS_PRIVATE_EXTERN = NO;
				GCC_WARN_ABOUT_RETURN_TYPE = YES;
				GCC_WARN_UNINITIALIZED_AUTOS = YES;
				GCC_WARN_UNUSED_VARIABLE = YES;
				IPHONEOS_DEPLOYMENT_TARGET = 6.1;
				ONLY_ACTIVE_ARCH = YES;
				SDKROOT = iphoneos;
			};
			name = Debug;
		};
		501B04711723A70D00F9A5AD /* Release */ = {
			isa = XCBuildConfiguration;
			buildSettings = {
				ALWAYS_SEARCH_USER_PATHS = NO;
				CLANG_CXX_LANGUAGE_STANDARD = "gnu++0x";
				CLANG_CXX_LIBRARY = "libc++";
				CLANG_ENABLE_OBJC_ARC = YES;
				CLANG_WARN_CONSTANT_CONVERSION = YES;
				CLANG_WARN_EMPTY_BODY = YES;
				CLANG_WARN_ENUM_CONVERSION = YES;
				CLANG_WARN_INT_CONVERSION = YES;
				CLANG_WARN__DUPLICATE_METHOD_MATCH = YES;
				"CODE_SIGN_IDENTITY[sdk=iphoneos*]" = "iPhone Developer";
				COPY_PHASE_STRIP = YES;
				GCC_C_LANGUAGE_STANDARD = gnu99;
				GCC_WARN_ABOUT_RETURN_TYPE = YES;
				GCC_WARN_UNINITIALIZED_AUTOS = YES;
				GCC_WARN_UNUSED_VARIABLE = YES;
				IPHONEOS_DEPLOYMENT_TARGET = 6.1;
				OTHER_CFLAGS = "-DNS_BLOCK_ASSERTIONS=1";
				SDKROOT = iphoneos;
				VALIDATE_PRODUCT = YES;
			};
			name = Release;
		};
		501B04731723A70D00F9A5AD /* Debug */ = {
			isa = XCBuildConfiguration;
			baseConfigurationReference = 4E2C87221EE34C45A3CA97EC /* Pods.xcconfig */;
			buildSettings = {
				GCC_PRECOMPILE_PREFIX_HEADER = YES;
				GCC_PREFIX_HEADER = "HappyEggs/HappyEggs-Prefix.pch";
				INFOPLIST_FILE = "HappyEggs/HappyEggs-Info.plist";
				IPHONEOS_DEPLOYMENT_TARGET = 6.0;
				LIBRARY_SEARCH_PATHS = (
					"$(inherited)",
					"\"$(SRCROOT)/libBump\"",
					"\"$(SRCROOT)/GA\"",
					"\"$(SRCROOT)/GoogleAd/Add-ons/GoogleAnalyticsiOS_2.0beta4/Library\"",
					"\"$(SRCROOT)/GoogleAd\"",
				);
				PRODUCT_NAME = "$(TARGET_NAME)";
				VALID_ARCHS = armv7;
				WRAPPER_EXTENSION = app;
			};
			name = Debug;
		};
		501B04741723A70D00F9A5AD /* Release */ = {
			isa = XCBuildConfiguration;
			baseConfigurationReference = 4E2C87221EE34C45A3CA97EC /* Pods.xcconfig */;
			buildSettings = {
				CODE_SIGN_IDENTITY = "iPhone Distribution";
				"CODE_SIGN_IDENTITY[sdk=iphoneos*]" = "iPhone Distribution";
				GCC_PRECOMPILE_PREFIX_HEADER = YES;
				GCC_PREFIX_HEADER = "HappyEggs/HappyEggs-Prefix.pch";
				INFOPLIST_FILE = "HappyEggs/HappyEggs-Info.plist";
				IPHONEOS_DEPLOYMENT_TARGET = 6.0;
				LIBRARY_SEARCH_PATHS = (
					"$(inherited)",
					"\"$(SRCROOT)/libBump\"",
					"\"$(SRCROOT)/GA\"",
					"\"$(SRCROOT)/GoogleAd/Add-ons/GoogleAnalyticsiOS_2.0beta4/Library\"",
					"\"$(SRCROOT)/GoogleAd\"",
				);
				PRODUCT_NAME = "$(TARGET_NAME)";
				PROVISIONING_PROFILE = "";
				"PROVISIONING_PROFILE[sdk=iphoneos*]" = "";
				VALID_ARCHS = armv7;
				WRAPPER_EXTENSION = app;
			};
			name = Release;
		};
/* End XCBuildConfiguration section */

/* Begin XCConfigurationList section */
		501B044A1723A70D00F9A5AD /* Build configuration list for PBXProject "HappyEggs" */ = {
			isa = XCConfigurationList;
			buildConfigurations = (
				501B04701723A70D00F9A5AD /* Debug */,
				501B04711723A70D00F9A5AD /* Release */,
			);
			defaultConfigurationIsVisible = 0;
			defaultConfigurationName = Release;
		};
		501B04721723A70D00F9A5AD /* Build configuration list for PBXNativeTarget "Happy Eggs" */ = {
			isa = XCConfigurationList;
			buildConfigurations = (
				501B04731723A70D00F9A5AD /* Debug */,
				501B04741723A70D00F9A5AD /* Release */,
			);
			defaultConfigurationIsVisible = 0;
			defaultConfigurationName = Release;
		};
/* End XCConfigurationList section */

/* Begin XCVersionGroup section */
		509019461723ABB000902DEB /* DataBase.xcdatamodeld */ = {
			isa = XCVersionGroup;
			children = (
				509019471723ABB000902DEB /* DataBase.xcdatamodel */,
			);
			currentVersion = 509019471723ABB000902DEB /* DataBase.xcdatamodel */;
			name = DataBase.xcdatamodeld;
			path = CoreData/DataBase.xcdatamodeld;
			sourceTree = "<group>";
			versionGroupType = wrapper.xcdatamodel;
		};
/* End XCVersionGroup section */
	};
	rootObject = 501B04471723A70D00F9A5AD /* Project object */;
}
