PODS:
  - AFNetworking (1.1.0)
  - ALAssetsLibrary-CustomPhotoAlbum (1.0.1)
  - FDTake (0.0.2)
  - NYXImagesKit (2.2)
  - RestKit (0.20.0):
    - RestKit/Core
  - RestKit/Core (0.20.0):
    - RestKit/CoreData
    - RestKit/Network
    - RestKit/ObjectMapping
  - RestKit/CoreData (0.20.0)
  - RestKit/Network (0.20.0):
    - AFNetworking (= 1.1.0)
    - RestKit/ObjectMapping
    - RestKit/Support
    - SOCKit
  - RestKit/ObjectMapping (0.20.0)
  - RestKit/Support (0.20.0)
  - SOCKit (1.1)

DEPENDENCIES:
  - ALAssetsLibrary-CustomPhotoAlbum (~> 1.0.1)
  - FDTake (~> 0.0.2)
  - NYXImagesKit
  - RestKit (~> 0.20.0pre6)

SPEC CHECKSUMS:
  AFNetworking: 761a418233d280c1e0580bcb76ff9cb4c3073d17
  ALAssetsLibrary-CustomPhotoAlbum: 9d6dc6406070731e3293f3a652a6d0b4c7d4c987
  FDTake: 8dace7a7e4d450628a22f28d045f3e289d893c7f
  NYXImagesKit: 945719043b7b06078ce20322799dcd1776bc3cea
  RestKit: 580771664a14eaaa40bf53cf83584f12fc141930
  SOCKit: ed67aeeca4a697b63a933229e53f4670d5b9300f

COCOAPODS: 0.18.0
